
Microsoft Visual Studio Solution File, Format Version 12.00
# Visual Studio Express 14 for Windows Desktop
VisualStudioVersion = 14.0.25420.1
MinimumVisualStudioVersion = 10.0.40219.1
Project("{FAE04EC0-301F-11D3-BF4B-00C04F79EFBC}") = "U2FMaintenanceToolGUI", "U2FMaintenanceToolGUI\U2FMaintenanceToolGUI.csproj", "{2BB774A0-42A0-428A-BC85-F0D2F2CC403F}"
EndProject
Project("{8BC9CEB8-8B4A-11D0-8D11-00A0C91BC942}") = "U2FMaintenanceToolCMD", "U2FMaintenanceToolCMD\U2FMaintenanceToolCMD.vcxproj", "{DCAAE6ED-4F34-4B85-B241-7A2DB8EC0C31}"
EndProject
Global
	GlobalSection(SolutionConfigurationPlatforms) = preSolution
		Debug|Any CPU = Debug|Any CPU
		Debug|x64 = Debug|x64
		Debug|x86 = Debug|x86
		Deploy|Any CPU = Deploy|Any CPU
		Deploy|x64 = Deploy|x64
		Deploy|x86 = Deploy|x86
		Release|Any CPU = Release|Any CPU
		Release|x64 = Release|x64
		Release|x86 = Release|x86
	EndGlobalSection
	GlobalSection(ProjectConfigurationPlatforms) = postSolution
		{2BB774A0-42A0-428A-BC85-F0D2F2CC403F}.Debug|Any CPU.ActiveCfg = Debug|Any CPU
		{2BB774A0-42A0-428A-BC85-F0D2F2CC403F}.Debug|Any CPU.Build.0 = Debug|Any CPU
		{2BB774A0-42A0-428A-BC85-F0D2F2CC403F}.Debug|x64.ActiveCfg = Debug|Any CPU
		{2BB774A0-42A0-428A-BC85-F0D2F2CC403F}.Debug|x64.Build.0 = Debug|Any CPU
		{2BB774A0-42A0-428A-BC85-F0D2F2CC403F}.Debug|x86.ActiveCfg = Debug|Any CPU
		{2BB774A0-42A0-428A-BC85-F0D2F2CC403F}.Debug|x86.Build.0 = Debug|Any CPU
		{2BB774A0-42A0-428A-BC85-F0D2F2CC403F}.Deploy|Any CPU.ActiveCfg = Release|Any CPU
		{2BB774A0-42A0-428A-BC85-F0D2F2CC403F}.Deploy|Any CPU.Build.0 = Release|Any CPU
		{2BB774A0-42A0-428A-BC85-F0D2F2CC403F}.Deploy|x64.ActiveCfg = Debug|Any CPU
		{2BB774A0-42A0-428A-BC85-F0D2F2CC403F}.Deploy|x64.Build.0 = Debug|Any CPU
		{2BB774A0-42A0-428A-BC85-F0D2F2CC403F}.Deploy|x86.ActiveCfg = Debug|Any CPU
		{2BB774A0-42A0-428A-BC85-F0D2F2CC403F}.Deploy|x86.Build.0 = Debug|Any CPU
		{2BB774A0-42A0-428A-BC85-F0D2F2CC403F}.Release|Any CPU.ActiveCfg = Release|Any CPU
		{2BB774A0-42A0-428A-BC85-F0D2F2CC403F}.Release|Any CPU.Build.0 = Release|Any CPU
		{2BB774A0-42A0-428A-BC85-F0D2F2CC403F}.Release|Any CPU.Deploy.0 = Release|Any CPU
		{2BB774A0-42A0-428A-BC85-F0D2F2CC403F}.Release|x64.ActiveCfg = Release|Any CPU
		{2BB774A0-42A0-428A-BC85-F0D2F2CC403F}.Release|x64.Build.0 = Release|Any CPU
		{2BB774A0-42A0-428A-BC85-F0D2F2CC403F}.Release|x86.ActiveCfg = Release|Any CPU
		{2BB774A0-42A0-428A-BC85-F0D2F2CC403F}.Release|x86.Build.0 = Release|Any CPU
		{DCAAE6ED-4F34-4B85-B241-7A2DB8EC0C31}.Debug|Any CPU.ActiveCfg = Debug|Win32
		{DCAAE6ED-4F34-4B85-B241-7A2DB8EC0C31}.Debug|x64.ActiveCfg = Debug|x64
		{DCAAE6ED-4F34-4B85-B241-7A2DB8EC0C31}.Debug|x64.Build.0 = Debug|x64
		{DCAAE6ED-4F34-4B85-B241-7A2DB8EC0C31}.Debug|x86.ActiveCfg = Debug|Win32
		{DCAAE6ED-4F34-4B85-B241-7A2DB8EC0C31}.Debug|x86.Build.0 = Debug|Win32
		{DCAAE6ED-4F34-4B85-B241-7A2DB8EC0C31}.Deploy|Any CPU.ActiveCfg = Release|x64
		{DCAAE6ED-4F34-4B85-B241-7A2DB8EC0C31}.Deploy|Any CPU.Build.0 = Release|x64
		{DCAAE6ED-4F34-4B85-B241-7A2DB8EC0C31}.Deploy|x64.ActiveCfg = Debug|x64
		{DCAAE6ED-4F34-4B85-B241-7A2DB8EC0C31}.Deploy|x64.Build.0 = Debug|x64
		{DCAAE6ED-4F34-4B85-B241-7A2DB8EC0C31}.Deploy|x86.ActiveCfg = Debug|Win32
		{DCAAE6ED-4F34-4B85-B241-7A2DB8EC0C31}.Deploy|x86.Build.0 = Debug|Win32
		{DCAAE6ED-4F34-4B85-B241-7A2DB8EC0C31}.Release|Any CPU.ActiveCfg = Release|Win32
		{DCAAE6ED-4F34-4B85-B241-7A2DB8EC0C31}.Release|x64.ActiveCfg = Release|x64
		{DCAAE6ED-4F34-4B85-B241-7A2DB8EC0C31}.Release|x64.Build.0 = Release|x64
		{DCAAE6ED-4F34-4B85-B241-7A2DB8EC0C31}.Release|x86.ActiveCfg = Release|Win32
		{DCAAE6ED-4F34-4B85-B241-7A2DB8EC0C31}.Release|x86.Build.0 = Release|Win32
	EndGlobalSection
	GlobalSection(SolutionProperties) = preSolution
		HideSolutionNode = FALSE
	EndGlobalSection
EndGlobal
