// !$*UTF8*$!
{
	archiveVersion = 1;
	classes = {
	};
	objectVersion = 46;
	objects = {

/* Begin PBXBuildFile section */
		64ED9A7A1647439300F39EAE /* Cocoa.framework in Frameworks */ = {isa = PBXBuildFile; fileRef = 64ED9A791647439300F39EAE /* Cocoa.framework */; };
		64ED9A841647439300F39EAE /* InfoPlist.strings in Resources */ = {isa = PBXBuildFile; fileRef = 64ED9A821647439300F39EAE /* InfoPlist.strings */; };
		64ED9A861647439300F39EAE /* main.m in Sources */ = {isa = PBXBuildFile; fileRef = 64ED9A851647439300F39EAE /* main.m */; };
		64ED9A8D1647439300F39EAE /* AppDelegate.m in Sources */ = {isa = PBXBuildFile; fileRef = 64ED9A8C1647439300F39EAE /* AppDelegate.m */; };
		64ED9A901647439300F39EAE /* MainMenu.xib in Resources */ = {isa = PBXBuildFile; fileRef = 64ED9A8E1647439300F39EAE /* MainMenu.xib */; };
		64ED9A9D164752C800F39EAE /* IOBluetooth.framework in Frameworks */ = {isa = PBXBuildFile; fileRef = 64ED9A9C164752C800F39EAE /* IOBluetooth.framework */; };
		7A02D13228890C860090213C /* FirmwareResetCommand.m in Sources */ = {isa = PBXBuildFile; fileRef = 7A02D13128890C860090213C /* FirmwareResetCommand.m */; };
		7A03A1D9287E87AE00BADBB7 /* U2FHcheckCommand.m in Sources */ = {isa = PBXBuildFile; fileRef = 7A03A1D8287E87AE00BADBB7 /* U2FHcheckCommand.m */; };
		7A0D20BF22408EB90022EA8E /* IOKit.framework in Frameworks */ = {isa = PBXBuildFile; fileRef = 7A0D20BE22408E920022EA8E /* IOKit.framework */; };
		7A0EB185258066AA004ED59C /* PCSC.framework in Frameworks */ = {isa = PBXBuildFile; fileRef = 7A0EB184258066AA004ED59C /* PCSC.framework */; };
		7A0EB1882580768F004ED59C /* tool_pcsc.c in Sources */ = {isa = PBXBuildFile; fileRef = 7A0EB1872580768F004ED59C /* tool_pcsc.c */; };
		7A154FEE2938BCA70042F01A /* app_update.PCA10095_01.0.4.8.bin in Resources */ = {isa = PBXBuildFile; fileRef = 7A154FED2938BCA70042F01A /* app_update.PCA10095_01.0.4.8.bin */; };
		7A175F1A287D62ED0055F6B3 /* ToolBLEHelper.m in Sources */ = {isa = PBXBuildFile; fileRef = 7A175F19287D62ED0055F6B3 /* ToolBLEHelper.m */; };
		7A199C1128853F7300AF8B62 /* FIDOSettingCommand.m in Sources */ = {isa = PBXBuildFile; fileRef = 7A199C1028853F7300AF8B62 /* FIDOSettingCommand.m */; };
		7A199C15288545DB00AF8B62 /* FIDOSettingWindow.xib in Resources */ = {isa = PBXBuildFile; fileRef = 7A199C12288545DB00AF8B62 /* FIDOSettingWindow.xib */; };
		7A199C16288545DB00AF8B62 /* FIDOSettingWindow.m in Sources */ = {isa = PBXBuildFile; fileRef = 7A199C14288545DB00AF8B62 /* FIDOSettingWindow.m */; };
		7A1BCD4B28862DA6007AEE12 /* FIDOPinSettingWindow.m in Sources */ = {isa = PBXBuildFile; fileRef = 7A1BCD4928862DA6007AEE12 /* FIDOPinSettingWindow.m */; };
		7A1BCD4C28862DA6007AEE12 /* FIDOPinSettingWindow.xib in Resources */ = {isa = PBXBuildFile; fileRef = 7A1BCD4A28862DA6007AEE12 /* FIDOPinSettingWindow.xib */; };
		7A23613828867A4200322E93 /* BLESettingWindow.xib in Resources */ = {isa = PBXBuildFile; fileRef = 7A23613528867A4200322E93 /* BLESettingWindow.xib */; };
		7A23613928867A4200322E93 /* BLESettingWindow.m in Sources */ = {isa = PBXBuildFile; fileRef = 7A23613728867A4200322E93 /* BLESettingWindow.m */; };
		7A23613C28867DA600322E93 /* BLESettingCommand.m in Sources */ = {isa = PBXBuildFile; fileRef = 7A23613B28867DA600322E93 /* BLESettingCommand.m */; };
		7A23613F28868E5F00322E93 /* BLEPairingCommand.m in Sources */ = {isa = PBXBuildFile; fileRef = 7A23613E28868E5F00322E93 /* BLEPairingCommand.m */; };
		7A292D8E27702A4E0010EE4A /* generate_main_key.sh in Resources */ = {isa = PBXBuildFile; fileRef = 7A292D8D27702A4E0010EE4A /* generate_main_key.sh */; };
		7A292D9027702D450010EE4A /* generate_main_key.param in Resources */ = {isa = PBXBuildFile; fileRef = 7A292D8F27702D450010EE4A /* generate_main_key.param */; };
		7A306C4B27719FEA00AB6412 /* export_pubkey_and_backup.sh in Resources */ = {isa = PBXBuildFile; fileRef = 7A306C4A27719FEA00AB6412 /* export_pubkey_and_backup.sh */; };
		7A314ACA27CF13EF009B4F77 /* ToolPGPCcidCommand.m in Sources */ = {isa = PBXBuildFile; fileRef = 7A314AC927CF13EF009B4F77 /* ToolPGPCcidCommand.m */; };
		7A33FBF828864A2000EAF3C4 /* CTAP2ManageCommand.m in Sources */ = {isa = PBXBuildFile; fileRef = 7A33FBF728864A2000EAF3C4 /* CTAP2ManageCommand.m */; };
		7A3F4F1D28755F91003CFE67 /* UtilityWindow.m in Sources */ = {isa = PBXBuildFile; fileRef = 7A3F4F1A28755F91003CFE67 /* UtilityWindow.m */; };
		7A3F4F1E28755F91003CFE67 /* UtilityCommand.m in Sources */ = {isa = PBXBuildFile; fileRef = 7A3F4F1B28755F91003CFE67 /* UtilityCommand.m */; };
		7A3F4F1F28755F91003CFE67 /* UtilityWindow.xib in Resources */ = {isa = PBXBuildFile; fileRef = 7A3F4F1C28755F91003CFE67 /* UtilityWindow.xib */; };
		7A3F4F2328755FB1003CFE67 /* ToolVersionWindow.m in Sources */ = {isa = PBXBuildFile; fileRef = 7A3F4F2128755FB1003CFE67 /* ToolVersionWindow.m */; };
		7A3F4F2428755FB1003CFE67 /* ToolVersionWindow.xib in Resources */ = {isa = PBXBuildFile; fileRef = 7A3F4F2228755FB1003CFE67 /* ToolVersionWindow.xib */; };
		7A3F4F262875633C003CFE67 /* icon.png in Resources */ = {isa = PBXBuildFile; fileRef = 7A3F4F252875633C003CFE67 /* icon.png */; };
		7A41FCA72575EA0D00CA06F9 /* ToolPIVImporter.m in Sources */ = {isa = PBXBuildFile; fileRef = 7A41FCA62575EA0D00CA06F9 /* ToolPIVImporter.m */; };
		7A41FCAA2575F0B000CA06F9 /* tool_crypto_private_key.c in Sources */ = {isa = PBXBuildFile; fileRef = 7A41FCA92575F0B000CA06F9 /* tool_crypto_private_key.c */; };
		7A4D1171271E63340095C29E /* BLEDFUStartWindow.m in Sources */ = {isa = PBXBuildFile; fileRef = 7A4D1170271E63340095C29E /* BLEDFUStartWindow.m */; };
		7A4D1174271E63D30095C29E /* ToolBLEDFUCommand.m in Sources */ = {isa = PBXBuildFile; fileRef = 7A4D1173271E63D30095C29E /* ToolBLEDFUCommand.m */; };
		7A568BEC2590326A006B5F5E /* PIVPreferenceWindow.xib in Resources */ = {isa = PBXBuildFile; fileRef = 7A568BEB2590326A006B5F5E /* PIVPreferenceWindow.xib */; };
		7A568BEF2590451F006B5F5E /* PIVPreferenceWindow.m in Sources */ = {isa = PBXBuildFile; fileRef = 7A568BEE2590451F006B5F5E /* PIVPreferenceWindow.m */; };
		7A66721F258ADEDE00CAF308 /* ToolInfoWindow.xib in Resources */ = {isa = PBXBuildFile; fileRef = 7A66721E258ADEDE00CAF308 /* ToolInfoWindow.xib */; };
		7A667221258ADF5000CAF308 /* ToolInfoWindow.m in Sources */ = {isa = PBXBuildFile; fileRef = 7A667220258ADF5000CAF308 /* ToolInfoWindow.m */; };
		7A6687922575CCC70054F0DE /* ToolPIVCommand.m in Sources */ = {isa = PBXBuildFile; fileRef = 7A6687912575CCC70054F0DE /* ToolPIVCommand.m */; };
		7A6C807627C4AE28002FEFC8 /* card_edit_passwd.param in Resources */ = {isa = PBXBuildFile; fileRef = 7A6C807327C4AE28002FEFC8 /* card_edit_passwd.param */; };
		7A6C807727C4AE28002FEFC8 /* card_edit_passwd.sh in Resources */ = {isa = PBXBuildFile; fileRef = 7A6C807427C4AE28002FEFC8 /* card_edit_passwd.sh */; };
		7A6C807827C4AE28002FEFC8 /* card_edit_unblock.param in Resources */ = {isa = PBXBuildFile; fileRef = 7A6C807527C4AE28002FEFC8 /* card_edit_unblock.param */; };
		7A712EBD2570BCDC00E45E2D /* tool_crypto_des.c in Sources */ = {isa = PBXBuildFile; fileRef = 7A712EBC2570BCDC00E45E2D /* tool_crypto_des.c */; };
		7A72011A27794E5400EE3AD6 /* PGPPreferenceWindow.m in Sources */ = {isa = PBXBuildFile; fileRef = 7A72011727794E5400EE3AD6 /* PGPPreferenceWindow.m */; };
		7A72011B27794E5400EE3AD6 /* PGPPreferenceWindow.xib in Resources */ = {isa = PBXBuildFile; fileRef = 7A72011827794E5400EE3AD6 /* PGPPreferenceWindow.xib */; };
		7A726F46287EAEE600DB456E /* CTAP2HcheckCommand.m in Sources */ = {isa = PBXBuildFile; fileRef = 7A726F45287EAEE600DB456E /* CTAP2HcheckCommand.m */; };
		7A75A6EE25678037003AF1A6 /* ToolCCIDHelper.m in Sources */ = {isa = PBXBuildFile; fileRef = 7A75A6ED25678037003AF1A6 /* ToolCCIDHelper.m */; };
		7A80509C2819066A000BF498 /* CoreImage.framework in Frameworks */ = {isa = PBXBuildFile; fileRef = 7A80509B2819066A000BF498 /* CoreImage.framework */; };
		7A822078281A812F00FDBFA8 /* QRCodeUtil.m in Sources */ = {isa = PBXBuildFile; fileRef = 7A822077281A812F00FDBFA8 /* QRCodeUtil.m */; };
		7A8402F322685792000F5E50 /* libtinycbor.a in Frameworks */ = {isa = PBXBuildFile; fileRef = 7A8402F22268570D000F5E50 /* libtinycbor.a */; };
		7A8528FF277176F10096F41D /* add_sub_key.param in Resources */ = {isa = PBXBuildFile; fileRef = 7A8528FD277176F10096F41D /* add_sub_key.param */; };
		7A852900277176F10096F41D /* add_sub_key.sh in Resources */ = {isa = PBXBuildFile; fileRef = 7A8528FE277176F10096F41D /* add_sub_key.sh */; };
		7A8640282900D7AC008E9D1C /* USBDFUACMCommand.m in Sources */ = {isa = PBXBuildFile; fileRef = 7A8640272900D7AC008E9D1C /* USBDFUACMCommand.m */; };
		7A86402F2900E35F008E9D1C /* usb_dfu_util.c in Sources */ = {isa = PBXBuildFile; fileRef = 7A86402B2900E35E008E9D1C /* usb_dfu_util.c */; };
		7A8640302900E35F008E9D1C /* usb_cdc_util.c in Sources */ = {isa = PBXBuildFile; fileRef = 7A86402D2900E35F008E9D1C /* usb_cdc_util.c */; };
		7A9167FB28FE2B1E0096A848 /* DFUWindow.xib in Resources */ = {isa = PBXBuildFile; fileRef = 7A9167FA28FE2B1E0096A848 /* DFUWindow.xib */; };
		7A9167FE28FE30870096A848 /* DFUWindow.m in Sources */ = {isa = PBXBuildFile; fileRef = 7A9167FC28FE30870096A848 /* DFUWindow.m */; };
		7A91680228FE497E0096A848 /* USBDFUCommand.m in Sources */ = {isa = PBXBuildFile; fileRef = 7A91680128FE497E0096A848 /* USBDFUCommand.m */; };
		7A91680528FE7A990096A848 /* USBDFUImage.m in Sources */ = {isa = PBXBuildFile; fileRef = 7A91680428FE7A990096A848 /* USBDFUImage.m */; };
		7A91680828FE80B10096A848 /* nrf52_app_image.c in Sources */ = {isa = PBXBuildFile; fileRef = 7A91680628FE80B10096A848 /* nrf52_app_image.c */; };
		7A92740F2105AB960062FA89 /* ToolCommon.m in Sources */ = {isa = PBXBuildFile; fileRef = 7A92740A2105AB960062FA89 /* ToolCommon.m */; };
		7A92D0E628754F3C0094D2DB /* ToolCommonFunc.m in Sources */ = {isa = PBXBuildFile; fileRef = 7A92D0E428754F3C0094D2DB /* ToolCommonFunc.m */; };
		7A95409028FFD007006D5C33 /* USBDFUTransferCommand.m in Sources */ = {isa = PBXBuildFile; fileRef = 7A95408F28FFD007006D5C33 /* USBDFUTransferCommand.m */; };
		7AA9288425872F4A00BC7F1B /* tool_crypto_common.c in Sources */ = {isa = PBXBuildFile; fileRef = 7AA9288325872F4A00BC7F1B /* tool_crypto_common.c */; };
		7AAADCF62923225D0066BEFD /* appkg.PCA10059_03.0.3.6.zip in Resources */ = {isa = PBXBuildFile; fileRef = 7AAADCF32923225D0066BEFD /* appkg.PCA10059_03.0.3.6.zip */; };
		7AAADCF72923225D0066BEFD /* appkg.PCA10059_01.0.3.6.zip in Resources */ = {isa = PBXBuildFile; fileRef = 7AAADCF42923225D0066BEFD /* appkg.PCA10059_01.0.3.6.zip */; };
		7AAADCF82923225D0066BEFD /* appkg.PCA10059_02.0.3.6.zip in Resources */ = {isa = PBXBuildFile; fileRef = 7AAADCF52923225D0066BEFD /* appkg.PCA10059_02.0.3.6.zip */; };
		7AADEF5B2772ECBC00E186BA /* transfer_subkey_to_card.param in Resources */ = {isa = PBXBuildFile; fileRef = 7AADEF592772ECBC00E186BA /* transfer_subkey_to_card.param */; };
		7AADEF5C2772ECBC00E186BA /* transfer_subkey_to_card.sh in Resources */ = {isa = PBXBuildFile; fileRef = 7AADEF5A2772ECBC00E186BA /* transfer_subkey_to_card.sh */; };
		7AB041102733625E00B80C53 /* mcumgr_cbor_decode.c in Sources */ = {isa = PBXBuildFile; fileRef = 7AB0410F2733625E00B80C53 /* mcumgr_cbor_decode.c */; };
		7AB0CEF3271FE82600DA96FD /* mcumgr_app_image.c in Sources */ = {isa = PBXBuildFile; fileRef = 7AB0CEF2271FE82600DA96FD /* mcumgr_app_image.c */; };
		7AB3C9B7276B13E900DEDD0E /* ToolPGPCommand.m in Sources */ = {isa = PBXBuildFile; fileRef = 7AB3C9B6276B13E900DEDD0E /* ToolPGPCommand.m */; };
		7AB4B16B271E6E8B0099D51B /* fido_blob.c in Sources */ = {isa = PBXBuildFile; fileRef = 7AB4B15A271E6E8B0099D51B /* fido_blob.c */; };
		7AB4B16C271E6E8B0099D51B /* ECDH.c in Sources */ = {isa = PBXBuildFile; fileRef = 7AB4B15C271E6E8B0099D51B /* ECDH.c */; };
		7AB4B16D271E6E8B0099D51B /* CBORDecoder.c in Sources */ = {isa = PBXBuildFile; fileRef = 7AB4B15E271E6E8B0099D51B /* CBORDecoder.c */; };
		7AB4B16F271E6E8B0099D51B /* CBOREncoder.c in Sources */ = {isa = PBXBuildFile; fileRef = 7AB4B160271E6E8B0099D51B /* CBOREncoder.c */; };
		7AB4B170271E6E8B0099D51B /* fido_crypto.c in Sources */ = {isa = PBXBuildFile; fileRef = 7AB4B162271E6E8B0099D51B /* fido_crypto.c */; };
		7AB4B173271E6E8B0099D51B /* debug_log.c in Sources */ = {isa = PBXBuildFile; fileRef = 7AB4B166271E6E8B0099D51B /* debug_log.c */; };
		7AB4B174271E6E8B0099D51B /* AES256CBC.c in Sources */ = {isa = PBXBuildFile; fileRef = 7AB4B167271E6E8B0099D51B /* AES256CBC.c */; };
		7AB6312B277B01FB004917B9 /* card_reset.param in Resources */ = {isa = PBXBuildFile; fileRef = 7AB63129277B01FB004917B9 /* card_reset.param */; };
		7AB6312C277B01FB004917B9 /* card_reset.sh in Resources */ = {isa = PBXBuildFile; fileRef = 7AB6312A277B01FB004917B9 /* card_reset.sh */; };
		7ABDC69B272131F200F3E761 /* BLEDFUStartWindow.xib in Resources */ = {isa = PBXBuildFile; fileRef = 7ABDC69A272131F200F3E761 /* BLEDFUStartWindow.xib */; };
		7ACABD862887D00500756123 /* DFUCommand.m in Sources */ = {isa = PBXBuildFile; fileRef = 7ACABD852887D00500756123 /* DFUCommand.m */; };
		7ACBD8CC2566424D00722984 /* Entitlements.plist in Resources */ = {isa = PBXBuildFile; fileRef = 7ACBD8CB2566424D00722984 /* Entitlements.plist */; };
		7ACC0BF6257770B800F4026B /* tool_crypto_certificate.c in Sources */ = {isa = PBXBuildFile; fileRef = 7ACC0BF5257770B800F4026B /* tool_crypto_certificate.c */; };
		7ACC0E07287522F900B03F74 /* ToolFilePanel.m in Sources */ = {isa = PBXBuildFile; fileRef = 7ACC0E05287522F900B03F74 /* ToolFilePanel.m */; };
		7ACC0E0A2875241B00B03F74 /* ToolPopupWindow.m in Sources */ = {isa = PBXBuildFile; fileRef = 7ACC0E082875241B00B03F74 /* ToolPopupWindow.m */; };
		7ACFD89E27213EAF00AAEFE2 /* BLEDFUProcessingWindow.xib in Resources */ = {isa = PBXBuildFile; fileRef = 7ACFD89B27213EAF00AAEFE2 /* BLEDFUProcessingWindow.xib */; };
		7ACFD89F27213EAF00AAEFE2 /* BLEDFUProcessingWindow.m in Sources */ = {isa = PBXBuildFile; fileRef = 7ACFD89D27213EAF00AAEFE2 /* BLEDFUProcessingWindow.m */; };
		7AD501BB2578883D00494B7C /* tool_piv_admin.c in Sources */ = {isa = PBXBuildFile; fileRef = 7AD501BA2578883D00494B7C /* tool_piv_admin.c */; };
		7AD6CA1C2050EED80076B096 /* libcrypto.a in Frameworks */ = {isa = PBXBuildFile; fileRef = 7AD6CA1B2050EED80076B096 /* libcrypto.a */; };
		7AD9827E287FF982002A6846 /* AppBLECommand.m in Sources */ = {isa = PBXBuildFile; fileRef = 7AD9827D287FF982002A6846 /* AppBLECommand.m */; };
		7ADA84641FE36E6D00879CB4 /* Images.xcassets in Resources */ = {isa = PBXBuildFile; fileRef = 7ADA84631FE36E6D00879CB4 /* Images.xcassets */; };
		7AE4CBB125844C2200691DBC /* ToolPIVSetting.m in Sources */ = {isa = PBXBuildFile; fileRef = 7AE4CBB025844C2200691DBC /* ToolPIVSetting.m */; };
		7AE533BF28765D1D00770A75 /* AppCommand.m in Sources */ = {isa = PBXBuildFile; fileRef = 7AE533BE28765D1D00770A75 /* AppCommand.m */; };
		7AE6031C2875218100DA5BF3 /* ToolLogFile.m in Sources */ = {isa = PBXBuildFile; fileRef = 7AE6031B2875218100DA5BF3 /* ToolLogFile.m */; };
		7AF03FC5277C3BA400ED0E44 /* card_status.sh in Resources */ = {isa = PBXBuildFile; fileRef = 7AF03FC4277C3BA400ED0E44 /* card_status.sh */; };
		7AF042B9287CF868009518C3 /* HcheckWindow.xib in Resources */ = {isa = PBXBuildFile; fileRef = 7AF042B8287CF868009518C3 /* HcheckWindow.xib */; };
		7AF042BC287CFC69009518C3 /* HcheckWindow.m in Sources */ = {isa = PBXBuildFile; fileRef = 7AF042BA287CFC69009518C3 /* HcheckWindow.m */; };
		7AF042BF287D00D5009518C3 /* HcheckCommand.m in Sources */ = {isa = PBXBuildFile; fileRef = 7AF042BE287D00D5009518C3 /* HcheckCommand.m */; };
		7AF042C3287D3064009518C3 /* HcheckPinWindow.xib in Resources */ = {isa = PBXBuildFile; fileRef = 7AF042C2287D3064009518C3 /* HcheckPinWindow.xib */; };
		7AF042C6287D3113009518C3 /* HcheckPinWindow.m in Sources */ = {isa = PBXBuildFile; fileRef = 7AF042C5287D3113009518C3 /* HcheckPinWindow.m */; };
		7AF1CE642876A5D00065ECD3 /* AppHIDCommand.m in Sources */ = {isa = PBXBuildFile; fileRef = 7AF1CE632876A5D00065ECD3 /* AppHIDCommand.m */; };
		7AF43D15279E37080016086E /* ToolProcessingWindow.xib in Resources */ = {isa = PBXBuildFile; fileRef = 7AF43D12279E37080016086E /* ToolProcessingWindow.xib */; };
		7AF43D16279E37080016086E /* ToolProcessingWindow.m in Sources */ = {isa = PBXBuildFile; fileRef = 7AF43D13279E37080016086E /* ToolProcessingWindow.m */; };
		7AF7B5DF28753E5A00D4DFFC /* ToolHIDHelper.m in Sources */ = {isa = PBXBuildFile; fileRef = 7AF7B5DE28753E5A00D4DFFC /* ToolHIDHelper.m */; };
		7AF9B0F22728E4250070F8A4 /* ToolBLESMPCommand.m in Sources */ = {isa = PBXBuildFile; fileRef = 7AF9B0F02728E4250070F8A4 /* ToolBLESMPCommand.m */; };
/* End PBXBuildFile section */

/* Begin PBXFileReference section */
		64ED9A791647439300F39EAE /* Cocoa.framework */ = {isa = PBXFileReference; lastKnownFileType = wrapper.framework; name = Cocoa.framework; path = System/Library/Frameworks/Cocoa.framework; sourceTree = SDKROOT; };
		64ED9A7C1647439300F39EAE /* AppKit.framework */ = {isa = PBXFileReference; lastKnownFileType = wrapper.framework; name = AppKit.framework; path = System/Library/Frameworks/AppKit.framework; sourceTree = SDKROOT; };
		64ED9A7D1647439300F39EAE /* CoreData.framework */ = {isa = PBXFileReference; lastKnownFileType = wrapper.framework; name = CoreData.framework; path = System/Library/Frameworks/CoreData.framework; sourceTree = SDKROOT; };
		64ED9A7E1647439300F39EAE /* Foundation.framework */ = {isa = PBXFileReference; lastKnownFileType = wrapper.framework; name = Foundation.framework; path = System/Library/Frameworks/Foundation.framework; sourceTree = SDKROOT; };
		64ED9A811647439300F39EAE /* MaintenanceTool-Info.plist */ = {isa = PBXFileReference; lastKnownFileType = text.plist.xml; path = "MaintenanceTool-Info.plist"; sourceTree = "<group>"; };
		64ED9A831647439300F39EAE /* en */ = {isa = PBXFileReference; lastKnownFileType = text.plist.strings; name = en; path = en.lproj/InfoPlist.strings; sourceTree = "<group>"; };
		64ED9A851647439300F39EAE /* main.m */ = {isa = PBXFileReference; lastKnownFileType = sourcecode.c.objc; path = main.m; sourceTree = "<group>"; };
		64ED9A871647439300F39EAE /* MaintenanceTool-Prefix.pch */ = {isa = PBXFileReference; lastKnownFileType = sourcecode.c.h; path = "MaintenanceTool-Prefix.pch"; sourceTree = "<group>"; };
		64ED9A8B1647439300F39EAE /* AppDelegate.h */ = {isa = PBXFileReference; lastKnownFileType = sourcecode.c.h; path = AppDelegate.h; sourceTree = "<group>"; };
		64ED9A8C1647439300F39EAE /* AppDelegate.m */ = {isa = PBXFileReference; lastKnownFileType = sourcecode.c.objc; path = AppDelegate.m; sourceTree = "<group>"; };
		64ED9A8F1647439300F39EAE /* en */ = {isa = PBXFileReference; lastKnownFileType = file.xib; name = en; path = en.lproj/MainMenu.xib; sourceTree = "<group>"; };
		64ED9A9C164752C800F39EAE /* IOBluetooth.framework */ = {isa = PBXFileReference; lastKnownFileType = wrapper.framework; name = IOBluetooth.framework; path = System/Library/Frameworks/IOBluetooth.framework; sourceTree = SDKROOT; };
		7A02D13028890C6B0090213C /* FirmwareResetCommand.h */ = {isa = PBXFileReference; lastKnownFileType = sourcecode.c.h; path = FirmwareResetCommand.h; sourceTree = "<group>"; };
		7A02D13128890C860090213C /* FirmwareResetCommand.m */ = {isa = PBXFileReference; lastKnownFileType = sourcecode.c.objc; path = FirmwareResetCommand.m; sourceTree = "<group>"; };
		7A03A1D7287E879A00BADBB7 /* U2FHcheckCommand.h */ = {isa = PBXFileReference; lastKnownFileType = sourcecode.c.h; path = U2FHcheckCommand.h; sourceTree = "<group>"; };
		7A03A1D8287E87AE00BADBB7 /* U2FHcheckCommand.m */ = {isa = PBXFileReference; lastKnownFileType = sourcecode.c.objc; path = U2FHcheckCommand.m; sourceTree = "<group>"; };
		7A0D20BE22408E920022EA8E /* IOKit.framework */ = {isa = PBXFileReference; lastKnownFileType = wrapper.framework; name = IOKit.framework; path = System/Library/Frameworks/IOKit.framework; sourceTree = SDKROOT; };
		7A0EB184258066AA004ED59C /* PCSC.framework */ = {isa = PBXFileReference; lastKnownFileType = wrapper.framework; name = PCSC.framework; path = System/Library/Frameworks/PCSC.framework; sourceTree = SDKROOT; };
		7A0EB1862580768F004ED59C /* tool_pcsc.h */ = {isa = PBXFileReference; lastKnownFileType = sourcecode.c.h; path = tool_pcsc.h; sourceTree = "<group>"; };
		7A0EB1872580768F004ED59C /* tool_pcsc.c */ = {isa = PBXFileReference; lastKnownFileType = sourcecode.c.c; path = tool_pcsc.c; sourceTree = "<group>"; };
		7A154FED2938BCA70042F01A /* app_update.PCA10095_01.0.4.8.bin */ = {isa = PBXFileReference; lastKnownFileType = archive.macbinary; path = app_update.PCA10095_01.0.4.8.bin; sourceTree = "<group>"; };
		7A175F18287D62A80055F6B3 /* ToolBLEHelper.h */ = {isa = PBXFileReference; lastKnownFileType = sourcecode.c.h; path = ToolBLEHelper.h; sourceTree = "<group>"; };
		7A175F19287D62ED0055F6B3 /* ToolBLEHelper.m */ = {isa = PBXFileReference; lastKnownFileType = sourcecode.c.objc; path = ToolBLEHelper.m; sourceTree = "<group>"; };
		7A175F1B287D654E0055F6B3 /* ToolBLEHelperDefine.h */ = {isa = PBXFileReference; lastKnownFileType = sourcecode.c.h; path = ToolBLEHelperDefine.h; sourceTree = "<group>"; };
		7A199C0F28853F5100AF8B62 /* FIDOSettingCommand.h */ = {isa = PBXFileReference; lastKnownFileType = sourcecode.c.h; path = FIDOSettingCommand.h; sourceTree = "<group>"; };
		7A199C1028853F7300AF8B62 /* FIDOSettingCommand.m */ = {isa = PBXFileReference; lastKnownFileType = sourcecode.c.objc; path = FIDOSettingCommand.m; sourceTree = "<group>"; };
		7A199C12288545DB00AF8B62 /* FIDOSettingWindow.xib */ = {isa = PBXFileReference; fileEncoding = 4; lastKnownFileType = file.xib; path = FIDOSettingWindow.xib; sourceTree = "<group>"; };
		7A199C13288545DB00AF8B62 /* FIDOSettingWindow.h */ = {isa = PBXFileReference; fileEncoding = 4; lastKnownFileType = sourcecode.c.h; path = FIDOSettingWindow.h; sourceTree = "<group>"; };
		7A199C14288545DB00AF8B62 /* FIDOSettingWindow.m */ = {isa = PBXFileReference; fileEncoding = 4; lastKnownFileType = sourcecode.c.objc; path = FIDOSettingWindow.m; sourceTree = "<group>"; };
		7A1BCD4928862DA6007AEE12 /* FIDOPinSettingWindow.m */ = {isa = PBXFileReference; fileEncoding = 4; lastKnownFileType = sourcecode.c.objc; path = FIDOPinSettingWindow.m; sourceTree = "<group>"; };
		7A1BCD4A28862DA6007AEE12 /* FIDOPinSettingWindow.xib */ = {isa = PBXFileReference; fileEncoding = 4; lastKnownFileType = file.xib; path = FIDOPinSettingWindow.xib; sourceTree = "<group>"; };
		7A1BCD4D2886304E007AEE12 /* FIDOPinSettingWindow.h */ = {isa = PBXFileReference; lastKnownFileType = sourcecode.c.h; path = FIDOPinSettingWindow.h; sourceTree = "<group>"; };
		7A23613528867A4200322E93 /* BLESettingWindow.xib */ = {isa = PBXFileReference; fileEncoding = 4; lastKnownFileType = file.xib; path = BLESettingWindow.xib; sourceTree = "<group>"; };
		7A23613628867A4200322E93 /* BLESettingWindow.h */ = {isa = PBXFileReference; fileEncoding = 4; lastKnownFileType = sourcecode.c.h; path = BLESettingWindow.h; sourceTree = "<group>"; };
		7A23613728867A4200322E93 /* BLESettingWindow.m */ = {isa = PBXFileReference; fileEncoding = 4; lastKnownFileType = sourcecode.c.objc; path = BLESettingWindow.m; sourceTree = "<group>"; };
		7A23613A28867D8E00322E93 /* BLESettingCommand.h */ = {isa = PBXFileReference; lastKnownFileType = sourcecode.c.h; path = BLESettingCommand.h; sourceTree = "<group>"; };
		7A23613B28867DA600322E93 /* BLESettingCommand.m */ = {isa = PBXFileReference; lastKnownFileType = sourcecode.c.objc; path = BLESettingCommand.m; sourceTree = "<group>"; };
		7A23613D28868E4A00322E93 /* BLEPairingCommand.h */ = {isa = PBXFileReference; lastKnownFileType = sourcecode.c.h; path = BLEPairingCommand.h; sourceTree = "<group>"; };
		7A23613E28868E5F00322E93 /* BLEPairingCommand.m */ = {isa = PBXFileReference; lastKnownFileType = sourcecode.c.objc; path = BLEPairingCommand.m; sourceTree = "<group>"; };
		7A25976B257889F500EF5924 /* tool_crypto_common.h */ = {isa = PBXFileReference; lastKnownFileType = sourcecode.c.h; path = tool_crypto_common.h; sourceTree = "<group>"; };
		7A292D8D27702A4E0010EE4A /* generate_main_key.sh */ = {isa = PBXFileReference; fileEncoding = 4; lastKnownFileType = text.script.sh; path = generate_main_key.sh; sourceTree = "<group>"; };
		7A292D8F27702D450010EE4A /* generate_main_key.param */ = {isa = PBXFileReference; fileEncoding = 4; lastKnownFileType = text; path = generate_main_key.param; sourceTree = "<group>"; };
		7A306C4A27719FEA00AB6412 /* export_pubkey_and_backup.sh */ = {isa = PBXFileReference; fileEncoding = 4; lastKnownFileType = text.script.sh; path = export_pubkey_and_backup.sh; sourceTree = "<group>"; };
		7A314AC827CF1399009B4F77 /* ToolPGPCcidCommand.h */ = {isa = PBXFileReference; lastKnownFileType = sourcecode.c.h; path = ToolPGPCcidCommand.h; sourceTree = "<group>"; };
		7A314AC927CF13EF009B4F77 /* ToolPGPCcidCommand.m */ = {isa = PBXFileReference; lastKnownFileType = sourcecode.c.objc; path = ToolPGPCcidCommand.m; sourceTree = "<group>"; };
		7A33FBF6288649F800EAF3C4 /* CTAP2ManageCommand.h */ = {isa = PBXFileReference; lastKnownFileType = sourcecode.c.h; path = CTAP2ManageCommand.h; sourceTree = "<group>"; };
		7A33FBF728864A2000EAF3C4 /* CTAP2ManageCommand.m */ = {isa = PBXFileReference; lastKnownFileType = sourcecode.c.objc; path = CTAP2ManageCommand.m; sourceTree = "<group>"; };
		7A3F4F1728755D12003CFE67 /* AppDefine.h */ = {isa = PBXFileReference; lastKnownFileType = sourcecode.c.h; path = AppDefine.h; sourceTree = "<group>"; };
		7A3F4F1828755F91003CFE67 /* UtilityCommand.h */ = {isa = PBXFileReference; fileEncoding = 4; lastKnownFileType = sourcecode.c.h; path = UtilityCommand.h; sourceTree = "<group>"; };
		7A3F4F1928755F91003CFE67 /* UtilityWindow.h */ = {isa = PBXFileReference; fileEncoding = 4; lastKnownFileType = sourcecode.c.h; path = UtilityWindow.h; sourceTree = "<group>"; };
		7A3F4F1A28755F91003CFE67 /* UtilityWindow.m */ = {isa = PBXFileReference; fileEncoding = 4; lastKnownFileType = sourcecode.c.objc; path = UtilityWindow.m; sourceTree = "<group>"; };
		7A3F4F1B28755F91003CFE67 /* UtilityCommand.m */ = {isa = PBXFileReference; fileEncoding = 4; lastKnownFileType = sourcecode.c.objc; path = UtilityCommand.m; sourceTree = "<group>"; };
		7A3F4F1C28755F91003CFE67 /* UtilityWindow.xib */ = {isa = PBXFileReference; fileEncoding = 4; lastKnownFileType = file.xib; path = UtilityWindow.xib; sourceTree = "<group>"; };
		7A3F4F2028755FB1003CFE67 /* ToolVersionWindow.h */ = {isa = PBXFileReference; fileEncoding = 4; lastKnownFileType = sourcecode.c.h; path = ToolVersionWindow.h; sourceTree = "<group>"; };
		7A3F4F2128755FB1003CFE67 /* ToolVersionWindow.m */ = {isa = PBXFileReference; fileEncoding = 4; lastKnownFileType = sourcecode.c.objc; path = ToolVersionWindow.m; sourceTree = "<group>"; };
		7A3F4F2228755FB1003CFE67 /* ToolVersionWindow.xib */ = {isa = PBXFileReference; fileEncoding = 4; lastKnownFileType = file.xib; path = ToolVersionWindow.xib; sourceTree = "<group>"; };
		7A3F4F252875633C003CFE67 /* icon.png */ = {isa = PBXFileReference; lastKnownFileType = image.png; path = icon.png; sourceTree = "<group>"; };
		7A41FCA52575E9F100CA06F9 /* ToolPIVImporter.h */ = {isa = PBXFileReference; lastKnownFileType = sourcecode.c.h; path = ToolPIVImporter.h; sourceTree = "<group>"; };
		7A41FCA62575EA0D00CA06F9 /* ToolPIVImporter.m */ = {isa = PBXFileReference; lastKnownFileType = sourcecode.c.objc; path = ToolPIVImporter.m; sourceTree = "<group>"; };
		7A41FCA82575F0B000CA06F9 /* tool_crypto_private_key.h */ = {isa = PBXFileReference; lastKnownFileType = sourcecode.c.h; path = tool_crypto_private_key.h; sourceTree = "<group>"; };
		7A41FCA92575F0B000CA06F9 /* tool_crypto_private_key.c */ = {isa = PBXFileReference; lastKnownFileType = sourcecode.c.c; path = tool_crypto_private_key.c; sourceTree = "<group>"; };
		7A4D116F271E63340095C29E /* BLEDFUStartWindow.h */ = {isa = PBXFileReference; fileEncoding = 4; lastKnownFileType = sourcecode.c.h; path = BLEDFUStartWindow.h; sourceTree = "<group>"; };
		7A4D1170271E63340095C29E /* BLEDFUStartWindow.m */ = {isa = PBXFileReference; fileEncoding = 4; lastKnownFileType = sourcecode.c.objc; path = BLEDFUStartWindow.m; sourceTree = "<group>"; };
		7A4D1172271E63C00095C29E /* ToolBLEDFUCommand.h */ = {isa = PBXFileReference; lastKnownFileType = sourcecode.c.h; path = ToolBLEDFUCommand.h; sourceTree = "<group>"; };
		7A4D1173271E63D30095C29E /* ToolBLEDFUCommand.m */ = {isa = PBXFileReference; lastKnownFileType = sourcecode.c.objc; path = ToolBLEDFUCommand.m; sourceTree = "<group>"; };
		7A568BEB2590326A006B5F5E /* PIVPreferenceWindow.xib */ = {isa = PBXFileReference; lastKnownFileType = file.xib; path = PIVPreferenceWindow.xib; sourceTree = "<group>"; };
		7A568BED259044AF006B5F5E /* PIVPreferenceWindow.h */ = {isa = PBXFileReference; lastKnownFileType = sourcecode.c.h; path = PIVPreferenceWindow.h; sourceTree = "<group>"; };
		7A568BEE2590451F006B5F5E /* PIVPreferenceWindow.m */ = {isa = PBXFileReference; lastKnownFileType = sourcecode.c.objc; path = PIVPreferenceWindow.m; sourceTree = "<group>"; };
		7A66721E258ADEDE00CAF308 /* ToolInfoWindow.xib */ = {isa = PBXFileReference; lastKnownFileType = file.xib; path = ToolInfoWindow.xib; sourceTree = "<group>"; };
		7A667220258ADF5000CAF308 /* ToolInfoWindow.m */ = {isa = PBXFileReference; lastKnownFileType = sourcecode.c.objc; path = ToolInfoWindow.m; sourceTree = "<group>"; };
		7A667222258ADF6300CAF308 /* ToolInfoWindow.h */ = {isa = PBXFileReference; lastKnownFileType = sourcecode.c.h; path = ToolInfoWindow.h; sourceTree = "<group>"; };
		7A6687912575CCC70054F0DE /* ToolPIVCommand.m */ = {isa = PBXFileReference; lastKnownFileType = sourcecode.c.objc; path = ToolPIVCommand.m; sourceTree = "<group>"; };
		7A6687932575CCF60054F0DE /* ToolPIVCommand.h */ = {isa = PBXFileReference; lastKnownFileType = sourcecode.c.h; path = ToolPIVCommand.h; sourceTree = "<group>"; };
		7A6687942575CDB70054F0DE /* ToolPIVCommon.h */ = {isa = PBXFileReference; lastKnownFileType = sourcecode.c.h; path = ToolPIVCommon.h; sourceTree = "<group>"; };
		7A6C807327C4AE28002FEFC8 /* card_edit_passwd.param */ = {isa = PBXFileReference; fileEncoding = 4; lastKnownFileType = text; path = card_edit_passwd.param; sourceTree = "<group>"; };
		7A6C807427C4AE28002FEFC8 /* card_edit_passwd.sh */ = {isa = PBXFileReference; fileEncoding = 4; lastKnownFileType = text.script.sh; path = card_edit_passwd.sh; sourceTree = "<group>"; };
		7A6C807527C4AE28002FEFC8 /* card_edit_unblock.param */ = {isa = PBXFileReference; fileEncoding = 4; lastKnownFileType = text; path = card_edit_unblock.param; sourceTree = "<group>"; };
		7A712EBB2570BCDC00E45E2D /* tool_crypto_des.h */ = {isa = PBXFileReference; lastKnownFileType = sourcecode.c.h; path = tool_crypto_des.h; sourceTree = "<group>"; };
		7A712EBC2570BCDC00E45E2D /* tool_crypto_des.c */ = {isa = PBXFileReference; lastKnownFileType = sourcecode.c.c; path = tool_crypto_des.c; sourceTree = "<group>"; };
		7A72011727794E5400EE3AD6 /* PGPPreferenceWindow.m */ = {isa = PBXFileReference; fileEncoding = 4; lastKnownFileType = sourcecode.c.objc; path = PGPPreferenceWindow.m; sourceTree = "<group>"; };
		7A72011827794E5400EE3AD6 /* PGPPreferenceWindow.xib */ = {isa = PBXFileReference; fileEncoding = 4; lastKnownFileType = file.xib; path = PGPPreferenceWindow.xib; sourceTree = "<group>"; };
		7A72011927794E5400EE3AD6 /* PGPPreferenceWindow.h */ = {isa = PBXFileReference; fileEncoding = 4; lastKnownFileType = sourcecode.c.h; path = PGPPreferenceWindow.h; sourceTree = "<group>"; };
		7A726F44287EAE3100DB456E /* CTAP2HcheckCommand.h */ = {isa = PBXFileReference; lastKnownFileType = sourcecode.c.h; path = CTAP2HcheckCommand.h; sourceTree = "<group>"; };
		7A726F45287EAEE600DB456E /* CTAP2HcheckCommand.m */ = {isa = PBXFileReference; lastKnownFileType = sourcecode.c.objc; path = CTAP2HcheckCommand.m; sourceTree = "<group>"; };
		7A75A6EB25677E9B003AF1A6 /* ToolCCIDHelper.h */ = {isa = PBXFileReference; lastKnownFileType = sourcecode.c.h; path = ToolCCIDHelper.h; sourceTree = "<group>"; };
		7A75A6ED25678037003AF1A6 /* ToolCCIDHelper.m */ = {isa = PBXFileReference; lastKnownFileType = sourcecode.c.objc; path = ToolCCIDHelper.m; sourceTree = "<group>"; };
		7A75A6EF25679044003AF1A6 /* ToolCCIDCommon.h */ = {isa = PBXFileReference; lastKnownFileType = sourcecode.c.h; path = ToolCCIDCommon.h; sourceTree = "<group>"; };
		7A80509B2819066A000BF498 /* CoreImage.framework */ = {isa = PBXFileReference; lastKnownFileType = wrapper.framework; name = CoreImage.framework; path = System/Library/Frameworks/CoreImage.framework; sourceTree = SDKROOT; };
		7A822076281A811500FDBFA8 /* QRCodeUtil.h */ = {isa = PBXFileReference; lastKnownFileType = sourcecode.c.h; path = QRCodeUtil.h; sourceTree = "<group>"; };
		7A822077281A812F00FDBFA8 /* QRCodeUtil.m */ = {isa = PBXFileReference; lastKnownFileType = sourcecode.c.objc; path = QRCodeUtil.m; sourceTree = "<group>"; };
		7A8402F22268570D000F5E50 /* libtinycbor.a */ = {isa = PBXFileReference; lastKnownFileType = archive.ar; path = libtinycbor.a; sourceTree = "<group>"; };
		7A8528FD277176F10096F41D /* add_sub_key.param */ = {isa = PBXFileReference; fileEncoding = 4; lastKnownFileType = text; path = add_sub_key.param; sourceTree = "<group>"; };
		7A8528FE277176F10096F41D /* add_sub_key.sh */ = {isa = PBXFileReference; fileEncoding = 4; lastKnownFileType = text.script.sh; path = add_sub_key.sh; sourceTree = "<group>"; };
		7A8640262900D769008E9D1C /* USBDFUACMCommand.h */ = {isa = PBXFileReference; lastKnownFileType = sourcecode.c.h; path = USBDFUACMCommand.h; sourceTree = "<group>"; };
		7A8640272900D7AC008E9D1C /* USBDFUACMCommand.m */ = {isa = PBXFileReference; lastKnownFileType = sourcecode.c.objc; path = USBDFUACMCommand.m; sourceTree = "<group>"; };
		7A86402B2900E35E008E9D1C /* usb_dfu_util.c */ = {isa = PBXFileReference; fileEncoding = 4; lastKnownFileType = sourcecode.c.c; path = usb_dfu_util.c; sourceTree = "<group>"; };
		7A86402C2900E35E008E9D1C /* usb_cdc_util.h */ = {isa = PBXFileReference; fileEncoding = 4; lastKnownFileType = sourcecode.c.h; path = usb_cdc_util.h; sourceTree = "<group>"; };
		7A86402D2900E35F008E9D1C /* usb_cdc_util.c */ = {isa = PBXFileReference; fileEncoding = 4; lastKnownFileType = sourcecode.c.c; path = usb_cdc_util.c; sourceTree = "<group>"; };
		7A86402E2900E35F008E9D1C /* usb_dfu_util.h */ = {isa = PBXFileReference; fileEncoding = 4; lastKnownFileType = sourcecode.c.h; path = usb_dfu_util.h; sourceTree = "<group>"; };
		7A9167FA28FE2B1E0096A848 /* DFUWindow.xib */ = {isa = PBXFileReference; fileEncoding = 4; lastKnownFileType = file.xib; path = DFUWindow.xib; sourceTree = "<group>"; };
		7A9167FC28FE30870096A848 /* DFUWindow.m */ = {isa = PBXFileReference; fileEncoding = 4; lastKnownFileType = sourcecode.c.objc; path = DFUWindow.m; sourceTree = "<group>"; };
		7A9167FD28FE30870096A848 /* DFUWindow.h */ = {isa = PBXFileReference; fileEncoding = 4; lastKnownFileType = sourcecode.c.h; path = DFUWindow.h; sourceTree = "<group>"; };
		7A91680028FE490D0096A848 /* USBDFUCommand.h */ = {isa = PBXFileReference; lastKnownFileType = sourcecode.c.h; path = USBDFUCommand.h; sourceTree = "<group>"; };
		7A91680128FE497E0096A848 /* USBDFUCommand.m */ = {isa = PBXFileReference; lastKnownFileType = sourcecode.c.objc; path = USBDFUCommand.m; sourceTree = "<group>"; };
		7A91680328FE7A820096A848 /* USBDFUImage.h */ = {isa = PBXFileReference; lastKnownFileType = sourcecode.c.h; path = USBDFUImage.h; sourceTree = "<group>"; };
		7A91680428FE7A990096A848 /* USBDFUImage.m */ = {isa = PBXFileReference; lastKnownFileType = sourcecode.c.objc; path = USBDFUImage.m; sourceTree = "<group>"; };
		7A91680628FE80B10096A848 /* nrf52_app_image.c */ = {isa = PBXFileReference; fileEncoding = 4; lastKnownFileType = sourcecode.c.c; path = nrf52_app_image.c; sourceTree = "<group>"; };
		7A91680728FE80B10096A848 /* nrf52_app_image.h */ = {isa = PBXFileReference; fileEncoding = 4; lastKnownFileType = sourcecode.c.h; path = nrf52_app_image.h; sourceTree = "<group>"; };
		7A9274052105AB950062FA89 /* ToolCommon.h */ = {isa = PBXFileReference; fileEncoding = 4; lastKnownFileType = sourcecode.c.h; path = ToolCommon.h; sourceTree = "<group>"; };
		7A92740A2105AB960062FA89 /* ToolCommon.m */ = {isa = PBXFileReference; fileEncoding = 4; lastKnownFileType = sourcecode.c.objc; path = ToolCommon.m; sourceTree = "<group>"; };
		7A92D0E228754B140094D2DB /* AppCommonMessage.h */ = {isa = PBXFileReference; lastKnownFileType = sourcecode.c.h; path = AppCommonMessage.h; sourceTree = "<group>"; };
		7A92D0E328754DD00094D2DB /* ToolCommonMessage.h */ = {isa = PBXFileReference; fileEncoding = 4; lastKnownFileType = sourcecode.c.h; path = ToolCommonMessage.h; sourceTree = "<group>"; };
		7A92D0E428754F3C0094D2DB /* ToolCommonFunc.m */ = {isa = PBXFileReference; fileEncoding = 4; lastKnownFileType = sourcecode.c.objc; path = ToolCommonFunc.m; sourceTree = "<group>"; };
		7A92D0E528754F3C0094D2DB /* ToolCommonFunc.h */ = {isa = PBXFileReference; fileEncoding = 4; lastKnownFileType = sourcecode.c.h; path = ToolCommonFunc.h; sourceTree = "<group>"; };
		7A95408D28FFCBE7006D5C33 /* USBDFUDefine.h */ = {isa = PBXFileReference; lastKnownFileType = sourcecode.c.h; path = USBDFUDefine.h; sourceTree = "<group>"; };
		7A95408E28FFCFD4006D5C33 /* USBDFUTransferCommand.h */ = {isa = PBXFileReference; lastKnownFileType = sourcecode.c.h; path = USBDFUTransferCommand.h; sourceTree = "<group>"; };
		7A95408F28FFD007006D5C33 /* USBDFUTransferCommand.m */ = {isa = PBXFileReference; lastKnownFileType = sourcecode.c.objc; path = USBDFUTransferCommand.m; sourceTree = "<group>"; };
		7AA9288325872F4A00BC7F1B /* tool_crypto_common.c */ = {isa = PBXFileReference; lastKnownFileType = sourcecode.c.c; path = tool_crypto_common.c; sourceTree = "<group>"; };
		7AAADCF32923225D0066BEFD /* appkg.PCA10059_03.0.3.6.zip */ = {isa = PBXFileReference; lastKnownFileType = archive.zip; path = appkg.PCA10059_03.0.3.6.zip; sourceTree = "<group>"; };
		7AAADCF42923225D0066BEFD /* appkg.PCA10059_01.0.3.6.zip */ = {isa = PBXFileReference; lastKnownFileType = archive.zip; path = appkg.PCA10059_01.0.3.6.zip; sourceTree = "<group>"; };
		7AAADCF52923225D0066BEFD /* appkg.PCA10059_02.0.3.6.zip */ = {isa = PBXFileReference; lastKnownFileType = archive.zip; path = appkg.PCA10059_02.0.3.6.zip; sourceTree = "<group>"; };
		7AADEF592772ECBC00E186BA /* transfer_subkey_to_card.param */ = {isa = PBXFileReference; fileEncoding = 4; lastKnownFileType = text; path = transfer_subkey_to_card.param; sourceTree = "<group>"; };
		7AADEF5A2772ECBC00E186BA /* transfer_subkey_to_card.sh */ = {isa = PBXFileReference; fileEncoding = 4; lastKnownFileType = text.script.sh; path = transfer_subkey_to_card.sh; sourceTree = "<group>"; };
		7AB0410F2733625E00B80C53 /* mcumgr_cbor_decode.c */ = {isa = PBXFileReference; fileEncoding = 4; lastKnownFileType = sourcecode.c.c; path = mcumgr_cbor_decode.c; sourceTree = "<group>"; };
		7AB0CEF1271FE82600DA96FD /* mcumgr_app_image.h */ = {isa = PBXFileReference; lastKnownFileType = sourcecode.c.h; path = mcumgr_app_image.h; sourceTree = "<group>"; };
		7AB0CEF2271FE82600DA96FD /* mcumgr_app_image.c */ = {isa = PBXFileReference; lastKnownFileType = sourcecode.c.c; path = mcumgr_app_image.c; sourceTree = "<group>"; };
		7AB3C9B5276B13CC00DEDD0E /* ToolPGPCommand.h */ = {isa = PBXFileReference; lastKnownFileType = sourcecode.c.h; path = ToolPGPCommand.h; sourceTree = "<group>"; };
		7AB3C9B6276B13E900DEDD0E /* ToolPGPCommand.m */ = {isa = PBXFileReference; lastKnownFileType = sourcecode.c.objc; path = ToolPGPCommand.m; sourceTree = "<group>"; };
		7AB4B157271E6E8B0099D51B /* debug_log.h */ = {isa = PBXFileReference; fileEncoding = 4; lastKnownFileType = sourcecode.c.h; path = debug_log.h; sourceTree = "<group>"; };
		7AB4B158271E6E8B0099D51B /* ECDH.h */ = {isa = PBXFileReference; fileEncoding = 4; lastKnownFileType = sourcecode.c.h; path = ECDH.h; sourceTree = "<group>"; };
		7AB4B15A271E6E8B0099D51B /* fido_blob.c */ = {isa = PBXFileReference; fileEncoding = 4; lastKnownFileType = sourcecode.c.c; path = fido_blob.c; sourceTree = "<group>"; };
		7AB4B15B271E6E8B0099D51B /* AES256CBC.h */ = {isa = PBXFileReference; fileEncoding = 4; lastKnownFileType = sourcecode.c.h; path = AES256CBC.h; sourceTree = "<group>"; };
		7AB4B15C271E6E8B0099D51B /* ECDH.c */ = {isa = PBXFileReference; fileEncoding = 4; lastKnownFileType = sourcecode.c.c; path = ECDH.c; sourceTree = "<group>"; };
		7AB4B15D271E6E8B0099D51B /* fido_crypto.h */ = {isa = PBXFileReference; fileEncoding = 4; lastKnownFileType = sourcecode.c.h; path = fido_crypto.h; sourceTree = "<group>"; };
		7AB4B15E271E6E8B0099D51B /* CBORDecoder.c */ = {isa = PBXFileReference; fileEncoding = 4; lastKnownFileType = sourcecode.c.c; path = CBORDecoder.c; sourceTree = "<group>"; };
		7AB4B160271E6E8B0099D51B /* CBOREncoder.c */ = {isa = PBXFileReference; fileEncoding = 4; lastKnownFileType = sourcecode.c.c; path = CBOREncoder.c; sourceTree = "<group>"; };
		7AB4B161271E6E8B0099D51B /* CBOREncoder.h */ = {isa = PBXFileReference; fileEncoding = 4; lastKnownFileType = sourcecode.c.h; path = CBOREncoder.h; sourceTree = "<group>"; };
		7AB4B162271E6E8B0099D51B /* fido_crypto.c */ = {isa = PBXFileReference; fileEncoding = 4; lastKnownFileType = sourcecode.c.c; path = fido_crypto.c; sourceTree = "<group>"; };
		7AB4B165271E6E8B0099D51B /* CBORDecoder.h */ = {isa = PBXFileReference; fileEncoding = 4; lastKnownFileType = sourcecode.c.h; path = CBORDecoder.h; sourceTree = "<group>"; };
		7AB4B166271E6E8B0099D51B /* debug_log.c */ = {isa = PBXFileReference; fileEncoding = 4; lastKnownFileType = sourcecode.c.c; path = debug_log.c; sourceTree = "<group>"; };
		7AB4B167271E6E8B0099D51B /* AES256CBC.c */ = {isa = PBXFileReference; fileEncoding = 4; lastKnownFileType = sourcecode.c.c; path = AES256CBC.c; sourceTree = "<group>"; };
		7AB4B168271E6E8B0099D51B /* fido_blob.h */ = {isa = PBXFileReference; fileEncoding = 4; lastKnownFileType = sourcecode.c.h; path = fido_blob.h; sourceTree = "<group>"; };
		7AB576E627CF039000DAFA3F /* ToolPGPCommon.h */ = {isa = PBXFileReference; lastKnownFileType = sourcecode.c.h; path = ToolPGPCommon.h; sourceTree = "<group>"; };
		7AB63129277B01FB004917B9 /* card_reset.param */ = {isa = PBXFileReference; fileEncoding = 4; lastKnownFileType = text; path = card_reset.param; sourceTree = "<group>"; };
		7AB6312A277B01FB004917B9 /* card_reset.sh */ = {isa = PBXFileReference; fileEncoding = 4; lastKnownFileType = text.script.sh; path = card_reset.sh; sourceTree = "<group>"; };
		7ABDC69A272131F200F3E761 /* BLEDFUStartWindow.xib */ = {isa = PBXFileReference; fileEncoding = 4; lastKnownFileType = file.xib; path = BLEDFUStartWindow.xib; sourceTree = "<group>"; };
		7ACA8D792251B55100B132E2 /* MaintenanceTool.app */ = {isa = PBXFileReference; explicitFileType = wrapper.application; includeInIndex = 0; path = MaintenanceTool.app; sourceTree = BUILT_PRODUCTS_DIR; };
		7ACABD842887CFF100756123 /* DFUCommand.h */ = {isa = PBXFileReference; lastKnownFileType = sourcecode.c.h; path = DFUCommand.h; sourceTree = "<group>"; };
		7ACABD852887D00500756123 /* DFUCommand.m */ = {isa = PBXFileReference; lastKnownFileType = sourcecode.c.objc; path = DFUCommand.m; sourceTree = "<group>"; };
		7ACBD8C925663EFA00722984 /* CryptoTokenKit.framework */ = {isa = PBXFileReference; lastKnownFileType = wrapper.framework; name = CryptoTokenKit.framework; path = System/Library/Frameworks/CryptoTokenKit.framework; sourceTree = SDKROOT; };
		7ACBD8CB2566424D00722984 /* Entitlements.plist */ = {isa = PBXFileReference; lastKnownFileType = text.plist.xml; path = Entitlements.plist; sourceTree = "<group>"; };
		7ACC0BF4257770B800F4026B /* tool_crypto_certificate.h */ = {isa = PBXFileReference; lastKnownFileType = sourcecode.c.h; path = tool_crypto_certificate.h; sourceTree = "<group>"; };
		7ACC0BF5257770B800F4026B /* tool_crypto_certificate.c */ = {isa = PBXFileReference; lastKnownFileType = sourcecode.c.c; path = tool_crypto_certificate.c; sourceTree = "<group>"; };
		7ACC0E05287522F900B03F74 /* ToolFilePanel.m */ = {isa = PBXFileReference; fileEncoding = 4; lastKnownFileType = sourcecode.c.objc; path = ToolFilePanel.m; sourceTree = "<group>"; };
		7ACC0E06287522F900B03F74 /* ToolFilePanel.h */ = {isa = PBXFileReference; fileEncoding = 4; lastKnownFileType = sourcecode.c.h; path = ToolFilePanel.h; sourceTree = "<group>"; };
		7ACC0E082875241B00B03F74 /* ToolPopupWindow.m */ = {isa = PBXFileReference; fileEncoding = 4; lastKnownFileType = sourcecode.c.objc; path = ToolPopupWindow.m; sourceTree = "<group>"; };
		7ACC0E092875241B00B03F74 /* ToolPopupWindow.h */ = {isa = PBXFileReference; fileEncoding = 4; lastKnownFileType = sourcecode.c.h; path = ToolPopupWindow.h; sourceTree = "<group>"; };
		7ACC0E0B28753B2E00B03F74 /* FIDODefines.h */ = {isa = PBXFileReference; fileEncoding = 4; lastKnownFileType = sourcecode.c.h; path = FIDODefines.h; sourceTree = "<group>"; };
		7ACFD89B27213EAF00AAEFE2 /* BLEDFUProcessingWindow.xib */ = {isa = PBXFileReference; fileEncoding = 4; lastKnownFileType = file.xib; path = BLEDFUProcessingWindow.xib; sourceTree = "<group>"; };
		7ACFD89C27213EAF00AAEFE2 /* BLEDFUProcessingWindow.h */ = {isa = PBXFileReference; fileEncoding = 4; lastKnownFileType = sourcecode.c.h; path = BLEDFUProcessingWindow.h; sourceTree = "<group>"; };
		7ACFD89D27213EAF00AAEFE2 /* BLEDFUProcessingWindow.m */ = {isa = PBXFileReference; fileEncoding = 4; lastKnownFileType = sourcecode.c.objc; path = BLEDFUProcessingWindow.m; sourceTree = "<group>"; };
		7AD501B92578883D00494B7C /* tool_piv_admin.h */ = {isa = PBXFileReference; lastKnownFileType = sourcecode.c.h; path = tool_piv_admin.h; sourceTree = "<group>"; };
		7AD501BA2578883D00494B7C /* tool_piv_admin.c */ = {isa = PBXFileReference; lastKnownFileType = sourcecode.c.c; path = tool_piv_admin.c; sourceTree = "<group>"; };
		7AD6CA1B2050EED80076B096 /* libcrypto.a */ = {isa = PBXFileReference; lastKnownFileType = archive.ar; path = libcrypto.a; sourceTree = "<group>"; };
		7AD9827C287FF918002A6846 /* AppBLECommand.h */ = {isa = PBXFileReference; lastKnownFileType = sourcecode.c.h; path = AppBLECommand.h; sourceTree = "<group>"; };
		7AD9827D287FF982002A6846 /* AppBLECommand.m */ = {isa = PBXFileReference; lastKnownFileType = sourcecode.c.objc; path = AppBLECommand.m; sourceTree = "<group>"; };
		7AD9827F287FFBC9002A6846 /* AppBLECommandDefine.h */ = {isa = PBXFileReference; lastKnownFileType = sourcecode.c.h; path = AppBLECommandDefine.h; sourceTree = "<group>"; };
		7ADA84631FE36E6D00879CB4 /* Images.xcassets */ = {isa = PBXFileReference; lastKnownFileType = folder.assetcatalog; path = Images.xcassets; sourceTree = "<group>"; };
		7AE4CBB025844C2200691DBC /* ToolPIVSetting.m */ = {isa = PBXFileReference; lastKnownFileType = sourcecode.c.objc; path = ToolPIVSetting.m; sourceTree = "<group>"; };
		7AE4CBB225844C3C00691DBC /* ToolPIVSetting.h */ = {isa = PBXFileReference; lastKnownFileType = sourcecode.c.h; path = ToolPIVSetting.h; sourceTree = "<group>"; };
		7AE533BD28765D1D00770A75 /* AppCommand.h */ = {isa = PBXFileReference; fileEncoding = 4; lastKnownFileType = sourcecode.c.h; path = AppCommand.h; sourceTree = "<group>"; };
		7AE533BE28765D1D00770A75 /* AppCommand.m */ = {isa = PBXFileReference; fileEncoding = 4; lastKnownFileType = sourcecode.c.objc; path = AppCommand.m; sourceTree = "<group>"; };
		7AE6031B2875218100DA5BF3 /* ToolLogFile.m */ = {isa = PBXFileReference; fileEncoding = 4; lastKnownFileType = sourcecode.c.objc; path = ToolLogFile.m; sourceTree = "<group>"; };
		7AE6031D287521A800DA5BF3 /* ToolLogFile.h */ = {isa = PBXFileReference; fileEncoding = 4; lastKnownFileType = sourcecode.c.h; path = ToolLogFile.h; sourceTree = "<group>"; };
		7AF03FC4277C3BA400ED0E44 /* card_status.sh */ = {isa = PBXFileReference; fileEncoding = 4; lastKnownFileType = text.script.sh; path = card_status.sh; sourceTree = "<group>"; };
		7AF042B8287CF868009518C3 /* HcheckWindow.xib */ = {isa = PBXFileReference; fileEncoding = 4; lastKnownFileType = file.xib; path = HcheckWindow.xib; sourceTree = "<group>"; };
		7AF042BA287CFC69009518C3 /* HcheckWindow.m */ = {isa = PBXFileReference; fileEncoding = 4; lastKnownFileType = sourcecode.c.objc; path = HcheckWindow.m; sourceTree = "<group>"; };
		7AF042BB287CFC69009518C3 /* HcheckWindow.h */ = {isa = PBXFileReference; fileEncoding = 4; lastKnownFileType = sourcecode.c.h; path = HcheckWindow.h; sourceTree = "<group>"; };
		7AF042BD287D00D5009518C3 /* HcheckCommand.h */ = {isa = PBXFileReference; fileEncoding = 4; lastKnownFileType = sourcecode.c.h; path = HcheckCommand.h; sourceTree = "<group>"; };
		7AF042BE287D00D5009518C3 /* HcheckCommand.m */ = {isa = PBXFileReference; fileEncoding = 4; lastKnownFileType = sourcecode.c.objc; path = HcheckCommand.m; sourceTree = "<group>"; };
		7AF042C2287D3064009518C3 /* HcheckPinWindow.xib */ = {isa = PBXFileReference; fileEncoding = 4; lastKnownFileType = file.xib; path = HcheckPinWindow.xib; sourceTree = "<group>"; };
		7AF042C4287D3113009518C3 /* HcheckPinWindow.h */ = {isa = PBXFileReference; fileEncoding = 4; lastKnownFileType = sourcecode.c.h; path = HcheckPinWindow.h; sourceTree = "<group>"; };
		7AF042C5287D3113009518C3 /* HcheckPinWindow.m */ = {isa = PBXFileReference; fileEncoding = 4; lastKnownFileType = sourcecode.c.objc; path = HcheckPinWindow.m; sourceTree = "<group>"; };
		7AF1CE622876A5D00065ECD3 /* AppHIDCommand.h */ = {isa = PBXFileReference; fileEncoding = 4; lastKnownFileType = sourcecode.c.h; path = AppHIDCommand.h; sourceTree = "<group>"; };
		7AF1CE632876A5D00065ECD3 /* AppHIDCommand.m */ = {isa = PBXFileReference; fileEncoding = 4; lastKnownFileType = sourcecode.c.objc; path = AppHIDCommand.m; sourceTree = "<group>"; };
		7AF422772730C9BE00D15457 /* mcumgr_cbor_decode.h */ = {isa = PBXFileReference; lastKnownFileType = sourcecode.c.h; path = mcumgr_cbor_decode.h; sourceTree = "<group>"; };
		7AF43D12279E37080016086E /* ToolProcessingWindow.xib */ = {isa = PBXFileReference; fileEncoding = 4; lastKnownFileType = file.xib; path = ToolProcessingWindow.xib; sourceTree = "<group>"; };
		7AF43D13279E37080016086E /* ToolProcessingWindow.m */ = {isa = PBXFileReference; fileEncoding = 4; lastKnownFileType = sourcecode.c.objc; path = ToolProcessingWindow.m; sourceTree = "<group>"; };
		7AF43D14279E37080016086E /* ToolProcessingWindow.h */ = {isa = PBXFileReference; fileEncoding = 4; lastKnownFileType = sourcecode.c.h; path = ToolProcessingWindow.h; sourceTree = "<group>"; };
		7AF4EDBC273507A000C126D9 /* BLEDFUDefine.h */ = {isa = PBXFileReference; fileEncoding = 4; lastKnownFileType = sourcecode.c.h; path = BLEDFUDefine.h; sourceTree = "<group>"; };
		7AF7B5DD28753E5A00D4DFFC /* ToolHIDHelper.h */ = {isa = PBXFileReference; fileEncoding = 4; lastKnownFileType = sourcecode.c.h; path = ToolHIDHelper.h; sourceTree = "<group>"; };
		7AF7B5DE28753E5A00D4DFFC /* ToolHIDHelper.m */ = {isa = PBXFileReference; fileEncoding = 4; lastKnownFileType = sourcecode.c.objc; path = ToolHIDHelper.m; sourceTree = "<group>"; };
		7AF9B0F02728E4250070F8A4 /* ToolBLESMPCommand.m */ = {isa = PBXFileReference; fileEncoding = 4; lastKnownFileType = sourcecode.c.objc; path = ToolBLESMPCommand.m; sourceTree = "<group>"; };
		7AF9B0F12728E4250070F8A4 /* ToolBLESMPCommand.h */ = {isa = PBXFileReference; fileEncoding = 4; lastKnownFileType = sourcecode.c.h; path = ToolBLESMPCommand.h; sourceTree = "<group>"; };
/* End PBXFileReference section */

/* Begin PBXFrameworksBuildPhase section */
		64ED9A721647439300F39EAE /* Frameworks */ = {
			isa = PBXFrameworksBuildPhase;
			buildActionMask = 2147483647;
			files = (
				7A8402F322685792000F5E50 /* libtinycbor.a in Frameworks */,
				7A0EB185258066AA004ED59C /* PCSC.framework in Frameworks */,
				7A80509C2819066A000BF498 /* CoreImage.framework in Frameworks */,
				7A0D20BF22408EB90022EA8E /* IOKit.framework in Frameworks */,
				64ED9A9D164752C800F39EAE /* IOBluetooth.framework in Frameworks */,
				64ED9A7A1647439300F39EAE /* Cocoa.framework in Frameworks */,
				7AD6CA1C2050EED80076B096 /* libcrypto.a in Frameworks */,
			);
			runOnlyForDeploymentPostprocessing = 0;
		};
/* End PBXFrameworksBuildPhase section */

/* Begin PBXGroup section */
		64ED9A6A1647439300F39EAE = {
			isa = PBXGroup;
			children = (
				7ACBD8CB2566424D00722984 /* Entitlements.plist */,
				7A712EBA2570BC9400E45E2D /* tool_crypto */,
				7A4D116E271E62CD0095C29E /* BLEDFU */,
				7A75A6EC25677FDF003AF1A6 /* CCID */,
				7AB4B156271E6E340099D51B /* ClientPIN */,
				64ED9A7F1647439300F39EAE /* MaintenanceTool */,
				7A3F4F1628755CB5003CFE67 /* MaintenanceToolApp */,
				7AACA24F288677870093340D /* MaintenanceToolBLE */,
				7A9273FF2105AB590062FA89 /* MaintenanceToolCommon */,
				7ACABD832887CF9000756123 /* MaintenanceToolDFU */,
				7A199C0E28853ED300AF8B62 /* MaintenanceToolFIDO */,
				7A830EB92876C69B00DD7BE9 /* MaintenanceToolHcheck */,
				7A3F4F0D28755A0E003CFE67 /* MaintenanceToolUtility */,
				7A822075281A80D400FDBFA8 /* OATH */,
				7AB3C9B4276B139400DEDD0E /* OpenPGP */,
				7A6687902575CCA80054F0DE /* PIV */,
				7AA7464223C2C400001938A7 /* Resources */,
				7A4C217C287520DA005CC8D0 /* ToolCommon */,
				7A9167FF28FE479D0096A848 /* USBDFU */,
				64ED9A781647439300F39EAE /* Frameworks */,
				7ACA8D792251B55100B132E2 /* MaintenanceTool.app */,
			);
			sourceTree = "<group>";
		};
		64ED9A781647439300F39EAE /* Frameworks */ = {
			isa = PBXGroup;
			children = (
				7A80509B2819066A000BF498 /* CoreImage.framework */,
				7A0EB184258066AA004ED59C /* PCSC.framework */,
				7ACBD8C925663EFA00722984 /* CryptoTokenKit.framework */,
				7A0D20BE22408E920022EA8E /* IOKit.framework */,
				64ED9A9C164752C800F39EAE /* IOBluetooth.framework */,
				64ED9A791647439300F39EAE /* Cocoa.framework */,
				64ED9A7B1647439300F39EAE /* Other Frameworks */,
			);
			name = Frameworks;
			sourceTree = "<group>";
		};
		64ED9A7B1647439300F39EAE /* Other Frameworks */ = {
			isa = PBXGroup;
			children = (
				7A8402F22268570D000F5E50 /* libtinycbor.a */,
				7AD6CA1B2050EED80076B096 /* libcrypto.a */,
				64ED9A7C1647439300F39EAE /* AppKit.framework */,
				64ED9A7D1647439300F39EAE /* CoreData.framework */,
				64ED9A7E1647439300F39EAE /* Foundation.framework */,
			);
			name = "Other Frameworks";
			sourceTree = "<group>";
		};
		64ED9A7F1647439300F39EAE /* MaintenanceTool */ = {
			isa = PBXGroup;
			children = (
				7A3F4F252875633C003CFE67 /* icon.png */,
				7ADA84631FE36E6D00879CB4 /* Images.xcassets */,
				64ED9A8E1647439300F39EAE /* MainMenu.xib */,
				64ED9A801647439300F39EAE /* Supporting Files */,
			);
			path = MaintenanceTool;
			sourceTree = "<group>";
		};
		64ED9A801647439300F39EAE /* Supporting Files */ = {
			isa = PBXGroup;
			children = (
				64ED9A811647439300F39EAE /* MaintenanceTool-Info.plist */,
				64ED9A821647439300F39EAE /* InfoPlist.strings */,
				64ED9A851647439300F39EAE /* main.m */,
				64ED9A871647439300F39EAE /* MaintenanceTool-Prefix.pch */,
			);
			name = "Supporting Files";
			sourceTree = "<group>";
		};
		7A199C0E28853ED300AF8B62 /* MaintenanceToolFIDO */ = {
			isa = PBXGroup;
			children = (
				7A33FBF6288649F800EAF3C4 /* CTAP2ManageCommand.h */,
				7A33FBF728864A2000EAF3C4 /* CTAP2ManageCommand.m */,
				7A1BCD4D2886304E007AEE12 /* FIDOPinSettingWindow.h */,
				7A1BCD4928862DA6007AEE12 /* FIDOPinSettingWindow.m */,
				7A1BCD4A28862DA6007AEE12 /* FIDOPinSettingWindow.xib */,
				7A199C0F28853F5100AF8B62 /* FIDOSettingCommand.h */,
				7A199C1028853F7300AF8B62 /* FIDOSettingCommand.m */,
				7A199C13288545DB00AF8B62 /* FIDOSettingWindow.h */,
				7A199C14288545DB00AF8B62 /* FIDOSettingWindow.m */,
				7A199C12288545DB00AF8B62 /* FIDOSettingWindow.xib */,
			);
			path = MaintenanceToolFIDO;
			sourceTree = "<group>";
		};
		7A3F4F0D28755A0E003CFE67 /* MaintenanceToolUtility */ = {
			isa = PBXGroup;
			children = (
				7A3F4F1828755F91003CFE67 /* UtilityCommand.h */,
				7A3F4F1B28755F91003CFE67 /* UtilityCommand.m */,
				7A3F4F1928755F91003CFE67 /* UtilityWindow.h */,
				7A3F4F1A28755F91003CFE67 /* UtilityWindow.m */,
				7A3F4F1C28755F91003CFE67 /* UtilityWindow.xib */,
			);
			path = MaintenanceToolUtility;
			sourceTree = "<group>";
		};
		7A3F4F1628755CB5003CFE67 /* MaintenanceToolApp */ = {
			isa = PBXGroup;
			children = (
				7AD9827C287FF918002A6846 /* AppBLECommand.h */,
				7AD9827D287FF982002A6846 /* AppBLECommand.m */,
				7AD9827F287FFBC9002A6846 /* AppBLECommandDefine.h */,
				7AE533BD28765D1D00770A75 /* AppCommand.h */,
				7AE533BE28765D1D00770A75 /* AppCommand.m */,
				7A92D0E228754B140094D2DB /* AppCommonMessage.h */,
				7A3F4F1728755D12003CFE67 /* AppDefine.h */,
				64ED9A8B1647439300F39EAE /* AppDelegate.h */,
				64ED9A8C1647439300F39EAE /* AppDelegate.m */,
				7AF1CE622876A5D00065ECD3 /* AppHIDCommand.h */,
				7AF1CE632876A5D00065ECD3 /* AppHIDCommand.m */,
			);
			path = MaintenanceToolApp;
			sourceTree = "<group>";
		};
		7A4C217C287520DA005CC8D0 /* ToolCommon */ = {
			isa = PBXGroup;
			children = (
				7ACC0E0B28753B2E00B03F74 /* FIDODefines.h */,
				7A175F18287D62A80055F6B3 /* ToolBLEHelper.h */,
				7A175F19287D62ED0055F6B3 /* ToolBLEHelper.m */,
				7A175F1B287D654E0055F6B3 /* ToolBLEHelperDefine.h */,
				7A92D0E528754F3C0094D2DB /* ToolCommonFunc.h */,
				7A92D0E428754F3C0094D2DB /* ToolCommonFunc.m */,
				7A92D0E328754DD00094D2DB /* ToolCommonMessage.h */,
				7ACC0E06287522F900B03F74 /* ToolFilePanel.h */,
				7ACC0E05287522F900B03F74 /* ToolFilePanel.m */,
				7AF7B5DD28753E5A00D4DFFC /* ToolHIDHelper.h */,
				7AF7B5DE28753E5A00D4DFFC /* ToolHIDHelper.m */,
				7AE6031D287521A800DA5BF3 /* ToolLogFile.h */,
				7AE6031B2875218100DA5BF3 /* ToolLogFile.m */,
				7ACC0E092875241B00B03F74 /* ToolPopupWindow.h */,
				7ACC0E082875241B00B03F74 /* ToolPopupWindow.m */,
				7A3F4F2028755FB1003CFE67 /* ToolVersionWindow.h */,
				7A3F4F2128755FB1003CFE67 /* ToolVersionWindow.m */,
				7A3F4F2228755FB1003CFE67 /* ToolVersionWindow.xib */,
			);
			path = ToolCommon;
			sourceTree = "<group>";
		};
		7A4D116E271E62CD0095C29E /* BLEDFU */ = {
			isa = PBXGroup;
			children = (
				7AF4EDBC273507A000C126D9 /* BLEDFUDefine.h */,
				7ACFD89B27213EAF00AAEFE2 /* BLEDFUProcessingWindow.xib */,
				7ACFD89C27213EAF00AAEFE2 /* BLEDFUProcessingWindow.h */,
				7ACFD89D27213EAF00AAEFE2 /* BLEDFUProcessingWindow.m */,
				7ABDC69A272131F200F3E761 /* BLEDFUStartWindow.xib */,
				7A4D116F271E63340095C29E /* BLEDFUStartWindow.h */,
				7A4D1170271E63340095C29E /* BLEDFUStartWindow.m */,
				7A4D1172271E63C00095C29E /* ToolBLEDFUCommand.h */,
				7A4D1173271E63D30095C29E /* ToolBLEDFUCommand.m */,
				7AF9B0F12728E4250070F8A4 /* ToolBLESMPCommand.h */,
				7AF9B0F02728E4250070F8A4 /* ToolBLESMPCommand.m */,
				7AB0CEF1271FE82600DA96FD /* mcumgr_app_image.h */,
				7AB0CEF2271FE82600DA96FD /* mcumgr_app_image.c */,
				7AF422772730C9BE00D15457 /* mcumgr_cbor_decode.h */,
				7AB0410F2733625E00B80C53 /* mcumgr_cbor_decode.c */,
			);
			path = BLEDFU;
			sourceTree = "<group>";
		};
		7A6687902575CCA80054F0DE /* PIV */ = {
			isa = PBXGroup;
			children = (
				7AD501B92578883D00494B7C /* tool_piv_admin.h */,
				7AD501BA2578883D00494B7C /* tool_piv_admin.c */,
				7A6687942575CDB70054F0DE /* ToolPIVCommon.h */,
				7A6687932575CCF60054F0DE /* ToolPIVCommand.h */,
				7A6687912575CCC70054F0DE /* ToolPIVCommand.m */,
				7A41FCA52575E9F100CA06F9 /* ToolPIVImporter.h */,
				7A41FCA62575EA0D00CA06F9 /* ToolPIVImporter.m */,
				7AE4CBB225844C3C00691DBC /* ToolPIVSetting.h */,
				7AE4CBB025844C2200691DBC /* ToolPIVSetting.m */,
				7A568BEB2590326A006B5F5E /* PIVPreferenceWindow.xib */,
				7A568BED259044AF006B5F5E /* PIVPreferenceWindow.h */,
				7A568BEE2590451F006B5F5E /* PIVPreferenceWindow.m */,
			);
			path = PIV;
			sourceTree = "<group>";
		};
		7A712EBA2570BC9400E45E2D /* tool_crypto */ = {
			isa = PBXGroup;
			children = (
				7A25976B257889F500EF5924 /* tool_crypto_common.h */,
				7AA9288325872F4A00BC7F1B /* tool_crypto_common.c */,
				7ACC0BF4257770B800F4026B /* tool_crypto_certificate.h */,
				7ACC0BF5257770B800F4026B /* tool_crypto_certificate.c */,
				7A712EBB2570BCDC00E45E2D /* tool_crypto_des.h */,
				7A712EBC2570BCDC00E45E2D /* tool_crypto_des.c */,
				7A41FCA82575F0B000CA06F9 /* tool_crypto_private_key.h */,
				7A41FCA92575F0B000CA06F9 /* tool_crypto_private_key.c */,
			);
			path = tool_crypto;
			sourceTree = "<group>";
		};
		7A75A6EC25677FDF003AF1A6 /* CCID */ = {
			isa = PBXGroup;
			children = (
				7A0EB1862580768F004ED59C /* tool_pcsc.h */,
				7A0EB1872580768F004ED59C /* tool_pcsc.c */,
				7A75A6EF25679044003AF1A6 /* ToolCCIDCommon.h */,
				7A75A6EB25677E9B003AF1A6 /* ToolCCIDHelper.h */,
				7A75A6ED25678037003AF1A6 /* ToolCCIDHelper.m */,
			);
			path = CCID;
			sourceTree = "<group>";
		};
		7A822075281A80D400FDBFA8 /* OATH */ = {
			isa = PBXGroup;
			children = (
				7A822076281A811500FDBFA8 /* QRCodeUtil.h */,
				7A822077281A812F00FDBFA8 /* QRCodeUtil.m */,
			);
			path = OATH;
			sourceTree = "<group>";
		};
		7A830EB92876C69B00DD7BE9 /* MaintenanceToolHcheck */ = {
			isa = PBXGroup;
			children = (
				7A726F44287EAE3100DB456E /* CTAP2HcheckCommand.h */,
				7A726F45287EAEE600DB456E /* CTAP2HcheckCommand.m */,
				7AF042BD287D00D5009518C3 /* HcheckCommand.h */,
				7AF042BE287D00D5009518C3 /* HcheckCommand.m */,
				7AF042C4287D3113009518C3 /* HcheckPinWindow.h */,
				7AF042C5287D3113009518C3 /* HcheckPinWindow.m */,
				7AF042C2287D3064009518C3 /* HcheckPinWindow.xib */,
				7AF042BB287CFC69009518C3 /* HcheckWindow.h */,
				7AF042BA287CFC69009518C3 /* HcheckWindow.m */,
				7AF042B8287CF868009518C3 /* HcheckWindow.xib */,
				7A03A1D7287E879A00BADBB7 /* U2FHcheckCommand.h */,
				7A03A1D8287E87AE00BADBB7 /* U2FHcheckCommand.m */,
			);
			path = MaintenanceToolHcheck;
			sourceTree = "<group>";
		};
		7A9167FF28FE479D0096A848 /* USBDFU */ = {
			isa = PBXGroup;
			children = (
				7A91680728FE80B10096A848 /* nrf52_app_image.h */,
				7A91680628FE80B10096A848 /* nrf52_app_image.c */,
				7A86402C2900E35E008E9D1C /* usb_cdc_util.h */,
				7A86402D2900E35F008E9D1C /* usb_cdc_util.c */,
				7A86402E2900E35F008E9D1C /* usb_dfu_util.h */,
				7A86402B2900E35E008E9D1C /* usb_dfu_util.c */,
				7A8640262900D769008E9D1C /* USBDFUACMCommand.h */,
				7A8640272900D7AC008E9D1C /* USBDFUACMCommand.m */,
				7A91680028FE490D0096A848 /* USBDFUCommand.h */,
				7A91680128FE497E0096A848 /* USBDFUCommand.m */,
				7A95408D28FFCBE7006D5C33 /* USBDFUDefine.h */,
				7A91680328FE7A820096A848 /* USBDFUImage.h */,
				7A91680428FE7A990096A848 /* USBDFUImage.m */,
				7A95408E28FFCFD4006D5C33 /* USBDFUTransferCommand.h */,
				7A95408F28FFD007006D5C33 /* USBDFUTransferCommand.m */,
			);
			path = USBDFU;
			sourceTree = "<group>";
		};
		7A9273FF2105AB590062FA89 /* MaintenanceToolCommon */ = {
			isa = PBXGroup;
			children = (
				7A02D13028890C6B0090213C /* FirmwareResetCommand.h */,
				7A02D13128890C860090213C /* FirmwareResetCommand.m */,
				7A9274052105AB950062FA89 /* ToolCommon.h */,
				7A92740A2105AB960062FA89 /* ToolCommon.m */,
				7A66721E258ADEDE00CAF308 /* ToolInfoWindow.xib */,
				7A667222258ADF6300CAF308 /* ToolInfoWindow.h */,
				7A667220258ADF5000CAF308 /* ToolInfoWindow.m */,
				7AF43D12279E37080016086E /* ToolProcessingWindow.xib */,
				7AF43D14279E37080016086E /* ToolProcessingWindow.h */,
				7AF43D13279E37080016086E /* ToolProcessingWindow.m */,
			);
			path = MaintenanceToolCommon;
			sourceTree = "<group>";
		};
		7AA7464223C2C400001938A7 /* Resources */ = {
			isa = PBXGroup;
			children = (
				7A154FED2938BCA70042F01A /* app_update.PCA10095_01.0.4.8.bin */,
				7AAADCF42923225D0066BEFD /* appkg.PCA10059_01.0.3.6.zip */,
				7AAADCF52923225D0066BEFD /* appkg.PCA10059_02.0.3.6.zip */,
				7AAADCF32923225D0066BEFD /* appkg.PCA10059_03.0.3.6.zip */,
				7A292D8D27702A4E0010EE4A /* generate_main_key.sh */,
				7A292D8F27702D450010EE4A /* generate_main_key.param */,
				7A8528FE277176F10096F41D /* add_sub_key.sh */,
				7A8528FD277176F10096F41D /* add_sub_key.param */,
				7A306C4A27719FEA00AB6412 /* export_pubkey_and_backup.sh */,
				7AADEF5A2772ECBC00E186BA /* transfer_subkey_to_card.sh */,
				7AADEF592772ECBC00E186BA /* transfer_subkey_to_card.param */,
				7AF03FC4277C3BA400ED0E44 /* card_status.sh */,
				7AB6312A277B01FB004917B9 /* card_reset.sh */,
				7AB63129277B01FB004917B9 /* card_reset.param */,
				7A6C807427C4AE28002FEFC8 /* card_edit_passwd.sh */,
				7A6C807327C4AE28002FEFC8 /* card_edit_passwd.param */,
				7A6C807527C4AE28002FEFC8 /* card_edit_unblock.param */,
			);
			path = Resources;
			sourceTree = "<group>";
		};
		7AACA24F288677870093340D /* MaintenanceToolBLE */ = {
			isa = PBXGroup;
			children = (
				7A23613D28868E4A00322E93 /* BLEPairingCommand.h */,
				7A23613E28868E5F00322E93 /* BLEPairingCommand.m */,
				7A23613A28867D8E00322E93 /* BLESettingCommand.h */,
				7A23613B28867DA600322E93 /* BLESettingCommand.m */,
				7A23613628867A4200322E93 /* BLESettingWindow.h */,
				7A23613728867A4200322E93 /* BLESettingWindow.m */,
				7A23613528867A4200322E93 /* BLESettingWindow.xib */,
			);
			path = MaintenanceToolBLE;
			sourceTree = "<group>";
		};
		7AB3C9B4276B139400DEDD0E /* OpenPGP */ = {
			isa = PBXGroup;
			children = (
				7A72011927794E5400EE3AD6 /* PGPPreferenceWindow.h */,
				7A72011727794E5400EE3AD6 /* PGPPreferenceWindow.m */,
				7A72011827794E5400EE3AD6 /* PGPPreferenceWindow.xib */,
				7AB576E627CF039000DAFA3F /* ToolPGPCommon.h */,
				7AB3C9B5276B13CC00DEDD0E /* ToolPGPCommand.h */,
				7AB3C9B6276B13E900DEDD0E /* ToolPGPCommand.m */,
				7A314AC827CF1399009B4F77 /* ToolPGPCcidCommand.h */,
				7A314AC927CF13EF009B4F77 /* ToolPGPCcidCommand.m */,
			);
			path = OpenPGP;
			sourceTree = "<group>";
		};
		7AB4B156271E6E340099D51B /* ClientPIN */ = {
			isa = PBXGroup;
			children = (
				7AB4B167271E6E8B0099D51B /* AES256CBC.c */,
				7AB4B15B271E6E8B0099D51B /* AES256CBC.h */,
				7AB4B15E271E6E8B0099D51B /* CBORDecoder.c */,
				7AB4B165271E6E8B0099D51B /* CBORDecoder.h */,
				7AB4B160271E6E8B0099D51B /* CBOREncoder.c */,
				7AB4B161271E6E8B0099D51B /* CBOREncoder.h */,
				7AB4B166271E6E8B0099D51B /* debug_log.c */,
				7AB4B157271E6E8B0099D51B /* debug_log.h */,
				7AB4B15C271E6E8B0099D51B /* ECDH.c */,
				7AB4B158271E6E8B0099D51B /* ECDH.h */,
				7AB4B15A271E6E8B0099D51B /* fido_blob.c */,
				7AB4B168271E6E8B0099D51B /* fido_blob.h */,
				7AB4B162271E6E8B0099D51B /* fido_crypto.c */,
				7AB4B15D271E6E8B0099D51B /* fido_crypto.h */,
			);
			path = ClientPIN;
			sourceTree = "<group>";
		};
		7ACABD832887CF9000756123 /* MaintenanceToolDFU */ = {
			isa = PBXGroup;
			children = (
				7A9167FD28FE30870096A848 /* DFUWindow.h */,
				7A9167FC28FE30870096A848 /* DFUWindow.m */,
				7A9167FA28FE2B1E0096A848 /* DFUWindow.xib */,
				7ACABD842887CFF100756123 /* DFUCommand.h */,
				7ACABD852887D00500756123 /* DFUCommand.m */,
			);
			path = MaintenanceToolDFU;
			sourceTree = "<group>";
		};
/* End PBXGroup section */

/* Begin PBXNativeTarget section */
		64ED9A741647439300F39EAE /* MaintenanceTool */ = {
			isa = PBXNativeTarget;
			buildConfigurationList = 64ED9A931647439300F39EAE /* Build configuration list for PBXNativeTarget "MaintenanceTool" */;
			buildPhases = (
				64ED9A711647439300F39EAE /* Sources */,
				64ED9A721647439300F39EAE /* Frameworks */,
				64ED9A731647439300F39EAE /* Resources */,
			);
			buildRules = (
			);
			dependencies = (
			);
			name = MaintenanceTool;
			productName = CoreBluetoothOSXCentral;
			productReference = 7ACA8D792251B55100B132E2 /* MaintenanceTool.app */;
			productType = "com.apple.product-type.application";
		};
/* End PBXNativeTarget section */

/* Begin PBXProject section */
		64ED9A6C1647439300F39EAE /* Project object */ = {
			isa = PBXProject;
			attributes = {
				CLASSPREFIX = "";
				LastUpgradeCheck = 1150;
			};
			buildConfigurationList = 64ED9A6F1647439300F39EAE /* Build configuration list for PBXProject "MaintenanceTool" */;
			compatibilityVersion = "Xcode 3.2";
			developmentRegion = en;
			hasScannedForEncodings = 0;
			knownRegions = (
				en,
			);
			mainGroup = 64ED9A6A1647439300F39EAE;
			productRefGroup = 64ED9A6A1647439300F39EAE;
			projectDirPath = "";
			projectRoot = "";
			targets = (
				64ED9A741647439300F39EAE /* MaintenanceTool */,
			);
		};
/* End PBXProject section */

/* Begin PBXResourcesBuildPhase section */
		64ED9A731647439300F39EAE /* Resources */ = {
			isa = PBXResourcesBuildPhase;
			buildActionMask = 2147483647;
			files = (
				7A72011B27794E5400EE3AD6 /* PGPPreferenceWindow.xib in Resources */,
				7A3F4F262875633C003CFE67 /* icon.png in Resources */,
				7A3F4F1F28755F91003CFE67 /* UtilityWindow.xib in Resources */,
				7A292D9027702D450010EE4A /* generate_main_key.param in Resources */,
				7AADEF5C2772ECBC00E186BA /* transfer_subkey_to_card.sh in Resources */,
				7A23613828867A4200322E93 /* BLESettingWindow.xib in Resources */,
				7ACBD8CC2566424D00722984 /* Entitlements.plist in Resources */,
				7ACFD89E27213EAF00AAEFE2 /* BLEDFUProcessingWindow.xib in Resources */,
				7AF042B9287CF868009518C3 /* HcheckWindow.xib in Resources */,
				7A8528FF277176F10096F41D /* add_sub_key.param in Resources */,
				7A154FEE2938BCA70042F01A /* app_update.PCA10095_01.0.4.8.bin in Resources */,
				7A9167FB28FE2B1E0096A848 /* DFUWindow.xib in Resources */,
				7AAADCF62923225D0066BEFD /* appkg.PCA10059_03.0.3.6.zip in Resources */,
				7A306C4B27719FEA00AB6412 /* export_pubkey_and_backup.sh in Resources */,
				7AB6312C277B01FB004917B9 /* card_reset.sh in Resources */,
				7A6C807727C4AE28002FEFC8 /* card_edit_passwd.sh in Resources */,
				7AF03FC5277C3BA400ED0E44 /* card_status.sh in Resources */,
				7A66721F258ADEDE00CAF308 /* ToolInfoWindow.xib in Resources */,
				7AF43D15279E37080016086E /* ToolProcessingWindow.xib in Resources */,
				7A6C807827C4AE28002FEFC8 /* card_edit_unblock.param in Resources */,
				7AB6312B277B01FB004917B9 /* card_reset.param in Resources */,
				7AADEF5B2772ECBC00E186BA /* transfer_subkey_to_card.param in Resources */,
				7A292D8E27702A4E0010EE4A /* generate_main_key.sh in Resources */,
				7AF042C3287D3064009518C3 /* HcheckPinWindow.xib in Resources */,
				7ADA84641FE36E6D00879CB4 /* Images.xcassets in Resources */,
				7A199C15288545DB00AF8B62 /* FIDOSettingWindow.xib in Resources */,
				7A3F4F2428755FB1003CFE67 /* ToolVersionWindow.xib in Resources */,
				7AAADCF72923225D0066BEFD /* appkg.PCA10059_01.0.3.6.zip in Resources */,
				7AAADCF82923225D0066BEFD /* appkg.PCA10059_02.0.3.6.zip in Resources */,
				7A568BEC2590326A006B5F5E /* PIVPreferenceWindow.xib in Resources */,
				64ED9A841647439300F39EAE /* InfoPlist.strings in Resources */,
				7A6C807627C4AE28002FEFC8 /* card_edit_passwd.param in Resources */,
				7A852900277176F10096F41D /* add_sub_key.sh in Resources */,
				7ABDC69B272131F200F3E761 /* BLEDFUStartWindow.xib in Resources */,
				7A1BCD4C28862DA6007AEE12 /* FIDOPinSettingWindow.xib in Resources */,
				64ED9A901647439300F39EAE /* MainMenu.xib in Resources */,
			);
			runOnlyForDeploymentPostprocessing = 0;
		};
/* End PBXResourcesBuildPhase section */

/* Begin PBXSourcesBuildPhase section */
		64ED9A711647439300F39EAE /* Sources */ = {
			isa = PBXSourcesBuildPhase;
			buildActionMask = 2147483647;
			files = (
				7AB4B16B271E6E8B0099D51B /* fido_blob.c in Sources */,
				7ACABD862887D00500756123 /* DFUCommand.m in Sources */,
				7AF1CE642876A5D00065ECD3 /* AppHIDCommand.m in Sources */,
				7A91680228FE497E0096A848 /* USBDFUCommand.m in Sources */,
				7AD9827E287FF982002A6846 /* AppBLECommand.m in Sources */,
				7A314ACA27CF13EF009B4F77 /* ToolPGPCcidCommand.m in Sources */,
				7A9167FE28FE30870096A848 /* DFUWindow.m in Sources */,
				7A667221258ADF5000CAF308 /* ToolInfoWindow.m in Sources */,
				7A199C1128853F7300AF8B62 /* FIDOSettingCommand.m in Sources */,
				7AE533BF28765D1D00770A75 /* AppCommand.m in Sources */,
				7AE6031C2875218100DA5BF3 /* ToolLogFile.m in Sources */,
				7AB3C9B7276B13E900DEDD0E /* ToolPGPCommand.m in Sources */,
				7A33FBF828864A2000EAF3C4 /* CTAP2ManageCommand.m in Sources */,
				7A8640282900D7AC008E9D1C /* USBDFUACMCommand.m in Sources */,
				7A75A6EE25678037003AF1A6 /* ToolCCIDHelper.m in Sources */,
				7AB4B16D271E6E8B0099D51B /* CBORDecoder.c in Sources */,
				64ED9A861647439300F39EAE /* main.m in Sources */,
				7A03A1D9287E87AE00BADBB7 /* U2FHcheckCommand.m in Sources */,
				7A8640302900E35F008E9D1C /* usb_cdc_util.c in Sources */,
				7AF042C6287D3113009518C3 /* HcheckPinWindow.m in Sources */,
				7AB0CEF3271FE82600DA96FD /* mcumgr_app_image.c in Sources */,
				7ACC0E07287522F900B03F74 /* ToolFilePanel.m in Sources */,
				7A712EBD2570BCDC00E45E2D /* tool_crypto_des.c in Sources */,
				7A3F4F1E28755F91003CFE67 /* UtilityCommand.m in Sources */,
				7A726F46287EAEE600DB456E /* CTAP2HcheckCommand.m in Sources */,
				7A72011A27794E5400EE3AD6 /* PGPPreferenceWindow.m in Sources */,
				7AB041102733625E00B80C53 /* mcumgr_cbor_decode.c in Sources */,
				7AF9B0F22728E4250070F8A4 /* ToolBLESMPCommand.m in Sources */,
				7AB4B16C271E6E8B0099D51B /* ECDH.c in Sources */,
				7AB4B16F271E6E8B0099D51B /* CBOREncoder.c in Sources */,
				7A91680528FE7A990096A848 /* USBDFUImage.m in Sources */,
				7AB4B170271E6E8B0099D51B /* fido_crypto.c in Sources */,
				7A23613928867A4200322E93 /* BLESettingWindow.m in Sources */,
				7AF43D16279E37080016086E /* ToolProcessingWindow.m in Sources */,
				7ACFD89F27213EAF00AAEFE2 /* BLEDFUProcessingWindow.m in Sources */,
				7A02D13228890C860090213C /* FirmwareResetCommand.m in Sources */,
				64ED9A8D1647439300F39EAE /* AppDelegate.m in Sources */,
				7A0EB1882580768F004ED59C /* tool_pcsc.c in Sources */,
				7A199C16288545DB00AF8B62 /* FIDOSettingWindow.m in Sources */,
				7AF7B5DF28753E5A00D4DFFC /* ToolHIDHelper.m in Sources */,
				7A568BEF2590451F006B5F5E /* PIVPreferenceWindow.m in Sources */,
				7A4D1174271E63D30095C29E /* ToolBLEDFUCommand.m in Sources */,
				7AF042BC287CFC69009518C3 /* HcheckWindow.m in Sources */,
				7A23613F28868E5F00322E93 /* BLEPairingCommand.m in Sources */,
				7AB4B174271E6E8B0099D51B /* AES256CBC.c in Sources */,
				7ACC0BF6257770B800F4026B /* tool_crypto_certificate.c in Sources */,
				7A41FCA72575EA0D00CA06F9 /* ToolPIVImporter.m in Sources */,
				7ACC0E0A2875241B00B03F74 /* ToolPopupWindow.m in Sources */,
				7A3F4F2328755FB1003CFE67 /* ToolVersionWindow.m in Sources */,
				7A86402F2900E35F008E9D1C /* usb_dfu_util.c in Sources */,
				7A23613C28867DA600322E93 /* BLESettingCommand.m in Sources */,
				7AB4B173271E6E8B0099D51B /* debug_log.c in Sources */,
				7A3F4F1D28755F91003CFE67 /* UtilityWindow.m in Sources */,
				7A92740F2105AB960062FA89 /* ToolCommon.m in Sources */,
				7A1BCD4B28862DA6007AEE12 /* FIDOPinSettingWindow.m in Sources */,
				7AF042BF287D00D5009518C3 /* HcheckCommand.m in Sources */,
				7A822078281A812F00FDBFA8 /* QRCodeUtil.m in Sources */,
				7A91680828FE80B10096A848 /* nrf52_app_image.c in Sources */,
				7A175F1A287D62ED0055F6B3 /* ToolBLEHelper.m in Sources */,
				7AE4CBB125844C2200691DBC /* ToolPIVSetting.m in Sources */,
				7A4D1171271E63340095C29E /* BLEDFUStartWindow.m in Sources */,
				7A6687922575CCC70054F0DE /* ToolPIVCommand.m in Sources */,
				7A92D0E628754F3C0094D2DB /* ToolCommonFunc.m in Sources */,
				7AA9288425872F4A00BC7F1B /* tool_crypto_common.c in Sources */,
				7AD501BB2578883D00494B7C /* tool_piv_admin.c in Sources */,
				7A41FCAA2575F0B000CA06F9 /* tool_crypto_private_key.c in Sources */,
				7A95409028FFD007006D5C33 /* USBDFUTransferCommand.m in Sources */,
			);
			runOnlyForDeploymentPostprocessing = 0;
		};
/* End PBXSourcesBuildPhase section */

/* Begin PBXVariantGroup section */
		64ED9A821647439300F39EAE /* InfoPlist.strings */ = {
			isa = PBXVariantGroup;
			children = (
				64ED9A831647439300F39EAE /* en */,
			);
			name = InfoPlist.strings;
			sourceTree = "<group>";
		};
		64ED9A8E1647439300F39EAE /* MainMenu.xib */ = {
			isa = PBXVariantGroup;
			children = (
				64ED9A8F1647439300F39EAE /* en */,
			);
			name = MainMenu.xib;
			sourceTree = "<group>";
		};
/* End PBXVariantGroup section */

/* Begin XCBuildConfiguration section */
		64ED9A911647439300F39EAE /* Debug */ = {
			isa = XCBuildConfiguration;
			buildSettings = {
				ALWAYS_SEARCH_USER_PATHS = NO;
				CLANG_CXX_LANGUAGE_STANDARD = "gnu++0x";
				CLANG_CXX_LIBRARY = "libc++";
				CLANG_ENABLE_OBJC_ARC = YES;
				CLANG_WARN_BLOCK_CAPTURE_AUTORELEASING = YES;
				CLANG_WARN_BOOL_CONVERSION = YES;
				CLANG_WARN_COMMA = YES;
				CLANG_WARN_CONSTANT_CONVERSION = YES;
				CLANG_WARN_DEPRECATED_OBJC_IMPLEMENTATIONS = YES;
				CLANG_WARN_EMPTY_BODY = YES;
				CLANG_WARN_ENUM_CONVERSION = YES;
				CLANG_WARN_INFINITE_RECURSION = YES;
				CLANG_WARN_INT_CONVERSION = YES;
				CLANG_WARN_NON_LITERAL_NULL_CONVERSION = YES;
				CLANG_WARN_OBJC_IMPLICIT_RETAIN_SELF = YES;
				CLANG_WARN_OBJC_LITERAL_CONVERSION = YES;
				CLANG_WARN_RANGE_LOOP_ANALYSIS = YES;
				CLANG_WARN_STRICT_PROTOTYPES = YES;
				CLANG_WARN_SUSPICIOUS_MOVE = YES;
				CLANG_WARN_UNREACHABLE_CODE = YES;
				CLANG_WARN__DUPLICATE_METHOD_MATCH = YES;
				COPY_PHASE_STRIP = NO;
				ENABLE_STRICT_OBJC_MSGSEND = YES;
				ENABLE_TESTABILITY = YES;
				GCC_C_LANGUAGE_STANDARD = gnu99;
				GCC_DYNAMIC_NO_PIC = NO;
				GCC_ENABLE_OBJC_EXCEPTIONS = YES;
				GCC_NO_COMMON_BLOCKS = YES;
				GCC_OPTIMIZATION_LEVEL = 0;
				GCC_PREPROCESSOR_DEFINITIONS = (
					"DEBUG=1",
					"$(inherited)",
				);
				GCC_SYMBOLS_PRIVATE_EXTERN = NO;
				GCC_WARN_64_TO_32_BIT_CONVERSION = YES;
				GCC_WARN_ABOUT_RETURN_TYPE = YES;
				GCC_WARN_UNDECLARED_SELECTOR = YES;
				GCC_WARN_UNINITIALIZED_AUTOS = YES;
				GCC_WARN_UNUSED_FUNCTION = YES;
				GCC_WARN_UNUSED_VARIABLE = YES;
				MACOSX_DEPLOYMENT_TARGET = 10.12;
				ONLY_ACTIVE_ARCH = YES;
				SDKROOT = macosx;
			};
			name = Debug;
		};
		64ED9A921647439300F39EAE /* Release */ = {
			isa = XCBuildConfiguration;
			buildSettings = {
				ALWAYS_SEARCH_USER_PATHS = NO;
				CLANG_CXX_LANGUAGE_STANDARD = "gnu++0x";
				CLANG_CXX_LIBRARY = "libc++";
				CLANG_ENABLE_OBJC_ARC = YES;
				CLANG_WARN_BLOCK_CAPTURE_AUTORELEASING = YES;
				CLANG_WARN_BOOL_CONVERSION = YES;
				CLANG_WARN_COMMA = YES;
				CLANG_WARN_CONSTANT_CONVERSION = YES;
				CLANG_WARN_DEPRECATED_OBJC_IMPLEMENTATIONS = YES;
				CLANG_WARN_EMPTY_BODY = YES;
				CLANG_WARN_ENUM_CONVERSION = YES;
				CLANG_WARN_INFINITE_RECURSION = YES;
				CLANG_WARN_INT_CONVERSION = YES;
				CLANG_WARN_NON_LITERAL_NULL_CONVERSION = YES;
				CLANG_WARN_OBJC_IMPLICIT_RETAIN_SELF = YES;
				CLANG_WARN_OBJC_LITERAL_CONVERSION = YES;
				CLANG_WARN_RANGE_LOOP_ANALYSIS = YES;
				CLANG_WARN_STRICT_PROTOTYPES = YES;
				CLANG_WARN_SUSPICIOUS_MOVE = YES;
				CLANG_WARN_UNREACHABLE_CODE = YES;
				CLANG_WARN__DUPLICATE_METHOD_MATCH = YES;
				COPY_PHASE_STRIP = YES;
				DEBUG_INFORMATION_FORMAT = "dwarf-with-dsym";
				ENABLE_STRICT_OBJC_MSGSEND = YES;
				GCC_C_LANGUAGE_STANDARD = gnu99;
				GCC_ENABLE_OBJC_EXCEPTIONS = YES;
				GCC_NO_COMMON_BLOCKS = YES;
				GCC_WARN_64_TO_32_BIT_CONVERSION = YES;
				GCC_WARN_ABOUT_RETURN_TYPE = YES;
				GCC_WARN_UNDECLARED_SELECTOR = YES;
				GCC_WARN_UNINITIALIZED_AUTOS = YES;
				GCC_WARN_UNUSED_FUNCTION = YES;
				GCC_WARN_UNUSED_VARIABLE = YES;
				MACOSX_DEPLOYMENT_TARGET = 10.12;
				SDKROOT = macosx;
			};
			name = Release;
		};
		64ED9A941647439300F39EAE /* Debug */ = {
			isa = XCBuildConfiguration;
			buildSettings = {
				ASSETCATALOG_COMPILER_APPICON_NAME = AppIcon;
				CODE_SIGN_ENTITLEMENTS = Entitlements.plist;
				CODE_SIGN_IDENTITY = "-";
				COMBINE_HIDPI_IMAGES = YES;
				CURRENT_PROJECT_VERSION = 61;
				DYLIB_INSTALL_NAME_BASE = "";
				FRAMEWORK_SEARCH_PATHS = "";
				GCC_PRECOMPILE_PREFIX_HEADER = YES;
				GCC_PREFIX_HEADER = "MaintenanceTool/MaintenanceTool-Prefix.pch";
				HEADER_SEARCH_PATHS = (
					"/usr/local/opt/openssl@1.1/include",
					"${HOME}/GitHub/tinycbor/src",
				);
				INFOPLIST_FILE = "MaintenanceTool/MaintenanceTool-Info.plist";
				LD_DYLIB_INSTALL_NAME = "";
				LIBRARY_SEARCH_PATHS = "$(PROJECT_DIR)";
				MACOSX_DEPLOYMENT_TARGET = 10.12;
				MARKETING_VERSION = 0.2.1;
				PRODUCT_BUNDLE_IDENTIFIER = jp.co.diverta.MaintenanceTool;
				PRODUCT_NAME = "$(TARGET_NAME)";
				WRAPPER_EXTENSION = app;
			};
			name = Debug;
		};
		64ED9A951647439300F39EAE /* Release */ = {
			isa = XCBuildConfiguration;
			buildSettings = {
				ASSETCATALOG_COMPILER_APPICON_NAME = AppIcon;
				CODE_SIGN_ENTITLEMENTS = Entitlements.plist;
				CODE_SIGN_IDENTITY = "-";
				COMBINE_HIDPI_IMAGES = YES;
				CURRENT_PROJECT_VERSION = 61;
				DEVELOPMENT_TEAM = "";
				DYLIB_INSTALL_NAME_BASE = "";
				FRAMEWORK_SEARCH_PATHS = "";
				GCC_PRECOMPILE_PREFIX_HEADER = YES;
				GCC_PREFIX_HEADER = "MaintenanceTool/MaintenanceTool-Prefix.pch";
				HEADER_SEARCH_PATHS = (
					"/usr/local/opt/openssl@1.1/include",
					"${HOME}/GitHub/tinycbor/src",
				);
				INFOPLIST_FILE = "MaintenanceTool/MaintenanceTool-Info.plist";
				LD_DYLIB_INSTALL_NAME = "";
				LIBRARY_SEARCH_PATHS = "$(PROJECT_DIR)";
				MACOSX_DEPLOYMENT_TARGET = 10.12;
				MARKETING_VERSION = 0.2.1;
				PRODUCT_BUNDLE_IDENTIFIER = jp.co.diverta.MaintenanceTool;
				PRODUCT_NAME = "$(TARGET_NAME)";
				PROVISIONING_PROFILE_SPECIFIER = "";
				WRAPPER_EXTENSION = app;
			};
			name = Release;
		};
/* End XCBuildConfiguration section */

/* Begin XCConfigurationList section */
		64ED9A6F1647439300F39EAE /* Build configuration list for PBXProject "MaintenanceTool" */ = {
			isa = XCConfigurationList;
			buildConfigurations = (
				64ED9A911647439300F39EAE /* Debug */,
				64ED9A921647439300F39EAE /* Release */,
			);
			defaultConfigurationIsVisible = 0;
			defaultConfigurationName = Release;
		};
		64ED9A931647439300F39EAE /* Build configuration list for PBXNativeTarget "MaintenanceTool" */ = {
			isa = XCConfigurationList;
			buildConfigurations = (
				64ED9A941647439300F39EAE /* Debug */,
				64ED9A951647439300F39EAE /* Release */,
			);
			defaultConfigurationIsVisible = 0;
			defaultConfigurationName = Release;
		};
/* End XCConfigurationList section */
	};
	rootObject = 64ED9A6C1647439300F39EAE /* Project object */;
}
