// !$*UTF8*$!
{
	archiveVersion = 1;
	classes = {
	};
	objectVersion = 46;
	objects = {

/* Begin PBXBuildFile section */
		64ED9A7A1647439300F39EAE /* Cocoa.framework in Frameworks */ = {isa = PBXBuildFile; fileRef = 64ED9A791647439300F39EAE /* Cocoa.framework */; };
		64ED9A841647439300F39EAE /* InfoPlist.strings in Resources */ = {isa = PBXBuildFile; fileRef = 64ED9A821647439300F39EAE /* InfoPlist.strings */; };
		64ED9A861647439300F39EAE /* main.m in Sources */ = {isa = PBXBuildFile; fileRef = 64ED9A851647439300F39EAE /* main.m */; };
		64ED9A8D1647439300F39EAE /* AppDelegate.m in Sources */ = {isa = PBXBuildFile; fileRef = 64ED9A8C1647439300F39EAE /* AppDelegate.m */; };
		64ED9A901647439300F39EAE /* MainMenu.xib in Resources */ = {isa = PBXBuildFile; fileRef = 64ED9A8E1647439300F39EAE /* MainMenu.xib */; };
		64ED9A9D164752C800F39EAE /* IOBluetooth.framework in Frameworks */ = {isa = PBXBuildFile; fileRef = 64ED9A9C164752C800F39EAE /* IOBluetooth.framework */; };
		7A0D20BC2240899B0022EA8E /* ToolHIDHelper.m in Sources */ = {isa = PBXBuildFile; fileRef = 7A0D20BB2240899B0022EA8E /* ToolHIDHelper.m */; };
		7A0D20BF22408EB90022EA8E /* IOKit.framework in Frameworks */ = {isa = PBXBuildFile; fileRef = 7A0D20BE22408E920022EA8E /* IOKit.framework */; };
		7A0EB185258066AA004ED59C /* PCSC.framework in Frameworks */ = {isa = PBXBuildFile; fileRef = 7A0EB184258066AA004ED59C /* PCSC.framework */; };
		7A0EB1882580768F004ED59C /* tool_pcsc.c in Sources */ = {isa = PBXBuildFile; fileRef = 7A0EB1872580768F004ED59C /* tool_pcsc.c */; };
		7A1F778A2744994800B3B1A8 /* ToolFIDOAttestationCommand.m in Sources */ = {isa = PBXBuildFile; fileRef = 7A1F77892744994800B3B1A8 /* ToolFIDOAttestationCommand.m */; };
		7A292D8E27702A4E0010EE4A /* generate_main_key.sh in Resources */ = {isa = PBXBuildFile; fileRef = 7A292D8D27702A4E0010EE4A /* generate_main_key.sh */; };
		7A292D9027702D450010EE4A /* generate_main_key.param in Resources */ = {isa = PBXBuildFile; fileRef = 7A292D8F27702D450010EE4A /* generate_main_key.param */; };
		7A306C4B27719FEA00AB6412 /* export_pubkey_and_backup.sh in Resources */ = {isa = PBXBuildFile; fileRef = 7A306C4A27719FEA00AB6412 /* export_pubkey_and_backup.sh */; };
		7A314ACA27CF13EF009B4F77 /* ToolPGPCcidCommand.m in Sources */ = {isa = PBXBuildFile; fileRef = 7A314AC927CF13EF009B4F77 /* ToolPGPCcidCommand.m */; };
		7A3A1B20271E6F7E006864A1 /* PinCodeParamWindow.m in Sources */ = {isa = PBXBuildFile; fileRef = 7A3A1B19271E6F7E006864A1 /* PinCodeParamWindow.m */; };
		7A3A1B21271E6F7E006864A1 /* ToolCTAP2HealthCheckCommand.m in Sources */ = {isa = PBXBuildFile; fileRef = 7A3A1B1D271E6F7E006864A1 /* ToolCTAP2HealthCheckCommand.m */; };
		7A3A1B22271E6F7E006864A1 /* PinCodeParamWindow.xib in Resources */ = {isa = PBXBuildFile; fileRef = 7A3A1B1E271E6F7E006864A1 /* PinCodeParamWindow.xib */; };
		7A3A1B23271E6F7E006864A1 /* ToolU2FHealthCheckCommand.m in Sources */ = {isa = PBXBuildFile; fileRef = 7A3A1B1F271E6F7E006864A1 /* ToolU2FHealthCheckCommand.m */; };
		7A3A1B29271E6F8D006864A1 /* ToolPreferenceWindow.xib in Resources */ = {isa = PBXBuildFile; fileRef = 7A3A1B25271E6F8D006864A1 /* ToolPreferenceWindow.xib */; };
		7A3A1B2A271E6F8D006864A1 /* ToolPreferenceCommand.m in Sources */ = {isa = PBXBuildFile; fileRef = 7A3A1B26271E6F8D006864A1 /* ToolPreferenceCommand.m */; };
		7A3A1B2B271E6F8D006864A1 /* ToolPreferenceWindow.m in Sources */ = {isa = PBXBuildFile; fileRef = 7A3A1B28271E6F8D006864A1 /* ToolPreferenceWindow.m */; };
		7A3D872E27C337F100AC8DAD /* appkg.PCA10059_02.0.3.4.zip in Resources */ = {isa = PBXBuildFile; fileRef = 7A3D872C27C337F100AC8DAD /* appkg.PCA10059_02.0.3.4.zip */; };
		7A3D872F27C337F100AC8DAD /* appkg.PCA10059_01.0.3.4.zip in Resources */ = {isa = PBXBuildFile; fileRef = 7A3D872D27C337F100AC8DAD /* appkg.PCA10059_01.0.3.4.zip */; };
		7A41F22C2043B2D40055ACBF /* ToolPopupWindow.m in Sources */ = {isa = PBXBuildFile; fileRef = 7A41F22B2043B2D40055ACBF /* ToolPopupWindow.m */; };
		7A41FCA72575EA0D00CA06F9 /* ToolPIVImporter.m in Sources */ = {isa = PBXBuildFile; fileRef = 7A41FCA62575EA0D00CA06F9 /* ToolPIVImporter.m */; };
		7A41FCAA2575F0B000CA06F9 /* tool_crypto_private_key.c in Sources */ = {isa = PBXBuildFile; fileRef = 7A41FCA92575F0B000CA06F9 /* tool_crypto_private_key.c */; };
		7A4B02C8274B3C4C00BF44C2 /* ToolDFUCommand.m in Sources */ = {isa = PBXBuildFile; fileRef = 7A4B02C7274B3C4C00BF44C2 /* ToolDFUCommand.m */; };
		7A4B02CC274B3C8B00BF44C2 /* ToolDFUWindow.m in Sources */ = {isa = PBXBuildFile; fileRef = 7A4B02C9274B3C8B00BF44C2 /* ToolDFUWindow.m */; };
		7A4B02CD274B3C8B00BF44C2 /* ToolDFUWindow.xib in Resources */ = {isa = PBXBuildFile; fileRef = 7A4B02CB274B3C8B00BF44C2 /* ToolDFUWindow.xib */; };
		7A4D1171271E63340095C29E /* BLEDFUStartWindow.m in Sources */ = {isa = PBXBuildFile; fileRef = 7A4D1170271E63340095C29E /* BLEDFUStartWindow.m */; };
		7A4D1174271E63D30095C29E /* ToolBLEDFUCommand.m in Sources */ = {isa = PBXBuildFile; fileRef = 7A4D1173271E63D30095C29E /* ToolBLEDFUCommand.m */; };
		7A4D1186271E6A750095C29E /* usb_cdc_util.c in Sources */ = {isa = PBXBuildFile; fileRef = 7A4D1178271E6A740095C29E /* usb_cdc_util.c */; };
		7A4D1187271E6A750095C29E /* ToolUSBDFUCommand.m in Sources */ = {isa = PBXBuildFile; fileRef = 7A4D117B271E6A740095C29E /* ToolUSBDFUCommand.m */; };
		7A4D1188271E6A750095C29E /* DFUProcessingWindow.xib in Resources */ = {isa = PBXBuildFile; fileRef = 7A4D117C271E6A740095C29E /* DFUProcessingWindow.xib */; };
		7A4D1189271E6A750095C29E /* DFUStartWindow.xib in Resources */ = {isa = PBXBuildFile; fileRef = 7A4D117D271E6A740095C29E /* DFUStartWindow.xib */; };
		7A4D118A271E6A750095C29E /* DFUProcessingWindow.m in Sources */ = {isa = PBXBuildFile; fileRef = 7A4D117E271E6A740095C29E /* DFUProcessingWindow.m */; };
		7A4D118B271E6A750095C29E /* nrf52_app_image.c in Sources */ = {isa = PBXBuildFile; fileRef = 7A4D117F271E6A740095C29E /* nrf52_app_image.c */; };
		7A4D118C271E6A750095C29E /* ToolCDCHelper.m in Sources */ = {isa = PBXBuildFile; fileRef = 7A4D1180271E6A740095C29E /* ToolCDCHelper.m */; };
		7A4D118D271E6A750095C29E /* DFUStartWindow.m in Sources */ = {isa = PBXBuildFile; fileRef = 7A4D1182271E6A740095C29E /* DFUStartWindow.m */; };
		7A4D118E271E6A750095C29E /* usb_dfu_util.c in Sources */ = {isa = PBXBuildFile; fileRef = 7A4D1184271E6A750095C29E /* usb_dfu_util.c */; };
		7A568BEC2590326A006B5F5E /* PIVPreferenceWindow.xib in Resources */ = {isa = PBXBuildFile; fileRef = 7A568BEB2590326A006B5F5E /* PIVPreferenceWindow.xib */; };
		7A568BEF2590451F006B5F5E /* PIVPreferenceWindow.m in Sources */ = {isa = PBXBuildFile; fileRef = 7A568BEE2590451F006B5F5E /* PIVPreferenceWindow.m */; };
		7A5E6160270EC2D400C4AA3D /* ToolBLEHelper.m in Sources */ = {isa = PBXBuildFile; fileRef = 7A5E615F270EC2D400C4AA3D /* ToolBLEHelper.m */; };
		7A629F4524C00245007ABA89 /* ToolContext.m in Sources */ = {isa = PBXBuildFile; fileRef = 7A629F4424C00245007ABA89 /* ToolContext.m */; };
		7A66721F258ADEDE00CAF308 /* ToolInfoWindow.xib in Resources */ = {isa = PBXBuildFile; fileRef = 7A66721E258ADEDE00CAF308 /* ToolInfoWindow.xib */; };
		7A667221258ADF5000CAF308 /* ToolInfoWindow.m in Sources */ = {isa = PBXBuildFile; fileRef = 7A667220258ADF5000CAF308 /* ToolInfoWindow.m */; };
		7A6687922575CCC70054F0DE /* ToolPIVCommand.m in Sources */ = {isa = PBXBuildFile; fileRef = 7A6687912575CCC70054F0DE /* ToolPIVCommand.m */; };
		7A6C807627C4AE28002FEFC8 /* card_edit_passwd.param in Resources */ = {isa = PBXBuildFile; fileRef = 7A6C807327C4AE28002FEFC8 /* card_edit_passwd.param */; };
		7A6C807727C4AE28002FEFC8 /* card_edit_passwd.sh in Resources */ = {isa = PBXBuildFile; fileRef = 7A6C807427C4AE28002FEFC8 /* card_edit_passwd.sh */; };
		7A6C807827C4AE28002FEFC8 /* card_edit_unblock.param in Resources */ = {isa = PBXBuildFile; fileRef = 7A6C807527C4AE28002FEFC8 /* card_edit_unblock.param */; };
		7A712EBD2570BCDC00E45E2D /* tool_crypto_des.c in Sources */ = {isa = PBXBuildFile; fileRef = 7A712EBC2570BCDC00E45E2D /* tool_crypto_des.c */; };
		7A72011A27794E5400EE3AD6 /* PGPPreferenceWindow.m in Sources */ = {isa = PBXBuildFile; fileRef = 7A72011727794E5400EE3AD6 /* PGPPreferenceWindow.m */; };
		7A72011B27794E5400EE3AD6 /* PGPPreferenceWindow.xib in Resources */ = {isa = PBXBuildFile; fileRef = 7A72011827794E5400EE3AD6 /* PGPPreferenceWindow.xib */; };
		7A75A6EE25678037003AF1A6 /* ToolCCIDHelper.m in Sources */ = {isa = PBXBuildFile; fileRef = 7A75A6ED25678037003AF1A6 /* ToolCCIDHelper.m */; };
		7A794B4D27CF59840076B268 /* app_update.PCA10095.0.4.3.bin in Resources */ = {isa = PBXBuildFile; fileRef = 7A794B4C27CF59840076B268 /* app_update.PCA10095.0.4.3.bin */; };
		7A8402F322685792000F5E50 /* libtinycbor.a in Frameworks */ = {isa = PBXBuildFile; fileRef = 7A8402F22268570D000F5E50 /* libtinycbor.a */; };
		7A8528FF277176F10096F41D /* add_sub_key.param in Resources */ = {isa = PBXBuildFile; fileRef = 7A8528FD277176F10096F41D /* add_sub_key.param */; };
		7A852900277176F10096F41D /* add_sub_key.sh in Resources */ = {isa = PBXBuildFile; fileRef = 7A8528FE277176F10096F41D /* add_sub_key.sh */; };
		7A8E0E2723791A2D00B47026 /* ToolLogFile.m in Sources */ = {isa = PBXBuildFile; fileRef = 7A8E0E2623791A2D00B47026 /* ToolLogFile.m */; };
		7A92740C2105AB960062FA89 /* ToolBLECommand.m in Sources */ = {isa = PBXBuildFile; fileRef = 7A9274032105AB950062FA89 /* ToolBLECommand.m */; };
		7A92740F2105AB960062FA89 /* ToolCommon.m in Sources */ = {isa = PBXBuildFile; fileRef = 7A92740A2105AB960062FA89 /* ToolCommon.m */; };
		7A9FC7EA22431F0B009F569B /* ToolInstallCommand.m in Sources */ = {isa = PBXBuildFile; fileRef = 7A9FC7E822431F0A009F569B /* ToolInstallCommand.m */; };
		7AA9288425872F4A00BC7F1B /* tool_crypto_common.c in Sources */ = {isa = PBXBuildFile; fileRef = 7AA9288325872F4A00BC7F1B /* tool_crypto_common.c */; };
		7AAC498E27448E4400AB3E67 /* FIDOAttestationWindow.m in Sources */ = {isa = PBXBuildFile; fileRef = 7AAC498B27448E4400AB3E67 /* FIDOAttestationWindow.m */; };
		7AAC498F27448E4400AB3E67 /* FIDOAttestationWindow.xib in Resources */ = {isa = PBXBuildFile; fileRef = 7AAC498C27448E4400AB3E67 /* FIDOAttestationWindow.xib */; };
		7AAD21E72717FD5900C5CCA4 /* ToolAppCommand.m in Sources */ = {isa = PBXBuildFile; fileRef = 7AAD21E62717FD5900C5CCA4 /* ToolAppCommand.m */; };
		7AADEF5B2772ECBC00E186BA /* transfer_subkey_to_card.param in Resources */ = {isa = PBXBuildFile; fileRef = 7AADEF592772ECBC00E186BA /* transfer_subkey_to_card.param */; };
		7AADEF5C2772ECBC00E186BA /* transfer_subkey_to_card.sh in Resources */ = {isa = PBXBuildFile; fileRef = 7AADEF5A2772ECBC00E186BA /* transfer_subkey_to_card.sh */; };
		7AB041102733625E00B80C53 /* mcumgr_cbor_decode.c in Sources */ = {isa = PBXBuildFile; fileRef = 7AB0410F2733625E00B80C53 /* mcumgr_cbor_decode.c */; };
		7AB0CEF3271FE82600DA96FD /* mcumgr_app_image.c in Sources */ = {isa = PBXBuildFile; fileRef = 7AB0CEF2271FE82600DA96FD /* mcumgr_app_image.c */; };
		7AB3BC7B22530BA000519124 /* ToolFilePanel.m in Sources */ = {isa = PBXBuildFile; fileRef = 7AB3BC7A22530BA000519124 /* ToolFilePanel.m */; };
		7AB3C9B7276B13E900DEDD0E /* ToolPGPCommand.m in Sources */ = {isa = PBXBuildFile; fileRef = 7AB3C9B6276B13E900DEDD0E /* ToolPGPCommand.m */; };
		7AB4B16B271E6E8B0099D51B /* fido_blob.c in Sources */ = {isa = PBXBuildFile; fileRef = 7AB4B15A271E6E8B0099D51B /* fido_blob.c */; };
		7AB4B16C271E6E8B0099D51B /* ECDH.c in Sources */ = {isa = PBXBuildFile; fileRef = 7AB4B15C271E6E8B0099D51B /* ECDH.c */; };
		7AB4B16D271E6E8B0099D51B /* CBORDecoder.c in Sources */ = {isa = PBXBuildFile; fileRef = 7AB4B15E271E6E8B0099D51B /* CBORDecoder.c */; };
		7AB4B16E271E6E8B0099D51B /* ToolClientPINCommand.m in Sources */ = {isa = PBXBuildFile; fileRef = 7AB4B15F271E6E8B0099D51B /* ToolClientPINCommand.m */; };
		7AB4B16F271E6E8B0099D51B /* CBOREncoder.c in Sources */ = {isa = PBXBuildFile; fileRef = 7AB4B160271E6E8B0099D51B /* CBOREncoder.c */; };
		7AB4B170271E6E8B0099D51B /* fido_crypto.c in Sources */ = {isa = PBXBuildFile; fileRef = 7AB4B162271E6E8B0099D51B /* fido_crypto.c */; };
		7AB4B171271E6E8B0099D51B /* SetPinParamWindow.m in Sources */ = {isa = PBXBuildFile; fileRef = 7AB4B163271E6E8B0099D51B /* SetPinParamWindow.m */; };
		7AB4B172271E6E8B0099D51B /* SetPinParamWindow.xib in Resources */ = {isa = PBXBuildFile; fileRef = 7AB4B164271E6E8B0099D51B /* SetPinParamWindow.xib */; };
		7AB4B173271E6E8B0099D51B /* debug_log.c in Sources */ = {isa = PBXBuildFile; fileRef = 7AB4B166271E6E8B0099D51B /* debug_log.c */; };
		7AB4B174271E6E8B0099D51B /* AES256CBC.c in Sources */ = {isa = PBXBuildFile; fileRef = 7AB4B167271E6E8B0099D51B /* AES256CBC.c */; };
		7AB6312B277B01FB004917B9 /* card_reset.param in Resources */ = {isa = PBXBuildFile; fileRef = 7AB63129277B01FB004917B9 /* card_reset.param */; };
		7AB6312C277B01FB004917B9 /* card_reset.sh in Resources */ = {isa = PBXBuildFile; fileRef = 7AB6312A277B01FB004917B9 /* card_reset.sh */; };
		7ABDC69B272131F200F3E761 /* BLEDFUStartWindow.xib in Resources */ = {isa = PBXBuildFile; fileRef = 7ABDC69A272131F200F3E761 /* BLEDFUStartWindow.xib */; };
		7ACBD8CC2566424D00722984 /* Entitlements.plist in Resources */ = {isa = PBXBuildFile; fileRef = 7ACBD8CB2566424D00722984 /* Entitlements.plist */; };
		7ACC0BF6257770B800F4026B /* tool_crypto_certificate.c in Sources */ = {isa = PBXBuildFile; fileRef = 7ACC0BF5257770B800F4026B /* tool_crypto_certificate.c */; };
		7ACFD89E27213EAF00AAEFE2 /* BLEDFUProcessingWindow.xib in Resources */ = {isa = PBXBuildFile; fileRef = 7ACFD89B27213EAF00AAEFE2 /* BLEDFUProcessingWindow.xib */; };
		7ACFD89F27213EAF00AAEFE2 /* BLEDFUProcessingWindow.m in Sources */ = {isa = PBXBuildFile; fileRef = 7ACFD89D27213EAF00AAEFE2 /* BLEDFUProcessingWindow.m */; };
		7AD501BB2578883D00494B7C /* tool_piv_admin.c in Sources */ = {isa = PBXBuildFile; fileRef = 7AD501BA2578883D00494B7C /* tool_piv_admin.c */; };
		7AD6CA1C2050EED80076B096 /* libcrypto.a in Frameworks */ = {isa = PBXBuildFile; fileRef = 7AD6CA1B2050EED80076B096 /* libcrypto.a */; };
		7ADA84641FE36E6D00879CB4 /* Images.xcassets in Resources */ = {isa = PBXBuildFile; fileRef = 7ADA84631FE36E6D00879CB4 /* Images.xcassets */; };
		7AE4CBB125844C2200691DBC /* ToolPIVSetting.m in Sources */ = {isa = PBXBuildFile; fileRef = 7AE4CBB025844C2200691DBC /* ToolPIVSetting.m */; };
		7AEAFD732241D3B300ABB6E6 /* ToolHIDCommand.m in Sources */ = {isa = PBXBuildFile; fileRef = 7AEAFD712241D3B300ABB6E6 /* ToolHIDCommand.m */; };
		7AF03FC5277C3BA400ED0E44 /* card_status.sh in Resources */ = {isa = PBXBuildFile; fileRef = 7AF03FC4277C3BA400ED0E44 /* card_status.sh */; };
		7AF43D15279E37080016086E /* ToolProcessingWindow.xib in Resources */ = {isa = PBXBuildFile; fileRef = 7AF43D12279E37080016086E /* ToolProcessingWindow.xib */; };
		7AF43D16279E37080016086E /* ToolProcessingWindow.m in Sources */ = {isa = PBXBuildFile; fileRef = 7AF43D13279E37080016086E /* ToolProcessingWindow.m */; };
		7AF9B0F22728E4250070F8A4 /* ToolBLESMPCommand.m in Sources */ = {isa = PBXBuildFile; fileRef = 7AF9B0F02728E4250070F8A4 /* ToolBLESMPCommand.m */; };
/* End PBXBuildFile section */

/* Begin PBXFileReference section */
		64ED9A791647439300F39EAE /* Cocoa.framework */ = {isa = PBXFileReference; lastKnownFileType = wrapper.framework; name = Cocoa.framework; path = System/Library/Frameworks/Cocoa.framework; sourceTree = SDKROOT; };
		64ED9A7C1647439300F39EAE /* AppKit.framework */ = {isa = PBXFileReference; lastKnownFileType = wrapper.framework; name = AppKit.framework; path = System/Library/Frameworks/AppKit.framework; sourceTree = SDKROOT; };
		64ED9A7D1647439300F39EAE /* CoreData.framework */ = {isa = PBXFileReference; lastKnownFileType = wrapper.framework; name = CoreData.framework; path = System/Library/Frameworks/CoreData.framework; sourceTree = SDKROOT; };
		64ED9A7E1647439300F39EAE /* Foundation.framework */ = {isa = PBXFileReference; lastKnownFileType = wrapper.framework; name = Foundation.framework; path = System/Library/Frameworks/Foundation.framework; sourceTree = SDKROOT; };
		64ED9A811647439300F39EAE /* MaintenanceTool-Info.plist */ = {isa = PBXFileReference; lastKnownFileType = text.plist.xml; path = "MaintenanceTool-Info.plist"; sourceTree = "<group>"; };
		64ED9A831647439300F39EAE /* en */ = {isa = PBXFileReference; lastKnownFileType = text.plist.strings; name = en; path = en.lproj/InfoPlist.strings; sourceTree = "<group>"; };
		64ED9A851647439300F39EAE /* main.m */ = {isa = PBXFileReference; lastKnownFileType = sourcecode.c.objc; path = main.m; sourceTree = "<group>"; };
		64ED9A871647439300F39EAE /* MaintenanceTool-Prefix.pch */ = {isa = PBXFileReference; lastKnownFileType = sourcecode.c.h; path = "MaintenanceTool-Prefix.pch"; sourceTree = "<group>"; };
		64ED9A8B1647439300F39EAE /* AppDelegate.h */ = {isa = PBXFileReference; lastKnownFileType = sourcecode.c.h; path = AppDelegate.h; sourceTree = "<group>"; };
		64ED9A8C1647439300F39EAE /* AppDelegate.m */ = {isa = PBXFileReference; lastKnownFileType = sourcecode.c.objc; path = AppDelegate.m; sourceTree = "<group>"; };
		64ED9A8F1647439300F39EAE /* en */ = {isa = PBXFileReference; lastKnownFileType = file.xib; name = en; path = en.lproj/MainMenu.xib; sourceTree = "<group>"; };
		64ED9A9C164752C800F39EAE /* IOBluetooth.framework */ = {isa = PBXFileReference; lastKnownFileType = wrapper.framework; name = IOBluetooth.framework; path = System/Library/Frameworks/IOBluetooth.framework; sourceTree = SDKROOT; };
		7A0D20BB2240899B0022EA8E /* ToolHIDHelper.m */ = {isa = PBXFileReference; lastKnownFileType = sourcecode.c.objc; path = ToolHIDHelper.m; sourceTree = "<group>"; };
		7A0D20BD224089E70022EA8E /* ToolHIDHelper.h */ = {isa = PBXFileReference; lastKnownFileType = sourcecode.c.h; path = ToolHIDHelper.h; sourceTree = "<group>"; };
		7A0D20BE22408E920022EA8E /* IOKit.framework */ = {isa = PBXFileReference; lastKnownFileType = wrapper.framework; name = IOKit.framework; path = System/Library/Frameworks/IOKit.framework; sourceTree = SDKROOT; };
		7A0EB184258066AA004ED59C /* PCSC.framework */ = {isa = PBXFileReference; lastKnownFileType = wrapper.framework; name = PCSC.framework; path = System/Library/Frameworks/PCSC.framework; sourceTree = SDKROOT; };
		7A0EB1862580768F004ED59C /* tool_pcsc.h */ = {isa = PBXFileReference; lastKnownFileType = sourcecode.c.h; path = tool_pcsc.h; sourceTree = "<group>"; };
		7A0EB1872580768F004ED59C /* tool_pcsc.c */ = {isa = PBXFileReference; lastKnownFileType = sourcecode.c.c; path = tool_pcsc.c; sourceTree = "<group>"; };
		7A1F77882744992900B3B1A8 /* ToolFIDOAttestationCommand.h */ = {isa = PBXFileReference; lastKnownFileType = sourcecode.c.h; path = ToolFIDOAttestationCommand.h; sourceTree = "<group>"; };
		7A1F77892744994800B3B1A8 /* ToolFIDOAttestationCommand.m */ = {isa = PBXFileReference; lastKnownFileType = sourcecode.c.objc; path = ToolFIDOAttestationCommand.m; sourceTree = "<group>"; };
		7A25976B257889F500EF5924 /* tool_crypto_common.h */ = {isa = PBXFileReference; lastKnownFileType = sourcecode.c.h; path = tool_crypto_common.h; sourceTree = "<group>"; };
		7A292D8D27702A4E0010EE4A /* generate_main_key.sh */ = {isa = PBXFileReference; fileEncoding = 4; lastKnownFileType = text.script.sh; path = generate_main_key.sh; sourceTree = "<group>"; };
		7A292D8F27702D450010EE4A /* generate_main_key.param */ = {isa = PBXFileReference; fileEncoding = 4; lastKnownFileType = text; path = generate_main_key.param; sourceTree = "<group>"; };
		7A306C4A27719FEA00AB6412 /* export_pubkey_and_backup.sh */ = {isa = PBXFileReference; fileEncoding = 4; lastKnownFileType = text.script.sh; path = export_pubkey_and_backup.sh; sourceTree = "<group>"; };
		7A314AC827CF1399009B4F77 /* ToolPGPCcidCommand.h */ = {isa = PBXFileReference; lastKnownFileType = sourcecode.c.h; path = ToolPGPCcidCommand.h; sourceTree = "<group>"; };
		7A314AC927CF13EF009B4F77 /* ToolPGPCcidCommand.m */ = {isa = PBXFileReference; lastKnownFileType = sourcecode.c.objc; path = ToolPGPCcidCommand.m; sourceTree = "<group>"; };
		7A3A1B19271E6F7E006864A1 /* PinCodeParamWindow.m */ = {isa = PBXFileReference; fileEncoding = 4; lastKnownFileType = sourcecode.c.objc; path = PinCodeParamWindow.m; sourceTree = "<group>"; };
		7A3A1B1A271E6F7E006864A1 /* ToolCTAP2HealthCheckCommand.h */ = {isa = PBXFileReference; fileEncoding = 4; lastKnownFileType = sourcecode.c.h; path = ToolCTAP2HealthCheckCommand.h; sourceTree = "<group>"; };
		7A3A1B1B271E6F7E006864A1 /* ToolU2FHealthCheckCommand.h */ = {isa = PBXFileReference; fileEncoding = 4; lastKnownFileType = sourcecode.c.h; path = ToolU2FHealthCheckCommand.h; sourceTree = "<group>"; };
		7A3A1B1C271E6F7E006864A1 /* PinCodeParamWindow.h */ = {isa = PBXFileReference; fileEncoding = 4; lastKnownFileType = sourcecode.c.h; path = PinCodeParamWindow.h; sourceTree = "<group>"; };
		7A3A1B1D271E6F7E006864A1 /* ToolCTAP2HealthCheckCommand.m */ = {isa = PBXFileReference; fileEncoding = 4; lastKnownFileType = sourcecode.c.objc; path = ToolCTAP2HealthCheckCommand.m; sourceTree = "<group>"; };
		7A3A1B1E271E6F7E006864A1 /* PinCodeParamWindow.xib */ = {isa = PBXFileReference; fileEncoding = 4; lastKnownFileType = file.xib; path = PinCodeParamWindow.xib; sourceTree = "<group>"; };
		7A3A1B1F271E6F7E006864A1 /* ToolU2FHealthCheckCommand.m */ = {isa = PBXFileReference; fileEncoding = 4; lastKnownFileType = sourcecode.c.objc; path = ToolU2FHealthCheckCommand.m; sourceTree = "<group>"; };
		7A3A1B24271E6F8D006864A1 /* ToolPreferenceCommand.h */ = {isa = PBXFileReference; fileEncoding = 4; lastKnownFileType = sourcecode.c.h; path = ToolPreferenceCommand.h; sourceTree = "<group>"; };
		7A3A1B25271E6F8D006864A1 /* ToolPreferenceWindow.xib */ = {isa = PBXFileReference; fileEncoding = 4; lastKnownFileType = file.xib; path = ToolPreferenceWindow.xib; sourceTree = "<group>"; };
		7A3A1B26271E6F8D006864A1 /* ToolPreferenceCommand.m */ = {isa = PBXFileReference; fileEncoding = 4; lastKnownFileType = sourcecode.c.objc; path = ToolPreferenceCommand.m; sourceTree = "<group>"; };
		7A3A1B27271E6F8D006864A1 /* ToolPreferenceWindow.h */ = {isa = PBXFileReference; fileEncoding = 4; lastKnownFileType = sourcecode.c.h; path = ToolPreferenceWindow.h; sourceTree = "<group>"; };
		7A3A1B28271E6F8D006864A1 /* ToolPreferenceWindow.m */ = {isa = PBXFileReference; fileEncoding = 4; lastKnownFileType = sourcecode.c.objc; path = ToolPreferenceWindow.m; sourceTree = "<group>"; };
		7A3D872C27C337F100AC8DAD /* appkg.PCA10059_02.0.3.4.zip */ = {isa = PBXFileReference; lastKnownFileType = archive.zip; path = appkg.PCA10059_02.0.3.4.zip; sourceTree = "<group>"; };
		7A3D872D27C337F100AC8DAD /* appkg.PCA10059_01.0.3.4.zip */ = {isa = PBXFileReference; lastKnownFileType = archive.zip; path = appkg.PCA10059_01.0.3.4.zip; sourceTree = "<group>"; };
		7A41F22A2043B2230055ACBF /* ToolPopupWindow.h */ = {isa = PBXFileReference; lastKnownFileType = sourcecode.c.h; path = ToolPopupWindow.h; sourceTree = "<group>"; };
		7A41F22B2043B2D40055ACBF /* ToolPopupWindow.m */ = {isa = PBXFileReference; lastKnownFileType = sourcecode.c.objc; path = ToolPopupWindow.m; sourceTree = "<group>"; };
		7A41FCA52575E9F100CA06F9 /* ToolPIVImporter.h */ = {isa = PBXFileReference; lastKnownFileType = sourcecode.c.h; path = ToolPIVImporter.h; sourceTree = "<group>"; };
		7A41FCA62575EA0D00CA06F9 /* ToolPIVImporter.m */ = {isa = PBXFileReference; lastKnownFileType = sourcecode.c.objc; path = ToolPIVImporter.m; sourceTree = "<group>"; };
		7A41FCA82575F0B000CA06F9 /* tool_crypto_private_key.h */ = {isa = PBXFileReference; lastKnownFileType = sourcecode.c.h; path = tool_crypto_private_key.h; sourceTree = "<group>"; };
		7A41FCA92575F0B000CA06F9 /* tool_crypto_private_key.c */ = {isa = PBXFileReference; lastKnownFileType = sourcecode.c.c; path = tool_crypto_private_key.c; sourceTree = "<group>"; };
		7A4B02C6274B3C3800BF44C2 /* ToolDFUCommand.h */ = {isa = PBXFileReference; lastKnownFileType = sourcecode.c.h; path = ToolDFUCommand.h; sourceTree = "<group>"; };
		7A4B02C7274B3C4C00BF44C2 /* ToolDFUCommand.m */ = {isa = PBXFileReference; lastKnownFileType = sourcecode.c.objc; path = ToolDFUCommand.m; sourceTree = "<group>"; };
		7A4B02C9274B3C8B00BF44C2 /* ToolDFUWindow.m */ = {isa = PBXFileReference; fileEncoding = 4; lastKnownFileType = sourcecode.c.objc; path = ToolDFUWindow.m; sourceTree = "<group>"; };
		7A4B02CA274B3C8B00BF44C2 /* ToolDFUWindow.h */ = {isa = PBXFileReference; fileEncoding = 4; lastKnownFileType = sourcecode.c.h; path = ToolDFUWindow.h; sourceTree = "<group>"; };
		7A4B02CB274B3C8B00BF44C2 /* ToolDFUWindow.xib */ = {isa = PBXFileReference; fileEncoding = 4; lastKnownFileType = file.xib; path = ToolDFUWindow.xib; sourceTree = "<group>"; };
		7A4D116F271E63340095C29E /* BLEDFUStartWindow.h */ = {isa = PBXFileReference; fileEncoding = 4; lastKnownFileType = sourcecode.c.h; path = BLEDFUStartWindow.h; sourceTree = "<group>"; };
		7A4D1170271E63340095C29E /* BLEDFUStartWindow.m */ = {isa = PBXFileReference; fileEncoding = 4; lastKnownFileType = sourcecode.c.objc; path = BLEDFUStartWindow.m; sourceTree = "<group>"; };
		7A4D1172271E63C00095C29E /* ToolBLEDFUCommand.h */ = {isa = PBXFileReference; lastKnownFileType = sourcecode.c.h; path = ToolBLEDFUCommand.h; sourceTree = "<group>"; };
		7A4D1173271E63D30095C29E /* ToolBLEDFUCommand.m */ = {isa = PBXFileReference; lastKnownFileType = sourcecode.c.objc; path = ToolBLEDFUCommand.m; sourceTree = "<group>"; };
		7A4D1176271E6A740095C29E /* ToolUSBDFUCommand.h */ = {isa = PBXFileReference; fileEncoding = 4; lastKnownFileType = sourcecode.c.h; path = ToolUSBDFUCommand.h; sourceTree = "<group>"; };
		7A4D1177271E6A740095C29E /* usb_cdc_util.h */ = {isa = PBXFileReference; fileEncoding = 4; lastKnownFileType = sourcecode.c.h; path = usb_cdc_util.h; sourceTree = "<group>"; };
		7A4D1178271E6A740095C29E /* usb_cdc_util.c */ = {isa = PBXFileReference; fileEncoding = 4; lastKnownFileType = sourcecode.c.c; path = usb_cdc_util.c; sourceTree = "<group>"; };
		7A4D1179271E6A740095C29E /* usb_dfu_util.h */ = {isa = PBXFileReference; fileEncoding = 4; lastKnownFileType = sourcecode.c.h; path = usb_dfu_util.h; sourceTree = "<group>"; };
		7A4D117A271E6A740095C29E /* DFUProcessingWindow.h */ = {isa = PBXFileReference; fileEncoding = 4; lastKnownFileType = sourcecode.c.h; path = DFUProcessingWindow.h; sourceTree = "<group>"; };
		7A4D117B271E6A740095C29E /* ToolUSBDFUCommand.m */ = {isa = PBXFileReference; fileEncoding = 4; lastKnownFileType = sourcecode.c.objc; path = ToolUSBDFUCommand.m; sourceTree = "<group>"; };
		7A4D117C271E6A740095C29E /* DFUProcessingWindow.xib */ = {isa = PBXFileReference; fileEncoding = 4; lastKnownFileType = file.xib; path = DFUProcessingWindow.xib; sourceTree = "<group>"; };
		7A4D117D271E6A740095C29E /* DFUStartWindow.xib */ = {isa = PBXFileReference; fileEncoding = 4; lastKnownFileType = file.xib; path = DFUStartWindow.xib; sourceTree = "<group>"; };
		7A4D117E271E6A740095C29E /* DFUProcessingWindow.m */ = {isa = PBXFileReference; fileEncoding = 4; lastKnownFileType = sourcecode.c.objc; path = DFUProcessingWindow.m; sourceTree = "<group>"; };
		7A4D117F271E6A740095C29E /* nrf52_app_image.c */ = {isa = PBXFileReference; fileEncoding = 4; lastKnownFileType = sourcecode.c.c; path = nrf52_app_image.c; sourceTree = "<group>"; };
		7A4D1180271E6A740095C29E /* ToolCDCHelper.m */ = {isa = PBXFileReference; fileEncoding = 4; lastKnownFileType = sourcecode.c.objc; path = ToolCDCHelper.m; sourceTree = "<group>"; };
		7A4D1181271E6A740095C29E /* nrf52_app_image.h */ = {isa = PBXFileReference; fileEncoding = 4; lastKnownFileType = sourcecode.c.h; path = nrf52_app_image.h; sourceTree = "<group>"; };
		7A4D1182271E6A740095C29E /* DFUStartWindow.m */ = {isa = PBXFileReference; fileEncoding = 4; lastKnownFileType = sourcecode.c.objc; path = DFUStartWindow.m; sourceTree = "<group>"; };
		7A4D1183271E6A740095C29E /* ToolCDCHelper.h */ = {isa = PBXFileReference; fileEncoding = 4; lastKnownFileType = sourcecode.c.h; path = ToolCDCHelper.h; sourceTree = "<group>"; };
		7A4D1184271E6A750095C29E /* usb_dfu_util.c */ = {isa = PBXFileReference; fileEncoding = 4; lastKnownFileType = sourcecode.c.c; path = usb_dfu_util.c; sourceTree = "<group>"; };
		7A4D1185271E6A750095C29E /* DFUStartWindow.h */ = {isa = PBXFileReference; fileEncoding = 4; lastKnownFileType = sourcecode.c.h; path = DFUStartWindow.h; sourceTree = "<group>"; };
		7A568BEB2590326A006B5F5E /* PIVPreferenceWindow.xib */ = {isa = PBXFileReference; lastKnownFileType = file.xib; path = PIVPreferenceWindow.xib; sourceTree = "<group>"; };
		7A568BED259044AF006B5F5E /* PIVPreferenceWindow.h */ = {isa = PBXFileReference; lastKnownFileType = sourcecode.c.h; path = PIVPreferenceWindow.h; sourceTree = "<group>"; };
		7A568BEE2590451F006B5F5E /* PIVPreferenceWindow.m */ = {isa = PBXFileReference; lastKnownFileType = sourcecode.c.objc; path = PIVPreferenceWindow.m; sourceTree = "<group>"; };
		7A5E615E270EC2B700C4AA3D /* ToolBLEHelper.h */ = {isa = PBXFileReference; lastKnownFileType = sourcecode.c.h; path = ToolBLEHelper.h; sourceTree = "<group>"; };
		7A5E615F270EC2D400C4AA3D /* ToolBLEHelper.m */ = {isa = PBXFileReference; lastKnownFileType = sourcecode.c.objc; path = ToolBLEHelper.m; sourceTree = "<group>"; };
		7A629F4424C00245007ABA89 /* ToolContext.m */ = {isa = PBXFileReference; lastKnownFileType = sourcecode.c.objc; path = ToolContext.m; sourceTree = "<group>"; };
		7A629F4624C00262007ABA89 /* ToolContext.h */ = {isa = PBXFileReference; lastKnownFileType = sourcecode.c.h; path = ToolContext.h; sourceTree = "<group>"; };
		7A66721E258ADEDE00CAF308 /* ToolInfoWindow.xib */ = {isa = PBXFileReference; lastKnownFileType = file.xib; path = ToolInfoWindow.xib; sourceTree = "<group>"; };
		7A667220258ADF5000CAF308 /* ToolInfoWindow.m */ = {isa = PBXFileReference; lastKnownFileType = sourcecode.c.objc; path = ToolInfoWindow.m; sourceTree = "<group>"; };
		7A667222258ADF6300CAF308 /* ToolInfoWindow.h */ = {isa = PBXFileReference; lastKnownFileType = sourcecode.c.h; path = ToolInfoWindow.h; sourceTree = "<group>"; };
		7A6687912575CCC70054F0DE /* ToolPIVCommand.m */ = {isa = PBXFileReference; lastKnownFileType = sourcecode.c.objc; path = ToolPIVCommand.m; sourceTree = "<group>"; };
		7A6687932575CCF60054F0DE /* ToolPIVCommand.h */ = {isa = PBXFileReference; lastKnownFileType = sourcecode.c.h; path = ToolPIVCommand.h; sourceTree = "<group>"; };
		7A6687942575CDB70054F0DE /* ToolPIVCommon.h */ = {isa = PBXFileReference; lastKnownFileType = sourcecode.c.h; path = ToolPIVCommon.h; sourceTree = "<group>"; };
		7A6C807327C4AE28002FEFC8 /* card_edit_passwd.param */ = {isa = PBXFileReference; fileEncoding = 4; lastKnownFileType = text; path = card_edit_passwd.param; sourceTree = "<group>"; };
		7A6C807427C4AE28002FEFC8 /* card_edit_passwd.sh */ = {isa = PBXFileReference; fileEncoding = 4; lastKnownFileType = text.script.sh; path = card_edit_passwd.sh; sourceTree = "<group>"; };
		7A6C807527C4AE28002FEFC8 /* card_edit_unblock.param */ = {isa = PBXFileReference; fileEncoding = 4; lastKnownFileType = text; path = card_edit_unblock.param; sourceTree = "<group>"; };
		7A712EBB2570BCDC00E45E2D /* tool_crypto_des.h */ = {isa = PBXFileReference; lastKnownFileType = sourcecode.c.h; path = tool_crypto_des.h; sourceTree = "<group>"; };
		7A712EBC2570BCDC00E45E2D /* tool_crypto_des.c */ = {isa = PBXFileReference; lastKnownFileType = sourcecode.c.c; path = tool_crypto_des.c; sourceTree = "<group>"; };
		7A72011727794E5400EE3AD6 /* PGPPreferenceWindow.m */ = {isa = PBXFileReference; fileEncoding = 4; lastKnownFileType = sourcecode.c.objc; path = PGPPreferenceWindow.m; sourceTree = "<group>"; };
		7A72011827794E5400EE3AD6 /* PGPPreferenceWindow.xib */ = {isa = PBXFileReference; fileEncoding = 4; lastKnownFileType = file.xib; path = PGPPreferenceWindow.xib; sourceTree = "<group>"; };
		7A72011927794E5400EE3AD6 /* PGPPreferenceWindow.h */ = {isa = PBXFileReference; fileEncoding = 4; lastKnownFileType = sourcecode.c.h; path = PGPPreferenceWindow.h; sourceTree = "<group>"; };
		7A75A6EB25677E9B003AF1A6 /* ToolCCIDHelper.h */ = {isa = PBXFileReference; lastKnownFileType = sourcecode.c.h; path = ToolCCIDHelper.h; sourceTree = "<group>"; };
		7A75A6ED25678037003AF1A6 /* ToolCCIDHelper.m */ = {isa = PBXFileReference; lastKnownFileType = sourcecode.c.objc; path = ToolCCIDHelper.m; sourceTree = "<group>"; };
		7A75A6EF25679044003AF1A6 /* ToolCCIDCommon.h */ = {isa = PBXFileReference; lastKnownFileType = sourcecode.c.h; path = ToolCCIDCommon.h; sourceTree = "<group>"; };
		7A794B4C27CF59840076B268 /* app_update.PCA10095.0.4.3.bin */ = {isa = PBXFileReference; lastKnownFileType = archive.macbinary; path = app_update.PCA10095.0.4.3.bin; sourceTree = "<group>"; };
		7A8402F22268570D000F5E50 /* libtinycbor.a */ = {isa = PBXFileReference; lastKnownFileType = archive.ar; path = libtinycbor.a; sourceTree = "<group>"; };
		7A8528FD277176F10096F41D /* add_sub_key.param */ = {isa = PBXFileReference; fileEncoding = 4; lastKnownFileType = text; path = add_sub_key.param; sourceTree = "<group>"; };
		7A8528FE277176F10096F41D /* add_sub_key.sh */ = {isa = PBXFileReference; fileEncoding = 4; lastKnownFileType = text.script.sh; path = add_sub_key.sh; sourceTree = "<group>"; };
		7A8E0E2523791A0A00B47026 /* ToolLogFile.h */ = {isa = PBXFileReference; lastKnownFileType = sourcecode.c.h; path = ToolLogFile.h; sourceTree = "<group>"; };
		7A8E0E2623791A2D00B47026 /* ToolLogFile.m */ = {isa = PBXFileReference; lastKnownFileType = sourcecode.c.objc; path = ToolLogFile.m; sourceTree = "<group>"; };
		7A9274022105AB950062FA89 /* ToolBLECommand.h */ = {isa = PBXFileReference; fileEncoding = 4; lastKnownFileType = sourcecode.c.h; path = ToolBLECommand.h; sourceTree = "<group>"; };
		7A9274032105AB950062FA89 /* ToolBLECommand.m */ = {isa = PBXFileReference; fileEncoding = 4; lastKnownFileType = sourcecode.c.objc; path = ToolBLECommand.m; sourceTree = "<group>"; };
		7A9274052105AB950062FA89 /* ToolCommon.h */ = {isa = PBXFileReference; fileEncoding = 4; lastKnownFileType = sourcecode.c.h; path = ToolCommon.h; sourceTree = "<group>"; };
		7A9274072105AB960062FA89 /* ToolCommonMessage.h */ = {isa = PBXFileReference; fileEncoding = 4; lastKnownFileType = sourcecode.c.h; path = ToolCommonMessage.h; sourceTree = "<group>"; };
		7A92740A2105AB960062FA89 /* ToolCommon.m */ = {isa = PBXFileReference; fileEncoding = 4; lastKnownFileType = sourcecode.c.objc; path = ToolCommon.m; sourceTree = "<group>"; };
		7A9FC7E822431F0A009F569B /* ToolInstallCommand.m */ = {isa = PBXFileReference; fileEncoding = 4; lastKnownFileType = sourcecode.c.objc; path = ToolInstallCommand.m; sourceTree = "<group>"; };
		7A9FC7E922431F0A009F569B /* ToolInstallCommand.h */ = {isa = PBXFileReference; fileEncoding = 4; lastKnownFileType = sourcecode.c.h; path = ToolInstallCommand.h; sourceTree = "<group>"; };
		7AA9288325872F4A00BC7F1B /* tool_crypto_common.c */ = {isa = PBXFileReference; lastKnownFileType = sourcecode.c.c; path = tool_crypto_common.c; sourceTree = "<group>"; };
		7AAC498B27448E4400AB3E67 /* FIDOAttestationWindow.m */ = {isa = PBXFileReference; fileEncoding = 4; lastKnownFileType = sourcecode.c.objc; path = FIDOAttestationWindow.m; sourceTree = "<group>"; };
		7AAC498C27448E4400AB3E67 /* FIDOAttestationWindow.xib */ = {isa = PBXFileReference; fileEncoding = 4; lastKnownFileType = file.xib; path = FIDOAttestationWindow.xib; sourceTree = "<group>"; };
		7AAC498D27448E4400AB3E67 /* FIDOAttestationWindow.h */ = {isa = PBXFileReference; fileEncoding = 4; lastKnownFileType = sourcecode.c.h; path = FIDOAttestationWindow.h; sourceTree = "<group>"; };
		7AAD21E52717FD3B00C5CCA4 /* ToolAppCommand.h */ = {isa = PBXFileReference; lastKnownFileType = sourcecode.c.h; path = ToolAppCommand.h; sourceTree = "<group>"; };
		7AAD21E62717FD5900C5CCA4 /* ToolAppCommand.m */ = {isa = PBXFileReference; lastKnownFileType = sourcecode.c.objc; path = ToolAppCommand.m; sourceTree = "<group>"; };
		7AADEF592772ECBC00E186BA /* transfer_subkey_to_card.param */ = {isa = PBXFileReference; fileEncoding = 4; lastKnownFileType = text; path = transfer_subkey_to_card.param; sourceTree = "<group>"; };
		7AADEF5A2772ECBC00E186BA /* transfer_subkey_to_card.sh */ = {isa = PBXFileReference; fileEncoding = 4; lastKnownFileType = text.script.sh; path = transfer_subkey_to_card.sh; sourceTree = "<group>"; };
		7AB0410F2733625E00B80C53 /* mcumgr_cbor_decode.c */ = {isa = PBXFileReference; fileEncoding = 4; lastKnownFileType = sourcecode.c.c; path = mcumgr_cbor_decode.c; sourceTree = "<group>"; };
		7AB0CEF1271FE82600DA96FD /* mcumgr_app_image.h */ = {isa = PBXFileReference; lastKnownFileType = sourcecode.c.h; path = mcumgr_app_image.h; sourceTree = "<group>"; };
		7AB0CEF2271FE82600DA96FD /* mcumgr_app_image.c */ = {isa = PBXFileReference; lastKnownFileType = sourcecode.c.c; path = mcumgr_app_image.c; sourceTree = "<group>"; };
		7AB3BC7922530BA000519124 /* ToolFilePanel.h */ = {isa = PBXFileReference; fileEncoding = 4; lastKnownFileType = sourcecode.c.h; path = ToolFilePanel.h; sourceTree = "<group>"; };
		7AB3BC7A22530BA000519124 /* ToolFilePanel.m */ = {isa = PBXFileReference; fileEncoding = 4; lastKnownFileType = sourcecode.c.objc; path = ToolFilePanel.m; sourceTree = "<group>"; };
		7AB3C9B5276B13CC00DEDD0E /* ToolPGPCommand.h */ = {isa = PBXFileReference; lastKnownFileType = sourcecode.c.h; path = ToolPGPCommand.h; sourceTree = "<group>"; };
		7AB3C9B6276B13E900DEDD0E /* ToolPGPCommand.m */ = {isa = PBXFileReference; lastKnownFileType = sourcecode.c.objc; path = ToolPGPCommand.m; sourceTree = "<group>"; };
		7AB4B157271E6E8B0099D51B /* debug_log.h */ = {isa = PBXFileReference; fileEncoding = 4; lastKnownFileType = sourcecode.c.h; path = debug_log.h; sourceTree = "<group>"; };
		7AB4B158271E6E8B0099D51B /* ECDH.h */ = {isa = PBXFileReference; fileEncoding = 4; lastKnownFileType = sourcecode.c.h; path = ECDH.h; sourceTree = "<group>"; };
		7AB4B159271E6E8B0099D51B /* SetPinParamWindow.h */ = {isa = PBXFileReference; fileEncoding = 4; lastKnownFileType = sourcecode.c.h; path = SetPinParamWindow.h; sourceTree = "<group>"; };
		7AB4B15A271E6E8B0099D51B /* fido_blob.c */ = {isa = PBXFileReference; fileEncoding = 4; lastKnownFileType = sourcecode.c.c; path = fido_blob.c; sourceTree = "<group>"; };
		7AB4B15B271E6E8B0099D51B /* AES256CBC.h */ = {isa = PBXFileReference; fileEncoding = 4; lastKnownFileType = sourcecode.c.h; path = AES256CBC.h; sourceTree = "<group>"; };
		7AB4B15C271E6E8B0099D51B /* ECDH.c */ = {isa = PBXFileReference; fileEncoding = 4; lastKnownFileType = sourcecode.c.c; path = ECDH.c; sourceTree = "<group>"; };
		7AB4B15D271E6E8B0099D51B /* fido_crypto.h */ = {isa = PBXFileReference; fileEncoding = 4; lastKnownFileType = sourcecode.c.h; path = fido_crypto.h; sourceTree = "<group>"; };
		7AB4B15E271E6E8B0099D51B /* CBORDecoder.c */ = {isa = PBXFileReference; fileEncoding = 4; lastKnownFileType = sourcecode.c.c; path = CBORDecoder.c; sourceTree = "<group>"; };
		7AB4B15F271E6E8B0099D51B /* ToolClientPINCommand.m */ = {isa = PBXFileReference; fileEncoding = 4; lastKnownFileType = sourcecode.c.objc; path = ToolClientPINCommand.m; sourceTree = "<group>"; };
		7AB4B160271E6E8B0099D51B /* CBOREncoder.c */ = {isa = PBXFileReference; fileEncoding = 4; lastKnownFileType = sourcecode.c.c; path = CBOREncoder.c; sourceTree = "<group>"; };
		7AB4B161271E6E8B0099D51B /* CBOREncoder.h */ = {isa = PBXFileReference; fileEncoding = 4; lastKnownFileType = sourcecode.c.h; path = CBOREncoder.h; sourceTree = "<group>"; };
		7AB4B162271E6E8B0099D51B /* fido_crypto.c */ = {isa = PBXFileReference; fileEncoding = 4; lastKnownFileType = sourcecode.c.c; path = fido_crypto.c; sourceTree = "<group>"; };
		7AB4B163271E6E8B0099D51B /* SetPinParamWindow.m */ = {isa = PBXFileReference; fileEncoding = 4; lastKnownFileType = sourcecode.c.objc; path = SetPinParamWindow.m; sourceTree = "<group>"; };
		7AB4B164271E6E8B0099D51B /* SetPinParamWindow.xib */ = {isa = PBXFileReference; fileEncoding = 4; lastKnownFileType = file.xib; path = SetPinParamWindow.xib; sourceTree = "<group>"; };
		7AB4B165271E6E8B0099D51B /* CBORDecoder.h */ = {isa = PBXFileReference; fileEncoding = 4; lastKnownFileType = sourcecode.c.h; path = CBORDecoder.h; sourceTree = "<group>"; };
		7AB4B166271E6E8B0099D51B /* debug_log.c */ = {isa = PBXFileReference; fileEncoding = 4; lastKnownFileType = sourcecode.c.c; path = debug_log.c; sourceTree = "<group>"; };
		7AB4B167271E6E8B0099D51B /* AES256CBC.c */ = {isa = PBXFileReference; fileEncoding = 4; lastKnownFileType = sourcecode.c.c; path = AES256CBC.c; sourceTree = "<group>"; };
		7AB4B168271E6E8B0099D51B /* fido_blob.h */ = {isa = PBXFileReference; fileEncoding = 4; lastKnownFileType = sourcecode.c.h; path = fido_blob.h; sourceTree = "<group>"; };
		7AB4B169271E6E8B0099D51B /* FIDODefines.h */ = {isa = PBXFileReference; fileEncoding = 4; lastKnownFileType = sourcecode.c.h; path = FIDODefines.h; sourceTree = "<group>"; };
		7AB4B16A271E6E8B0099D51B /* ToolClientPINCommand.h */ = {isa = PBXFileReference; fileEncoding = 4; lastKnownFileType = sourcecode.c.h; path = ToolClientPINCommand.h; sourceTree = "<group>"; };
		7AB576E627CF039000DAFA3F /* ToolPGPCommon.h */ = {isa = PBXFileReference; lastKnownFileType = sourcecode.c.h; path = ToolPGPCommon.h; sourceTree = "<group>"; };
		7AB63129277B01FB004917B9 /* card_reset.param */ = {isa = PBXFileReference; fileEncoding = 4; lastKnownFileType = text; path = card_reset.param; sourceTree = "<group>"; };
		7AB6312A277B01FB004917B9 /* card_reset.sh */ = {isa = PBXFileReference; fileEncoding = 4; lastKnownFileType = text.script.sh; path = card_reset.sh; sourceTree = "<group>"; };
		7ABDC69A272131F200F3E761 /* BLEDFUStartWindow.xib */ = {isa = PBXFileReference; fileEncoding = 4; lastKnownFileType = file.xib; path = BLEDFUStartWindow.xib; sourceTree = "<group>"; };
		7ACA8D792251B55100B132E2 /* MaintenanceTool.app */ = {isa = PBXFileReference; explicitFileType = wrapper.application; includeInIndex = 0; path = MaintenanceTool.app; sourceTree = BUILT_PRODUCTS_DIR; };
		7ACBD8C925663EFA00722984 /* CryptoTokenKit.framework */ = {isa = PBXFileReference; lastKnownFileType = wrapper.framework; name = CryptoTokenKit.framework; path = System/Library/Frameworks/CryptoTokenKit.framework; sourceTree = SDKROOT; };
		7ACBD8CB2566424D00722984 /* Entitlements.plist */ = {isa = PBXFileReference; lastKnownFileType = text.plist.xml; path = Entitlements.plist; sourceTree = "<group>"; };
		7ACC0BF4257770B800F4026B /* tool_crypto_certificate.h */ = {isa = PBXFileReference; lastKnownFileType = sourcecode.c.h; path = tool_crypto_certificate.h; sourceTree = "<group>"; };
		7ACC0BF5257770B800F4026B /* tool_crypto_certificate.c */ = {isa = PBXFileReference; lastKnownFileType = sourcecode.c.c; path = tool_crypto_certificate.c; sourceTree = "<group>"; };
		7ACFD89B27213EAF00AAEFE2 /* BLEDFUProcessingWindow.xib */ = {isa = PBXFileReference; fileEncoding = 4; lastKnownFileType = file.xib; path = BLEDFUProcessingWindow.xib; sourceTree = "<group>"; };
		7ACFD89C27213EAF00AAEFE2 /* BLEDFUProcessingWindow.h */ = {isa = PBXFileReference; fileEncoding = 4; lastKnownFileType = sourcecode.c.h; path = BLEDFUProcessingWindow.h; sourceTree = "<group>"; };
		7ACFD89D27213EAF00AAEFE2 /* BLEDFUProcessingWindow.m */ = {isa = PBXFileReference; fileEncoding = 4; lastKnownFileType = sourcecode.c.objc; path = BLEDFUProcessingWindow.m; sourceTree = "<group>"; };
		7AD501B92578883D00494B7C /* tool_piv_admin.h */ = {isa = PBXFileReference; lastKnownFileType = sourcecode.c.h; path = tool_piv_admin.h; sourceTree = "<group>"; };
		7AD501BA2578883D00494B7C /* tool_piv_admin.c */ = {isa = PBXFileReference; lastKnownFileType = sourcecode.c.c; path = tool_piv_admin.c; sourceTree = "<group>"; };
		7AD6CA1B2050EED80076B096 /* libcrypto.a */ = {isa = PBXFileReference; lastKnownFileType = archive.ar; path = libcrypto.a; sourceTree = "<group>"; };
		7ADA84631FE36E6D00879CB4 /* Images.xcassets */ = {isa = PBXFileReference; lastKnownFileType = folder.assetcatalog; path = Images.xcassets; sourceTree = "<group>"; };
		7AE4CBB025844C2200691DBC /* ToolPIVSetting.m */ = {isa = PBXFileReference; lastKnownFileType = sourcecode.c.objc; path = ToolPIVSetting.m; sourceTree = "<group>"; };
		7AE4CBB225844C3C00691DBC /* ToolPIVSetting.h */ = {isa = PBXFileReference; lastKnownFileType = sourcecode.c.h; path = ToolPIVSetting.h; sourceTree = "<group>"; };
		7AEAFD712241D3B300ABB6E6 /* ToolHIDCommand.m */ = {isa = PBXFileReference; fileEncoding = 4; lastKnownFileType = sourcecode.c.objc; path = ToolHIDCommand.m; sourceTree = "<group>"; };
		7AEAFD722241D3B300ABB6E6 /* ToolHIDCommand.h */ = {isa = PBXFileReference; fileEncoding = 4; lastKnownFileType = sourcecode.c.h; path = ToolHIDCommand.h; sourceTree = "<group>"; };
		7AF03FC4277C3BA400ED0E44 /* card_status.sh */ = {isa = PBXFileReference; fileEncoding = 4; lastKnownFileType = text.script.sh; path = card_status.sh; sourceTree = "<group>"; };
		7AF422772730C9BE00D15457 /* mcumgr_cbor_decode.h */ = {isa = PBXFileReference; lastKnownFileType = sourcecode.c.h; path = mcumgr_cbor_decode.h; sourceTree = "<group>"; };
		7AF43D12279E37080016086E /* ToolProcessingWindow.xib */ = {isa = PBXFileReference; fileEncoding = 4; lastKnownFileType = file.xib; path = ToolProcessingWindow.xib; sourceTree = "<group>"; };
		7AF43D13279E37080016086E /* ToolProcessingWindow.m */ = {isa = PBXFileReference; fileEncoding = 4; lastKnownFileType = sourcecode.c.objc; path = ToolProcessingWindow.m; sourceTree = "<group>"; };
		7AF43D14279E37080016086E /* ToolProcessingWindow.h */ = {isa = PBXFileReference; fileEncoding = 4; lastKnownFileType = sourcecode.c.h; path = ToolProcessingWindow.h; sourceTree = "<group>"; };
		7AF4EDBC273507A000C126D9 /* BLEDFUDefine.h */ = {isa = PBXFileReference; fileEncoding = 4; lastKnownFileType = sourcecode.c.h; path = BLEDFUDefine.h; sourceTree = "<group>"; };
		7AF9B0F02728E4250070F8A4 /* ToolBLESMPCommand.m */ = {isa = PBXFileReference; fileEncoding = 4; lastKnownFileType = sourcecode.c.objc; path = ToolBLESMPCommand.m; sourceTree = "<group>"; };
		7AF9B0F12728E4250070F8A4 /* ToolBLESMPCommand.h */ = {isa = PBXFileReference; fileEncoding = 4; lastKnownFileType = sourcecode.c.h; path = ToolBLESMPCommand.h; sourceTree = "<group>"; };
/* End PBXFileReference section */

/* Begin PBXFrameworksBuildPhase section */
		64ED9A721647439300F39EAE /* Frameworks */ = {
			isa = PBXFrameworksBuildPhase;
			buildActionMask = 2147483647;
			files = (
				7A8402F322685792000F5E50 /* libtinycbor.a in Frameworks */,
				7A0EB185258066AA004ED59C /* PCSC.framework in Frameworks */,
				7A0D20BF22408EB90022EA8E /* IOKit.framework in Frameworks */,
				64ED9A9D164752C800F39EAE /* IOBluetooth.framework in Frameworks */,
				64ED9A7A1647439300F39EAE /* Cocoa.framework in Frameworks */,
				7AD6CA1C2050EED80076B096 /* libcrypto.a in Frameworks */,
			);
			runOnlyForDeploymentPostprocessing = 0;
		};
/* End PBXFrameworksBuildPhase section */

/* Begin PBXGroup section */
		64ED9A6A1647439300F39EAE = {
			isa = PBXGroup;
			children = (
				7ACBD8CB2566424D00722984 /* Entitlements.plist */,
				7A712EBA2570BC9400E45E2D /* tool_crypto */,
				7A75A6EC25677FDF003AF1A6 /* CCID */,
				7A6687902575CCA80054F0DE /* PIV */,
				7AB3C9B4276B139400DEDD0E /* OpenPGP */,
				7AA7464223C2C400001938A7 /* Resources */,
				7A4B02C5274B3C1500BF44C2 /* DFU */,
				7A4D116E271E62CD0095C29E /* BLEDFU */,
				7A4D1175271E6A260095C29E /* USBDFU */,
				7AB4B156271E6E340099D51B /* ClientPIN */,
				7A3A1B18271E6F29006864A1 /* HealthCheck */,
				7AAC498A27448D5200AB3E67 /* FIDOAttestation */,
				7A9273FF2105AB590062FA89 /* MaintenanceToolCommon */,
				64ED9A7F1647439300F39EAE /* MaintenanceTool */,
				7A3A1B17271E6F11006864A1 /* Preference */,
				64ED9A781647439300F39EAE /* Frameworks */,
				7ACA8D792251B55100B132E2 /* MaintenanceTool.app */,
			);
			sourceTree = "<group>";
		};
		64ED9A781647439300F39EAE /* Frameworks */ = {
			isa = PBXGroup;
			children = (
				7A0EB184258066AA004ED59C /* PCSC.framework */,
				7ACBD8C925663EFA00722984 /* CryptoTokenKit.framework */,
				7A0D20BE22408E920022EA8E /* IOKit.framework */,
				64ED9A9C164752C800F39EAE /* IOBluetooth.framework */,
				64ED9A791647439300F39EAE /* Cocoa.framework */,
				64ED9A7B1647439300F39EAE /* Other Frameworks */,
			);
			name = Frameworks;
			sourceTree = "<group>";
		};
		64ED9A7B1647439300F39EAE /* Other Frameworks */ = {
			isa = PBXGroup;
			children = (
				7A8402F22268570D000F5E50 /* libtinycbor.a */,
				7AD6CA1B2050EED80076B096 /* libcrypto.a */,
				64ED9A7C1647439300F39EAE /* AppKit.framework */,
				64ED9A7D1647439300F39EAE /* CoreData.framework */,
				64ED9A7E1647439300F39EAE /* Foundation.framework */,
			);
			name = "Other Frameworks";
			sourceTree = "<group>";
		};
		64ED9A7F1647439300F39EAE /* MaintenanceTool */ = {
			isa = PBXGroup;
			children = (
				7ADA84631FE36E6D00879CB4 /* Images.xcassets */,
				64ED9A8B1647439300F39EAE /* AppDelegate.h */,
				64ED9A8C1647439300F39EAE /* AppDelegate.m */,
				64ED9A8E1647439300F39EAE /* MainMenu.xib */,
				64ED9A801647439300F39EAE /* Supporting Files */,
				7AB3BC7922530BA000519124 /* ToolFilePanel.h */,
				7AB3BC7A22530BA000519124 /* ToolFilePanel.m */,
				7A41F22A2043B2230055ACBF /* ToolPopupWindow.h */,
				7A41F22B2043B2D40055ACBF /* ToolPopupWindow.m */,
			);
			path = MaintenanceTool;
			sourceTree = "<group>";
		};
		64ED9A801647439300F39EAE /* Supporting Files */ = {
			isa = PBXGroup;
			children = (
				64ED9A811647439300F39EAE /* MaintenanceTool-Info.plist */,
				64ED9A821647439300F39EAE /* InfoPlist.strings */,
				64ED9A851647439300F39EAE /* main.m */,
				64ED9A871647439300F39EAE /* MaintenanceTool-Prefix.pch */,
			);
			name = "Supporting Files";
			sourceTree = "<group>";
		};
		7A3A1B17271E6F11006864A1 /* Preference */ = {
			isa = PBXGroup;
			children = (
				7A3A1B24271E6F8D006864A1 /* ToolPreferenceCommand.h */,
				7A3A1B26271E6F8D006864A1 /* ToolPreferenceCommand.m */,
				7A3A1B27271E6F8D006864A1 /* ToolPreferenceWindow.h */,
				7A3A1B28271E6F8D006864A1 /* ToolPreferenceWindow.m */,
				7A3A1B25271E6F8D006864A1 /* ToolPreferenceWindow.xib */,
			);
			path = Preference;
			sourceTree = "<group>";
		};
		7A3A1B18271E6F29006864A1 /* HealthCheck */ = {
			isa = PBXGroup;
			children = (
				7A3A1B1C271E6F7E006864A1 /* PinCodeParamWindow.h */,
				7A3A1B19271E6F7E006864A1 /* PinCodeParamWindow.m */,
				7A3A1B1E271E6F7E006864A1 /* PinCodeParamWindow.xib */,
				7A3A1B1A271E6F7E006864A1 /* ToolCTAP2HealthCheckCommand.h */,
				7A3A1B1D271E6F7E006864A1 /* ToolCTAP2HealthCheckCommand.m */,
				7A3A1B1B271E6F7E006864A1 /* ToolU2FHealthCheckCommand.h */,
				7A3A1B1F271E6F7E006864A1 /* ToolU2FHealthCheckCommand.m */,
			);
			path = HealthCheck;
			sourceTree = "<group>";
		};
		7A4B02C5274B3C1500BF44C2 /* DFU */ = {
			isa = PBXGroup;
			children = (
				7A4B02CB274B3C8B00BF44C2 /* ToolDFUWindow.xib */,
				7A4B02CA274B3C8B00BF44C2 /* ToolDFUWindow.h */,
				7A4B02C9274B3C8B00BF44C2 /* ToolDFUWindow.m */,
				7A4B02C6274B3C3800BF44C2 /* ToolDFUCommand.h */,
				7A4B02C7274B3C4C00BF44C2 /* ToolDFUCommand.m */,
			);
			path = DFU;
			sourceTree = "<group>";
		};
		7A4D116E271E62CD0095C29E /* BLEDFU */ = {
			isa = PBXGroup;
			children = (
				7AF4EDBC273507A000C126D9 /* BLEDFUDefine.h */,
				7ACFD89B27213EAF00AAEFE2 /* BLEDFUProcessingWindow.xib */,
				7ACFD89C27213EAF00AAEFE2 /* BLEDFUProcessingWindow.h */,
				7ACFD89D27213EAF00AAEFE2 /* BLEDFUProcessingWindow.m */,
				7ABDC69A272131F200F3E761 /* BLEDFUStartWindow.xib */,
				7A4D116F271E63340095C29E /* BLEDFUStartWindow.h */,
				7A4D1170271E63340095C29E /* BLEDFUStartWindow.m */,
				7A4D1172271E63C00095C29E /* ToolBLEDFUCommand.h */,
				7A4D1173271E63D30095C29E /* ToolBLEDFUCommand.m */,
				7AF9B0F12728E4250070F8A4 /* ToolBLESMPCommand.h */,
				7AF9B0F02728E4250070F8A4 /* ToolBLESMPCommand.m */,
				7AB0CEF1271FE82600DA96FD /* mcumgr_app_image.h */,
				7AB0CEF2271FE82600DA96FD /* mcumgr_app_image.c */,
				7AF422772730C9BE00D15457 /* mcumgr_cbor_decode.h */,
				7AB0410F2733625E00B80C53 /* mcumgr_cbor_decode.c */,
			);
			path = BLEDFU;
			sourceTree = "<group>";
		};
		7A4D1175271E6A260095C29E /* USBDFU */ = {
			isa = PBXGroup;
			children = (
				7A4D117A271E6A740095C29E /* DFUProcessingWindow.h */,
				7A4D117E271E6A740095C29E /* DFUProcessingWindow.m */,
				7A4D117C271E6A740095C29E /* DFUProcessingWindow.xib */,
				7A4D1185271E6A750095C29E /* DFUStartWindow.h */,
				7A4D1182271E6A740095C29E /* DFUStartWindow.m */,
				7A4D117D271E6A740095C29E /* DFUStartWindow.xib */,
				7A4D117F271E6A740095C29E /* nrf52_app_image.c */,
				7A4D1181271E6A740095C29E /* nrf52_app_image.h */,
				7A4D1183271E6A740095C29E /* ToolCDCHelper.h */,
				7A4D1180271E6A740095C29E /* ToolCDCHelper.m */,
				7A4D1176271E6A740095C29E /* ToolUSBDFUCommand.h */,
				7A4D117B271E6A740095C29E /* ToolUSBDFUCommand.m */,
				7A4D1178271E6A740095C29E /* usb_cdc_util.c */,
				7A4D1177271E6A740095C29E /* usb_cdc_util.h */,
				7A4D1184271E6A750095C29E /* usb_dfu_util.c */,
				7A4D1179271E6A740095C29E /* usb_dfu_util.h */,
			);
			path = USBDFU;
			sourceTree = "<group>";
		};
		7A6687902575CCA80054F0DE /* PIV */ = {
			isa = PBXGroup;
			children = (
				7AD501B92578883D00494B7C /* tool_piv_admin.h */,
				7AD501BA2578883D00494B7C /* tool_piv_admin.c */,
				7A6687942575CDB70054F0DE /* ToolPIVCommon.h */,
				7A6687932575CCF60054F0DE /* ToolPIVCommand.h */,
				7A6687912575CCC70054F0DE /* ToolPIVCommand.m */,
				7A41FCA52575E9F100CA06F9 /* ToolPIVImporter.h */,
				7A41FCA62575EA0D00CA06F9 /* ToolPIVImporter.m */,
				7AE4CBB225844C3C00691DBC /* ToolPIVSetting.h */,
				7AE4CBB025844C2200691DBC /* ToolPIVSetting.m */,
				7A568BEB2590326A006B5F5E /* PIVPreferenceWindow.xib */,
				7A568BED259044AF006B5F5E /* PIVPreferenceWindow.h */,
				7A568BEE2590451F006B5F5E /* PIVPreferenceWindow.m */,
			);
			path = PIV;
			sourceTree = "<group>";
		};
		7A712EBA2570BC9400E45E2D /* tool_crypto */ = {
			isa = PBXGroup;
			children = (
				7A25976B257889F500EF5924 /* tool_crypto_common.h */,
				7AA9288325872F4A00BC7F1B /* tool_crypto_common.c */,
				7ACC0BF4257770B800F4026B /* tool_crypto_certificate.h */,
				7ACC0BF5257770B800F4026B /* tool_crypto_certificate.c */,
				7A712EBB2570BCDC00E45E2D /* tool_crypto_des.h */,
				7A712EBC2570BCDC00E45E2D /* tool_crypto_des.c */,
				7A41FCA82575F0B000CA06F9 /* tool_crypto_private_key.h */,
				7A41FCA92575F0B000CA06F9 /* tool_crypto_private_key.c */,
			);
			path = tool_crypto;
			sourceTree = "<group>";
		};
		7A75A6EC25677FDF003AF1A6 /* CCID */ = {
			isa = PBXGroup;
			children = (
				7A0EB1862580768F004ED59C /* tool_pcsc.h */,
				7A0EB1872580768F004ED59C /* tool_pcsc.c */,
				7A75A6EF25679044003AF1A6 /* ToolCCIDCommon.h */,
				7A75A6EB25677E9B003AF1A6 /* ToolCCIDHelper.h */,
				7A75A6ED25678037003AF1A6 /* ToolCCIDHelper.m */,
			);
			path = CCID;
			sourceTree = "<group>";
		};
		7A9273FF2105AB590062FA89 /* MaintenanceToolCommon */ = {
			isa = PBXGroup;
			children = (
				7A5E615E270EC2B700C4AA3D /* ToolBLEHelper.h */,
				7A5E615F270EC2D400C4AA3D /* ToolBLEHelper.m */,
				7A9274022105AB950062FA89 /* ToolBLECommand.h */,
				7A9274032105AB950062FA89 /* ToolBLECommand.m */,
				7A9274052105AB950062FA89 /* ToolCommon.h */,
				7A92740A2105AB960062FA89 /* ToolCommon.m */,
				7A9274072105AB960062FA89 /* ToolCommonMessage.h */,
				7A0D20BD224089E70022EA8E /* ToolHIDHelper.h */,
				7A0D20BB2240899B0022EA8E /* ToolHIDHelper.m */,
				7AEAFD722241D3B300ABB6E6 /* ToolHIDCommand.h */,
				7AEAFD712241D3B300ABB6E6 /* ToolHIDCommand.m */,
				7A9FC7E922431F0A009F569B /* ToolInstallCommand.h */,
				7A9FC7E822431F0A009F569B /* ToolInstallCommand.m */,
				7AAD21E52717FD3B00C5CCA4 /* ToolAppCommand.h */,
				7AAD21E62717FD5900C5CCA4 /* ToolAppCommand.m */,
				7A8E0E2523791A0A00B47026 /* ToolLogFile.h */,
				7A8E0E2623791A2D00B47026 /* ToolLogFile.m */,
				7A629F4624C00262007ABA89 /* ToolContext.h */,
				7A629F4424C00245007ABA89 /* ToolContext.m */,
				7A66721E258ADEDE00CAF308 /* ToolInfoWindow.xib */,
				7A667222258ADF6300CAF308 /* ToolInfoWindow.h */,
				7A667220258ADF5000CAF308 /* ToolInfoWindow.m */,
				7AF43D12279E37080016086E /* ToolProcessingWindow.xib */,
				7AF43D14279E37080016086E /* ToolProcessingWindow.h */,
				7AF43D13279E37080016086E /* ToolProcessingWindow.m */,
			);
			path = MaintenanceToolCommon;
			sourceTree = "<group>";
		};
		7AA7464223C2C400001938A7 /* Resources */ = {
			isa = PBXGroup;
			children = (
				7A794B4C27CF59840076B268 /* app_update.PCA10095.0.4.3.bin */,
				7A3D872D27C337F100AC8DAD /* appkg.PCA10059_01.0.3.4.zip */,
				7A3D872C27C337F100AC8DAD /* appkg.PCA10059_02.0.3.4.zip */,
				7A292D8D27702A4E0010EE4A /* generate_main_key.sh */,
				7A292D8F27702D450010EE4A /* generate_main_key.param */,
				7A8528FE277176F10096F41D /* add_sub_key.sh */,
				7A8528FD277176F10096F41D /* add_sub_key.param */,
				7A306C4A27719FEA00AB6412 /* export_pubkey_and_backup.sh */,
				7AADEF5A2772ECBC00E186BA /* transfer_subkey_to_card.sh */,
				7AADEF592772ECBC00E186BA /* transfer_subkey_to_card.param */,
				7AF03FC4277C3BA400ED0E44 /* card_status.sh */,
				7AB6312A277B01FB004917B9 /* card_reset.sh */,
				7AB63129277B01FB004917B9 /* card_reset.param */,
				7A6C807427C4AE28002FEFC8 /* card_edit_passwd.sh */,
				7A6C807327C4AE28002FEFC8 /* card_edit_passwd.param */,
				7A6C807527C4AE28002FEFC8 /* card_edit_unblock.param */,
			);
			path = Resources;
			sourceTree = "<group>";
		};
		7AAC498A27448D5200AB3E67 /* FIDOAttestation */ = {
			isa = PBXGroup;
			children = (
				7AAC498D27448E4400AB3E67 /* FIDOAttestationWindow.h */,
				7AAC498B27448E4400AB3E67 /* FIDOAttestationWindow.m */,
				7AAC498C27448E4400AB3E67 /* FIDOAttestationWindow.xib */,
				7A1F77882744992900B3B1A8 /* ToolFIDOAttestationCommand.h */,
				7A1F77892744994800B3B1A8 /* ToolFIDOAttestationCommand.m */,
			);
			path = FIDOAttestation;
			sourceTree = "<group>";
		};
		7AB3C9B4276B139400DEDD0E /* OpenPGP */ = {
			isa = PBXGroup;
			children = (
				7A72011927794E5400EE3AD6 /* PGPPreferenceWindow.h */,
				7A72011727794E5400EE3AD6 /* PGPPreferenceWindow.m */,
				7A72011827794E5400EE3AD6 /* PGPPreferenceWindow.xib */,
				7AB576E627CF039000DAFA3F /* ToolPGPCommon.h */,
				7AB3C9B5276B13CC00DEDD0E /* ToolPGPCommand.h */,
				7AB3C9B6276B13E900DEDD0E /* ToolPGPCommand.m */,
				7A314AC827CF1399009B4F77 /* ToolPGPCcidCommand.h */,
				7A314AC927CF13EF009B4F77 /* ToolPGPCcidCommand.m */,
			);
			path = OpenPGP;
			sourceTree = "<group>";
		};
		7AB4B156271E6E340099D51B /* ClientPIN */ = {
			isa = PBXGroup;
			children = (
				7AB4B167271E6E8B0099D51B /* AES256CBC.c */,
				7AB4B15B271E6E8B0099D51B /* AES256CBC.h */,
				7AB4B15E271E6E8B0099D51B /* CBORDecoder.c */,
				7AB4B165271E6E8B0099D51B /* CBORDecoder.h */,
				7AB4B160271E6E8B0099D51B /* CBOREncoder.c */,
				7AB4B161271E6E8B0099D51B /* CBOREncoder.h */,
				7AB4B166271E6E8B0099D51B /* debug_log.c */,
				7AB4B157271E6E8B0099D51B /* debug_log.h */,
				7AB4B15C271E6E8B0099D51B /* ECDH.c */,
				7AB4B158271E6E8B0099D51B /* ECDH.h */,
				7AB4B15A271E6E8B0099D51B /* fido_blob.c */,
				7AB4B168271E6E8B0099D51B /* fido_blob.h */,
				7AB4B162271E6E8B0099D51B /* fido_crypto.c */,
				7AB4B15D271E6E8B0099D51B /* fido_crypto.h */,
				7AB4B169271E6E8B0099D51B /* FIDODefines.h */,
				7AB4B159271E6E8B0099D51B /* SetPinParamWindow.h */,
				7AB4B163271E6E8B0099D51B /* SetPinParamWindow.m */,
				7AB4B164271E6E8B0099D51B /* SetPinParamWindow.xib */,
				7AB4B16A271E6E8B0099D51B /* ToolClientPINCommand.h */,
				7AB4B15F271E6E8B0099D51B /* ToolClientPINCommand.m */,
			);
			path = ClientPIN;
			sourceTree = "<group>";
		};
/* End PBXGroup section */

/* Begin PBXNativeTarget section */
		64ED9A741647439300F39EAE /* MaintenanceTool */ = {
			isa = PBXNativeTarget;
			buildConfigurationList = 64ED9A931647439300F39EAE /* Build configuration list for PBXNativeTarget "MaintenanceTool" */;
			buildPhases = (
				64ED9A711647439300F39EAE /* Sources */,
				64ED9A721647439300F39EAE /* Frameworks */,
				64ED9A731647439300F39EAE /* Resources */,
			);
			buildRules = (
			);
			dependencies = (
			);
			name = MaintenanceTool;
			productName = CoreBluetoothOSXCentral;
			productReference = 7ACA8D792251B55100B132E2 /* MaintenanceTool.app */;
			productType = "com.apple.product-type.application";
		};
/* End PBXNativeTarget section */

/* Begin PBXProject section */
		64ED9A6C1647439300F39EAE /* Project object */ = {
			isa = PBXProject;
			attributes = {
				CLASSPREFIX = "";
				LastUpgradeCheck = 1150;
			};
			buildConfigurationList = 64ED9A6F1647439300F39EAE /* Build configuration list for PBXProject "MaintenanceTool" */;
			compatibilityVersion = "Xcode 3.2";
			developmentRegion = en;
			hasScannedForEncodings = 0;
			knownRegions = (
				en,
			);
			mainGroup = 64ED9A6A1647439300F39EAE;
			productRefGroup = 64ED9A6A1647439300F39EAE;
			projectDirPath = "";
			projectRoot = "";
			targets = (
				64ED9A741647439300F39EAE /* MaintenanceTool */,
			);
		};
/* End PBXProject section */

/* Begin PBXResourcesBuildPhase section */
		64ED9A731647439300F39EAE /* Resources */ = {
			isa = PBXResourcesBuildPhase;
			buildActionMask = 2147483647;
			files = (
				7A794B4D27CF59840076B268 /* app_update.PCA10095.0.4.3.bin in Resources */,
				7A72011B27794E5400EE3AD6 /* PGPPreferenceWindow.xib in Resources */,
				7A4D1188271E6A750095C29E /* DFUProcessingWindow.xib in Resources */,
				7A292D9027702D450010EE4A /* generate_main_key.param in Resources */,
				7AADEF5C2772ECBC00E186BA /* transfer_subkey_to_card.sh in Resources */,
				7ACBD8CC2566424D00722984 /* Entitlements.plist in Resources */,
				7ACFD89E27213EAF00AAEFE2 /* BLEDFUProcessingWindow.xib in Resources */,
				7A8528FF277176F10096F41D /* add_sub_key.param in Resources */,
				7A306C4B27719FEA00AB6412 /* export_pubkey_and_backup.sh in Resources */,
				7A3A1B29271E6F8D006864A1 /* ToolPreferenceWindow.xib in Resources */,
				7AB6312C277B01FB004917B9 /* card_reset.sh in Resources */,
				7AAC498F27448E4400AB3E67 /* FIDOAttestationWindow.xib in Resources */,
				7A6C807727C4AE28002FEFC8 /* card_edit_passwd.sh in Resources */,
				7AF03FC5277C3BA400ED0E44 /* card_status.sh in Resources */,
				7A3A1B22271E6F7E006864A1 /* PinCodeParamWindow.xib in Resources */,
				7A4D1189271E6A750095C29E /* DFUStartWindow.xib in Resources */,
				7A66721F258ADEDE00CAF308 /* ToolInfoWindow.xib in Resources */,
				7AF43D15279E37080016086E /* ToolProcessingWindow.xib in Resources */,
				7A6C807827C4AE28002FEFC8 /* card_edit_unblock.param in Resources */,
				7AB6312B277B01FB004917B9 /* card_reset.param in Resources */,
				7AADEF5B2772ECBC00E186BA /* transfer_subkey_to_card.param in Resources */,
				7A3D872F27C337F100AC8DAD /* appkg.PCA10059_01.0.3.4.zip in Resources */,
				7A292D8E27702A4E0010EE4A /* generate_main_key.sh in Resources */,
				7A4B02CD274B3C8B00BF44C2 /* ToolDFUWindow.xib in Resources */,
				7ADA84641FE36E6D00879CB4 /* Images.xcassets in Resources */,
				7A3D872E27C337F100AC8DAD /* appkg.PCA10059_02.0.3.4.zip in Resources */,
				7A568BEC2590326A006B5F5E /* PIVPreferenceWindow.xib in Resources */,
				64ED9A841647439300F39EAE /* InfoPlist.strings in Resources */,
				7AB4B172271E6E8B0099D51B /* SetPinParamWindow.xib in Resources */,
				7A6C807627C4AE28002FEFC8 /* card_edit_passwd.param in Resources */,
				7A852900277176F10096F41D /* add_sub_key.sh in Resources */,
				7ABDC69B272131F200F3E761 /* BLEDFUStartWindow.xib in Resources */,
				64ED9A901647439300F39EAE /* MainMenu.xib in Resources */,
			);
			runOnlyForDeploymentPostprocessing = 0;
		};
/* End PBXResourcesBuildPhase section */

/* Begin PBXSourcesBuildPhase section */
		64ED9A711647439300F39EAE /* Sources */ = {
			isa = PBXSourcesBuildPhase;
			buildActionMask = 2147483647;
			files = (
				7A4D118B271E6A750095C29E /* nrf52_app_image.c in Sources */,
				7AB4B16B271E6E8B0099D51B /* fido_blob.c in Sources */,
				7A314ACA27CF13EF009B4F77 /* ToolPGPCcidCommand.m in Sources */,
				7A3A1B23271E6F7E006864A1 /* ToolU2FHealthCheckCommand.m in Sources */,
				7AB3BC7B22530BA000519124 /* ToolFilePanel.m in Sources */,
				7A1F778A2744994800B3B1A8 /* ToolFIDOAttestationCommand.m in Sources */,
				7A667221258ADF5000CAF308 /* ToolInfoWindow.m in Sources */,
				7A629F4524C00245007ABA89 /* ToolContext.m in Sources */,
				7A3A1B2B271E6F8D006864A1 /* ToolPreferenceWindow.m in Sources */,
				7AB3C9B7276B13E900DEDD0E /* ToolPGPCommand.m in Sources */,
				7A75A6EE25678037003AF1A6 /* ToolCCIDHelper.m in Sources */,
				7AB4B171271E6E8B0099D51B /* SetPinParamWindow.m in Sources */,
				7AB4B16D271E6E8B0099D51B /* CBORDecoder.c in Sources */,
				64ED9A861647439300F39EAE /* main.m in Sources */,
				7A92740C2105AB960062FA89 /* ToolBLECommand.m in Sources */,
				7AB0CEF3271FE82600DA96FD /* mcumgr_app_image.c in Sources */,
				7A41F22C2043B2D40055ACBF /* ToolPopupWindow.m in Sources */,
				7A712EBD2570BCDC00E45E2D /* tool_crypto_des.c in Sources */,
				7AAD21E72717FD5900C5CCA4 /* ToolAppCommand.m in Sources */,
				7A72011A27794E5400EE3AD6 /* PGPPreferenceWindow.m in Sources */,
				7AAC498E27448E4400AB3E67 /* FIDOAttestationWindow.m in Sources */,
				7AB041102733625E00B80C53 /* mcumgr_cbor_decode.c in Sources */,
				7AF9B0F22728E4250070F8A4 /* ToolBLESMPCommand.m in Sources */,
				7AB4B16C271E6E8B0099D51B /* ECDH.c in Sources */,
				7A3A1B20271E6F7E006864A1 /* PinCodeParamWindow.m in Sources */,
				7A4D118C271E6A750095C29E /* ToolCDCHelper.m in Sources */,
				7A4D118D271E6A750095C29E /* DFUStartWindow.m in Sources */,
				7AB4B16F271E6E8B0099D51B /* CBOREncoder.c in Sources */,
				7AB4B170271E6E8B0099D51B /* fido_crypto.c in Sources */,
				7A4D118A271E6A750095C29E /* DFUProcessingWindow.m in Sources */,
				7AEAFD732241D3B300ABB6E6 /* ToolHIDCommand.m in Sources */,
				7AF43D16279E37080016086E /* ToolProcessingWindow.m in Sources */,
				7ACFD89F27213EAF00AAEFE2 /* BLEDFUProcessingWindow.m in Sources */,
				64ED9A8D1647439300F39EAE /* AppDelegate.m in Sources */,
				7A0EB1882580768F004ED59C /* tool_pcsc.c in Sources */,
				7A4B02C8274B3C4C00BF44C2 /* ToolDFUCommand.m in Sources */,
				7A568BEF2590451F006B5F5E /* PIVPreferenceWindow.m in Sources */,
				7A4D1174271E63D30095C29E /* ToolBLEDFUCommand.m in Sources */,
				7A0D20BC2240899B0022EA8E /* ToolHIDHelper.m in Sources */,
				7AB4B174271E6E8B0099D51B /* AES256CBC.c in Sources */,
				7ACC0BF6257770B800F4026B /* tool_crypto_certificate.c in Sources */,
				7A41FCA72575EA0D00CA06F9 /* ToolPIVImporter.m in Sources */,
				7A3A1B21271E6F7E006864A1 /* ToolCTAP2HealthCheckCommand.m in Sources */,
				7A4B02CC274B3C8B00BF44C2 /* ToolDFUWindow.m in Sources */,
				7A8E0E2723791A2D00B47026 /* ToolLogFile.m in Sources */,
				7AB4B173271E6E8B0099D51B /* debug_log.c in Sources */,
				7A3A1B2A271E6F8D006864A1 /* ToolPreferenceCommand.m in Sources */,
				7A9FC7EA22431F0B009F569B /* ToolInstallCommand.m in Sources */,
				7A92740F2105AB960062FA89 /* ToolCommon.m in Sources */,
				7A4D118E271E6A750095C29E /* usb_dfu_util.c in Sources */,
				7A4D1187271E6A750095C29E /* ToolUSBDFUCommand.m in Sources */,
				7AE4CBB125844C2200691DBC /* ToolPIVSetting.m in Sources */,
				7A4D1186271E6A750095C29E /* usb_cdc_util.c in Sources */,
				7A4D1171271E63340095C29E /* BLEDFUStartWindow.m in Sources */,
				7A6687922575CCC70054F0DE /* ToolPIVCommand.m in Sources */,
				7A5E6160270EC2D400C4AA3D /* ToolBLEHelper.m in Sources */,
				7AB4B16E271E6E8B0099D51B /* ToolClientPINCommand.m in Sources */,
				7AA9288425872F4A00BC7F1B /* tool_crypto_common.c in Sources */,
				7AD501BB2578883D00494B7C /* tool_piv_admin.c in Sources */,
				7A41FCAA2575F0B000CA06F9 /* tool_crypto_private_key.c in Sources */,
			);
			runOnlyForDeploymentPostprocessing = 0;
		};
/* End PBXSourcesBuildPhase section */

/* Begin PBXVariantGroup section */
		64ED9A821647439300F39EAE /* InfoPlist.strings */ = {
			isa = PBXVariantGroup;
			children = (
				64ED9A831647439300F39EAE /* en */,
			);
			name = InfoPlist.strings;
			sourceTree = "<group>";
		};
		64ED9A8E1647439300F39EAE /* MainMenu.xib */ = {
			isa = PBXVariantGroup;
			children = (
				64ED9A8F1647439300F39EAE /* en */,
			);
			name = MainMenu.xib;
			sourceTree = "<group>";
		};
/* End PBXVariantGroup section */

/* Begin XCBuildConfiguration section */
		64ED9A911647439300F39EAE /* Debug */ = {
			isa = XCBuildConfiguration;
			buildSettings = {
				ALWAYS_SEARCH_USER_PATHS = NO;
				CLANG_CXX_LANGUAGE_STANDARD = "gnu++0x";
				CLANG_CXX_LIBRARY = "libc++";
				CLANG_ENABLE_OBJC_ARC = YES;
				CLANG_WARN_BLOCK_CAPTURE_AUTORELEASING = YES;
				CLANG_WARN_BOOL_CONVERSION = YES;
				CLANG_WARN_COMMA = YES;
				CLANG_WARN_CONSTANT_CONVERSION = YES;
				CLANG_WARN_DEPRECATED_OBJC_IMPLEMENTATIONS = YES;
				CLANG_WARN_EMPTY_BODY = YES;
				CLANG_WARN_ENUM_CONVERSION = YES;
				CLANG_WARN_INFINITE_RECURSION = YES;
				CLANG_WARN_INT_CONVERSION = YES;
				CLANG_WARN_NON_LITERAL_NULL_CONVERSION = YES;
				CLANG_WARN_OBJC_IMPLICIT_RETAIN_SELF = YES;
				CLANG_WARN_OBJC_LITERAL_CONVERSION = YES;
				CLANG_WARN_RANGE_LOOP_ANALYSIS = YES;
				CLANG_WARN_STRICT_PROTOTYPES = YES;
				CLANG_WARN_SUSPICIOUS_MOVE = YES;
				CLANG_WARN_UNREACHABLE_CODE = YES;
				CLANG_WARN__DUPLICATE_METHOD_MATCH = YES;
				COPY_PHASE_STRIP = NO;
				ENABLE_STRICT_OBJC_MSGSEND = YES;
				ENABLE_TESTABILITY = YES;
				GCC_C_LANGUAGE_STANDARD = gnu99;
				GCC_DYNAMIC_NO_PIC = NO;
				GCC_ENABLE_OBJC_EXCEPTIONS = YES;
				GCC_NO_COMMON_BLOCKS = YES;
				GCC_OPTIMIZATION_LEVEL = 0;
				GCC_PREPROCESSOR_DEFINITIONS = (
					"DEBUG=1",
					"$(inherited)",
				);
				GCC_SYMBOLS_PRIVATE_EXTERN = NO;
				GCC_WARN_64_TO_32_BIT_CONVERSION = YES;
				GCC_WARN_ABOUT_RETURN_TYPE = YES;
				GCC_WARN_UNDECLARED_SELECTOR = YES;
				GCC_WARN_UNINITIALIZED_AUTOS = YES;
				GCC_WARN_UNUSED_FUNCTION = YES;
				GCC_WARN_UNUSED_VARIABLE = YES;
				MACOSX_DEPLOYMENT_TARGET = 10.12;
				ONLY_ACTIVE_ARCH = YES;
				SDKROOT = macosx;
			};
			name = Debug;
		};
		64ED9A921647439300F39EAE /* Release */ = {
			isa = XCBuildConfiguration;
			buildSettings = {
				ALWAYS_SEARCH_USER_PATHS = NO;
				CLANG_CXX_LANGUAGE_STANDARD = "gnu++0x";
				CLANG_CXX_LIBRARY = "libc++";
				CLANG_ENABLE_OBJC_ARC = YES;
				CLANG_WARN_BLOCK_CAPTURE_AUTORELEASING = YES;
				CLANG_WARN_BOOL_CONVERSION = YES;
				CLANG_WARN_COMMA = YES;
				CLANG_WARN_CONSTANT_CONVERSION = YES;
				CLANG_WARN_DEPRECATED_OBJC_IMPLEMENTATIONS = YES;
				CLANG_WARN_EMPTY_BODY = YES;
				CLANG_WARN_ENUM_CONVERSION = YES;
				CLANG_WARN_INFINITE_RECURSION = YES;
				CLANG_WARN_INT_CONVERSION = YES;
				CLANG_WARN_NON_LITERAL_NULL_CONVERSION = YES;
				CLANG_WARN_OBJC_IMPLICIT_RETAIN_SELF = YES;
				CLANG_WARN_OBJC_LITERAL_CONVERSION = YES;
				CLANG_WARN_RANGE_LOOP_ANALYSIS = YES;
				CLANG_WARN_STRICT_PROTOTYPES = YES;
				CLANG_WARN_SUSPICIOUS_MOVE = YES;
				CLANG_WARN_UNREACHABLE_CODE = YES;
				CLANG_WARN__DUPLICATE_METHOD_MATCH = YES;
				COPY_PHASE_STRIP = YES;
				DEBUG_INFORMATION_FORMAT = "dwarf-with-dsym";
				ENABLE_STRICT_OBJC_MSGSEND = YES;
				GCC_C_LANGUAGE_STANDARD = gnu99;
				GCC_ENABLE_OBJC_EXCEPTIONS = YES;
				GCC_NO_COMMON_BLOCKS = YES;
				GCC_WARN_64_TO_32_BIT_CONVERSION = YES;
				GCC_WARN_ABOUT_RETURN_TYPE = YES;
				GCC_WARN_UNDECLARED_SELECTOR = YES;
				GCC_WARN_UNINITIALIZED_AUTOS = YES;
				GCC_WARN_UNUSED_FUNCTION = YES;
				GCC_WARN_UNUSED_VARIABLE = YES;
				MACOSX_DEPLOYMENT_TARGET = 10.12;
				SDKROOT = macosx;
			};
			name = Release;
		};
		64ED9A941647439300F39EAE /* Debug */ = {
			isa = XCBuildConfiguration;
			buildSettings = {
				ASSETCATALOG_COMPILER_APPICON_NAME = AppIcon;
				CODE_SIGN_ENTITLEMENTS = Entitlements.plist;
				CODE_SIGN_IDENTITY = "-";
				COMBINE_HIDPI_IMAGES = YES;
				CURRENT_PROJECT_VERSION = 53;
				DYLIB_INSTALL_NAME_BASE = "";
				FRAMEWORK_SEARCH_PATHS = "";
				GCC_PRECOMPILE_PREFIX_HEADER = YES;
				GCC_PREFIX_HEADER = "MaintenanceTool/MaintenanceTool-Prefix.pch";
				HEADER_SEARCH_PATHS = (
					"/usr/local/opt/openssl@1.1/include",
					"${HOME}/GitHub/tinycbor/src",
				);
				INFOPLIST_FILE = "MaintenanceTool/MaintenanceTool-Info.plist";
				LD_DYLIB_INSTALL_NAME = "";
				LIBRARY_SEARCH_PATHS = "$(PROJECT_DIR)";
				MACOSX_DEPLOYMENT_TARGET = 10.12;
				MARKETING_VERSION = 0.1.39;
				PRODUCT_BUNDLE_IDENTIFIER = jp.co.diverta.MaintenanceTool;
				PRODUCT_NAME = "$(TARGET_NAME)";
				WRAPPER_EXTENSION = app;
			};
			name = Debug;
		};
		64ED9A951647439300F39EAE /* Release */ = {
			isa = XCBuildConfiguration;
			buildSettings = {
				ASSETCATALOG_COMPILER_APPICON_NAME = AppIcon;
				CODE_SIGN_ENTITLEMENTS = Entitlements.plist;
				CODE_SIGN_IDENTITY = "-";
				COMBINE_HIDPI_IMAGES = YES;
				CURRENT_PROJECT_VERSION = 53;
				DEVELOPMENT_TEAM = "";
				DYLIB_INSTALL_NAME_BASE = "";
				FRAMEWORK_SEARCH_PATHS = "";
				GCC_PRECOMPILE_PREFIX_HEADER = YES;
				GCC_PREFIX_HEADER = "MaintenanceTool/MaintenanceTool-Prefix.pch";
				HEADER_SEARCH_PATHS = (
					"/usr/local/opt/openssl@1.1/include",
					"${HOME}/GitHub/tinycbor/src",
				);
				INFOPLIST_FILE = "MaintenanceTool/MaintenanceTool-Info.plist";
				LD_DYLIB_INSTALL_NAME = "";
				LIBRARY_SEARCH_PATHS = "$(PROJECT_DIR)";
				MACOSX_DEPLOYMENT_TARGET = 10.12;
				MARKETING_VERSION = 0.1.39;
				PRODUCT_BUNDLE_IDENTIFIER = jp.co.diverta.MaintenanceTool;
				PRODUCT_NAME = "$(TARGET_NAME)";
				PROVISIONING_PROFILE_SPECIFIER = "";
				WRAPPER_EXTENSION = app;
			};
			name = Release;
		};
/* End XCBuildConfiguration section */

/* Begin XCConfigurationList section */
		64ED9A6F1647439300F39EAE /* Build configuration list for PBXProject "MaintenanceTool" */ = {
			isa = XCConfigurationList;
			buildConfigurations = (
				64ED9A911647439300F39EAE /* Debug */,
				64ED9A921647439300F39EAE /* Release */,
			);
			defaultConfigurationIsVisible = 0;
			defaultConfigurationName = Release;
		};
		64ED9A931647439300F39EAE /* Build configuration list for PBXNativeTarget "MaintenanceTool" */ = {
			isa = XCConfigurationList;
			buildConfigurations = (
				64ED9A941647439300F39EAE /* Debug */,
				64ED9A951647439300F39EAE /* Release */,
			);
			defaultConfigurationIsVisible = 0;
			defaultConfigurationName = Release;
		};
/* End XCConfigurationList section */
	};
	rootObject = 64ED9A6C1647439300F39EAE /* Project object */;
}
